{
	"name": "@esri/solution-web-experience",
	"version": "0.22.7",
	"lockfileVersion": 1,
	"requires": true,
	"dependencies": {
		"@esri/arcgis-rest-auth": {
			"version": "3.0.3",
			"resolved": "https://registry.npmjs.org/@esri/arcgis-rest-auth/-/arcgis-rest-auth-3.0.3.tgz",
			"integrity": "sha512-Eiu6EqRj2rViLk1z3xAvTiwaJiOZm8GWs7Ffx0mMNSD/JaLQ7S2yisq5zJ2vW/uo+tPGMAhTS8mP/riidJlm6w==",
			"dev": true,
			"requires": {
				"@esri/arcgis-rest-types": "^3.0.3",
				"tslib": "^1.13.0"
			}
		},
		"@esri/arcgis-rest-feature-layer": {
			"version": "3.0.3",
			"resolved": "https://registry.npmjs.org/@esri/arcgis-rest-feature-layer/-/arcgis-rest-feature-layer-3.0.3.tgz",
			"integrity": "sha512-+QmyB3KLxyvLH6VjTNdGJB3agy99IcD/GDi44MZhYSoc7fI1XmEUhqhZWWJku7LZt0OJ/Vczi+AD7EUPNGG5Hw==",
			"dev": true,
			"requires": {
				"@esri/arcgis-rest-types": "^3.0.3",
				"tslib": "^1.13.0"
			}
		},
		"@esri/arcgis-rest-portal": {
			"version": "3.0.3",
			"resolved": "https://registry.npmjs.org/@esri/arcgis-rest-portal/-/arcgis-rest-portal-3.0.3.tgz",
			"integrity": "sha512-Vzl27/FxlX729KsB8L9gmjD6sUJZQjtnVIKqmK1n7DYJj7p16w4ys4GeDsTUfTej9SH3OSSKit3dSu3BSUsxOA==",
			"dev": true,
			"requires": {
				"@esri/arcgis-rest-types": "^3.0.3",
				"tslib": "^1.13.0"
			}
		},
		"@esri/arcgis-rest-request": {
			"version": "3.0.3",
			"resolved": "https://registry.npmjs.org/@esri/arcgis-rest-request/-/arcgis-rest-request-3.0.3.tgz",
			"integrity": "sha512-gUI7xi5fqxRWLSCUzuvgStlGlT2rdKYTPo2TTkQpcBsPdxw5fGt1VkCNl23UI2FfxjJC8PSDXsqqOcBa205SvA==",
			"dev": true,
			"requires": {
				"tslib": "^1.10.0"
			}
		},
		"@esri/arcgis-rest-service-admin": {
			"version": "3.0.3",
			"resolved": "https://registry.npmjs.org/@esri/arcgis-rest-service-admin/-/arcgis-rest-service-admin-3.0.3.tgz",
			"integrity": "sha512-ZRbCBh/A0RvJkzZKR5QIwpmYOn8Qq97mTd41JVTRcgrT1THcuZIYmCqT6qsDgOMZaihPG3uXfrYGuM383qExDQ==",
			"dev": true,
			"requires": {
				"@esri/arcgis-rest-types": "^3.0.3",
				"tslib": "^1.13.0"
			}
		},
		"@esri/arcgis-rest-types": {
			"version": "3.0.3",
			"resolved": "https://registry.npmjs.org/@esri/arcgis-rest-types/-/arcgis-rest-types-3.0.3.tgz",
			"integrity": "sha512-hsJn98WoM5i9Y/xmv0Sp87wd0aaokBpJ/2Z9p9VfCDjCEC9CW0YdVdjsID+HDZ1LE4PY9rgY17QhyQ4R90KzAw==",
			"dev": true
		},
		"@esri/hub-common": {
			"version": "7.3.0",
			"resolved": "https://registry.npmjs.org/@esri/hub-common/-/hub-common-7.3.0.tgz",
			"integrity": "sha512-fCUt0K6AQ6L21Tvg3AcZZXXUlj1bx+UfYmFFzqPXjOPXu89f6mru4qat/PB26przH9pVsWVt2naiR3RbkPB0sQ==",
			"dev": true,
			"requires": {
				"adlib": "^3.0.7",
				"tslib": "^1.13.0"
			}
		},
		"@esri/hub-initiatives": {
			"version": "7.3.0",
			"resolved": "https://registry.npmjs.org/@esri/hub-initiatives/-/hub-initiatives-7.3.0.tgz",
			"integrity": "sha512-YhkJrZJEe2g3wP7dSz+tkLlx17GpjFlrP10hwVEt6mLkWEMmnb+Ci5WYU9mnELOBXk1SeUfuUukFdSPV+YAupg==",
			"dev": true,
			"requires": {
				"tslib": "^1.13.0"
			}
		},
		"@types/estree": {
			"version": "0.0.46",
			"resolved": "https://registry.npmjs.org/@types/estree/-/estree-0.0.46.tgz",
			"integrity": "sha512-laIjwTQaD+5DukBZaygQ79K1Z0jb1bPEMRrkXSLjtCcZm+abyp5YbrqpSLzD42FwWW6gK/aS4NYpJ804nG2brg==",
			"dev": true
		},
		"@types/node": {
			"version": "14.14.31",
			"resolved": "https://registry.npmjs.org/@types/node/-/node-14.14.31.tgz",
			"integrity": "sha512-vFHy/ezP5qI0rFgJ7aQnjDXwAMrG0KqqIH7tQG5PPv3BWBayOPIQNBjVc/P6hhdZfMx51REc6tfDNXHUio893g==",
			"dev": true
		},
		"acorn": {
			"version": "7.4.1",
			"resolved": "https://registry.npmjs.org/acorn/-/acorn-7.4.1.tgz",
			"integrity": "sha512-nQyp0o1/mNdbTO1PO6kHkwSrmgZ0MT/jCCpNiwbUjGoRN4dlBhqJtoQuCnEOKzgTVwg0ZWiCoQy6SxMebQVh8A==",
			"dev": true
		},
		"adlib": {
			"version": "3.0.7",
			"resolved": "https://registry.npmjs.org/adlib/-/adlib-3.0.7.tgz",
			"integrity": "sha512-74ylfcwB7+fu+jqN6e3mBJrAWhWHI5l8icUKh8IhNhmezetLRaMBrxQKJZ+GgyrNxyW+0M12eUirY1RJ5HhWKg==",
			"dev": true,
			"requires": {
				"esm": "^3.2.25"
			}
		},
		"esm": {
			"version": "3.2.25",
			"resolved": "https://registry.npmjs.org/esm/-/esm-3.2.25.tgz",
			"integrity": "sha512-U1suiZ2oDVWv4zPO56S0NcR5QriEahGtdN2OR6FiOG4WJvcjBVFB0qI4+eKoWFH483PKGuLuu6V8Z4T5g63UVA==",
			"dev": true
		},
		"rollup": {
			"version": "1.32.1",
			"resolved": "https://registry.npmjs.org/rollup/-/rollup-1.32.1.tgz",
			"integrity": "sha512-/2HA0Ec70TvQnXdzynFffkjA6XN+1e2pEv/uKS5Ulca40g2L7KuOE3riasHoNVHOsFD5KKZgDsMk1CP3Tw9s+A==",
			"dev": true,
			"requires": {
				"@types/estree": "*",
				"@types/node": "*",
				"acorn": "^7.1.0"
			}
		},
		"tslib": {
			"version": "1.14.1",
			"resolved": "https://registry.npmjs.org/tslib/-/tslib-1.14.1.tgz",
			"integrity": "sha512-Xni35NKzjgMrwevysHTCArtLDpPvye8zV/0E4EyYn43P7/7qvQwPh9BGkHewbMulVntbigmcT7rdX3BNo9wRJg=="
		},
		"typescript": {
			"version": "4.1.5",
			"resolved": "https://registry.npmjs.org/typescript/-/typescript-4.1.5.tgz",
			"integrity": "sha512-6OSu9PTIzmn9TCDiovULTnET6BgXtDYL4Gg4szY+cGsc3JP1dQL8qvE8kShTRx1NIw4Q9IBHlwODjkjWEtMUyA==",
			"dev": true
		}
	}
}
