{
	"name": "@esri/solution-web-experience",
	"version": "0.20.18",
	"lockfileVersion": 1,
	"requires": true,
	"dependencies": {
		"@esri/arcgis-rest-auth": {
			"version": "2.22.0",
			"resolved": "https://registry.npmjs.org/@esri/arcgis-rest-auth/-/arcgis-rest-auth-2.22.0.tgz",
			"integrity": "sha512-Slbtl2CLr+cKl+NeLvdly9gIFXAsq3oAO49TmAIKLKLsNEfZeknOc/5w+rINmol3/SGwp7J8iWC8lOP3KEJsqQ==",
			"dev": true,
			"requires": {
				"@esri/arcgis-rest-types": "^2.22.0",
				"tslib": "^1.13.0"
			}
		},
		"@esri/arcgis-rest-feature-layer": {
			"version": "2.22.0",
			"resolved": "https://registry.npmjs.org/@esri/arcgis-rest-feature-layer/-/arcgis-rest-feature-layer-2.22.0.tgz",
			"integrity": "sha512-OS8iihG6xXK6zLn2i5W5Ca9YT6ONVSGe18MZ8ISeLApeHkcf3TaiUTG/tK9PGxfl/aVmCxAH8hR88F67CvZ3fQ==",
			"dev": true,
			"requires": {
				"@esri/arcgis-rest-types": "^2.22.0",
				"tslib": "^1.13.0"
			}
		},
		"@esri/arcgis-rest-portal": {
			"version": "2.22.0",
			"resolved": "https://registry.npmjs.org/@esri/arcgis-rest-portal/-/arcgis-rest-portal-2.22.0.tgz",
			"integrity": "sha512-2+9OI8YVqCOZfjAIxRYqSChRE/G3pGFuCzaD3ZZRq3J/wwk5MCgn9vyj+KfuEXetFnlLMUa+3jm+yn+2dCERIQ==",
			"dev": true,
			"requires": {
				"@esri/arcgis-rest-types": "^2.22.0",
				"tslib": "^1.13.0"
			}
		},
		"@esri/arcgis-rest-request": {
			"version": "2.22.0",
			"resolved": "https://registry.npmjs.org/@esri/arcgis-rest-request/-/arcgis-rest-request-2.22.0.tgz",
			"integrity": "sha512-urpZDsXnWCzX7zwvNf5C+GeJDNdug+0op6FLIXhp5q8L22BJLsEmN9B4tNpx3kQAF5P1c+Gp+k7W8oo8x19Kbw==",
			"dev": true,
			"requires": {
				"tslib": "^1.10.0"
			}
		},
		"@esri/arcgis-rest-service-admin": {
			"version": "2.22.0",
			"resolved": "https://registry.npmjs.org/@esri/arcgis-rest-service-admin/-/arcgis-rest-service-admin-2.22.0.tgz",
			"integrity": "sha512-YfrURy8TyY+7ddVcvEB0eqP5qmrcOWmQHGwDTuxIF7OI/GoLJDmm8QIovRjRdw/DmtCEjGrPD/SplVZ3hCbtGQ==",
			"dev": true,
			"requires": {
				"@esri/arcgis-rest-types": "^2.22.0",
				"tslib": "^1.13.0"
			}
		},
		"@esri/arcgis-rest-types": {
			"version": "2.22.0",
			"resolved": "https://registry.npmjs.org/@esri/arcgis-rest-types/-/arcgis-rest-types-2.22.0.tgz",
			"integrity": "sha512-hnrr25q/4aJWPRKYG/9FZV6YZUeQQVrl27ExAiOuW+CDZrUpc4ZupB/oaRPXxvAgYqNt31nEk6s8gjv2O/kCdQ==",
			"dev": true
		},
		"@esri/hub-common": {
			"version": "6.19.0",
			"resolved": "https://registry.npmjs.org/@esri/hub-common/-/hub-common-6.19.0.tgz",
			"integrity": "sha512-8Mpf/wNfRDdASWlTln/iMnPXykvJTAQPQ6ijLADT5K3TXNwHZ++N3QuKiLmzNp390dLJWFzXD/SGNvKc04JK3Q==",
			"dev": true,
			"requires": {
				"adlib": "3.0.6",
				"tslib": "^1.13.0"
			}
		},
		"@esri/hub-initiatives": {
			"version": "6.19.0",
			"resolved": "https://registry.npmjs.org/@esri/hub-initiatives/-/hub-initiatives-6.19.0.tgz",
			"integrity": "sha512-J93GiF+hfZvu26XwY9eY1KfVfMPF4fFqecoY8q7t/KNyY12dhCb8KZLdBbmMGwCaSa4jwQeOwNTj/7ftJ1KUnw==",
			"dev": true,
			"requires": {
				"tslib": "^1.13.0"
			}
		},
		"@types/estree": {
			"version": "0.0.45",
			"resolved": "https://registry.npmjs.org/@types/estree/-/estree-0.0.45.tgz",
			"integrity": "sha512-jnqIUKDUqJbDIUxm0Uj7bnlMnRm1T/eZ9N+AVMqhPgzrba2GhGG5o/jCTwmdPK709nEZsGoMzXEDUjcXHa3W0g==",
			"dev": true
		},
		"@types/node": {
			"version": "14.14.8",
			"resolved": "https://registry.npmjs.org/@types/node/-/node-14.14.8.tgz",
			"integrity": "sha512-z/5Yd59dCKI5kbxauAJgw6dLPzW+TNOItNE00PkpzNwUIEwdj/Lsqwq94H5DdYBX7C13aRA0CY32BK76+neEUA==",
			"dev": true
		},
		"acorn": {
			"version": "7.4.1",
			"resolved": "https://registry.npmjs.org/acorn/-/acorn-7.4.1.tgz",
			"integrity": "sha512-nQyp0o1/mNdbTO1PO6kHkwSrmgZ0MT/jCCpNiwbUjGoRN4dlBhqJtoQuCnEOKzgTVwg0ZWiCoQy6SxMebQVh8A==",
			"dev": true
		},
		"adlib": {
			"version": "3.0.6",
			"resolved": "https://registry.npmjs.org/adlib/-/adlib-3.0.6.tgz",
			"integrity": "sha512-eqMyMSF5T6r9+Hod3iZBQPdqLhyM5tiVh/9OZPozz7wC88EsLSqOBnvw31LDqEW3hglz/65+wA9EIO2zki8UaQ==",
			"dev": true,
			"requires": {
				"esm": "^3.2.25"
			}
		},
		"esm": {
			"version": "3.2.25",
			"resolved": "https://registry.npmjs.org/esm/-/esm-3.2.25.tgz",
			"integrity": "sha512-U1suiZ2oDVWv4zPO56S0NcR5QriEahGtdN2OR6FiOG4WJvcjBVFB0qI4+eKoWFH483PKGuLuu6V8Z4T5g63UVA==",
			"dev": true
		},
		"rollup": {
			"version": "1.32.1",
			"resolved": "https://registry.npmjs.org/rollup/-/rollup-1.32.1.tgz",
			"integrity": "sha512-/2HA0Ec70TvQnXdzynFffkjA6XN+1e2pEv/uKS5Ulca40g2L7KuOE3riasHoNVHOsFD5KKZgDsMk1CP3Tw9s+A==",
			"dev": true,
			"requires": {
				"@types/estree": "*",
				"@types/node": "*",
				"acorn": "^7.1.0"
			}
		},
		"tslib": {
			"version": "1.14.1",
			"resolved": "https://registry.npmjs.org/tslib/-/tslib-1.14.1.tgz",
			"integrity": "sha512-Xni35NKzjgMrwevysHTCArtLDpPvye8zV/0E4EyYn43P7/7qvQwPh9BGkHewbMulVntbigmcT7rdX3BNo9wRJg=="
		},
		"typescript": {
			"version": "3.9.7",
			"resolved": "https://registry.npmjs.org/typescript/-/typescript-3.9.7.tgz",
			"integrity": "sha512-BLbiRkiBzAwsjut4x/dsibSTB6yWpwT5qWmC2OfuCg3GgVQCSgMs4vEctYPhsaGtd0AeuuHMkjZ2h2WG8MSzRw==",
			"dev": true
		}
	}
}
