{
  "name": "@esri/solution-creator",
  "version": "4.1.2-alpha.0",
  "lockfileVersion": 3,
  "requires": true,
  "packages": {
    "": {
      "name": "@esri/solution-creator",
      "version": "4.1.2-alpha.0",
      "license": "Apache-2.0",
      "dependencies": {
        "@esri/arcgis-rest-types": "^3.6.0",
        "tslib": "1.14.1"
      },
      "devDependencies": {
        "@esri/arcgis-rest-auth": "^3.6.0",
        "@esri/arcgis-rest-feature-layer": "^3.6.0",
        "@esri/arcgis-rest-portal": "^3.6.0",
        "@esri/arcgis-rest-request": "^3.6.0",
        "@esri/arcgis-rest-service-admin": "^3.6.0",
        "@esri/hub-common": "^13.4.1",
        "@esri/hub-initiatives": "^13.0.0",
        "@esri/hub-sites": "^13.0.1",
        "@esri/hub-teams": "^13.0.0",
        "rollup": "2.79.1",
        "sinon": "^15.2.0"
      }
    },
    "../common": {
      "name": "@esri/solution-common",
      "version": "4.0.0",
      "extraneous": true,
      "license": "Apache-2.0",
      "dependencies": {
        "@esri/arcgis-html-sanitizer": "3.0.1",
        "@types/lodash.isplainobject": "^4.0.7",
        "adlib": "3.0.7",
        "jszip": "3.10.1",
        "lodash.isplainobject": "^4.0.6",
        "tslib": "1.14.1",
        "xss": "^1.0.14"
      },
      "devDependencies": {
        "@esri/arcgis-rest-auth": "~3.5.0",
        "@esri/arcgis-rest-feature-layer": "~3.5.0",
        "@esri/arcgis-rest-portal": "~3.5.0",
        "@esri/arcgis-rest-request": "~3.5.0",
        "@esri/arcgis-rest-service-admin": "~3.5.0",
        "@esri/hub-common": "^13.0.0",
        "@esri/hub-initiatives": "^13.0.0",
        "@esri/hub-sites": "^13.0.0",
        "@esri/hub-teams": "^13.0.0",
        "@types/adlib": "^3.0.1",
        "rollup": "2.79.1",
        "sinon": "^15.1.0"
      }
    },
    "../feature-layer": {
      "name": "@esri/solution-feature-layer",
      "version": "4.0.0",
      "extraneous": true,
      "license": "Apache-2.0",
      "dependencies": {
        "tslib": "1.14.1"
      },
      "devDependencies": {
        "@esri/arcgis-rest-auth": "~3.5.0",
        "@esri/arcgis-rest-feature-layer": "~3.5.0",
        "@esri/arcgis-rest-portal": "~3.5.0",
        "@esri/arcgis-rest-request": "~3.5.0",
        "@esri/arcgis-rest-service-admin": "~3.5.0",
        "@esri/hub-common": "^13.0.0",
        "@esri/hub-initiatives": "^13.0.0",
        "@esri/hub-sites": "^13.0.0",
        "@esri/hub-teams": "^13.0.0",
        "rollup": "2.79.1"
      }
    },
    "../file": {
      "name": "@esri/solution-file",
      "version": "4.0.0",
      "extraneous": true,
      "license": "Apache-2.0",
      "dependencies": {
        "tslib": "1.14.1"
      },
      "devDependencies": {
        "@esri/arcgis-rest-auth": "~3.5.0",
        "@esri/arcgis-rest-feature-layer": "~3.5.0",
        "@esri/arcgis-rest-portal": "~3.5.0",
        "@esri/arcgis-rest-request": "~3.5.0",
        "@esri/arcgis-rest-service-admin": "~3.5.0",
        "@esri/hub-common": "^13.0.0",
        "@esri/hub-initiatives": "^13.0.0",
        "@esri/hub-sites": "^13.0.0",
        "@esri/hub-teams": "^13.0.0",
        "rollup": "2.79.1"
      }
    },
    "../form": {
      "name": "@esri/solution-form",
      "version": "4.0.0",
      "extraneous": true,
      "license": "Apache-2.0",
      "dependencies": {
        "tslib": "1.14.1"
      },
      "devDependencies": {
        "@esri/arcgis-rest-auth": "~3.5.0",
        "@esri/arcgis-rest-feature-layer": "~3.5.0",
        "@esri/arcgis-rest-portal": "~3.5.0",
        "@esri/arcgis-rest-request": "~3.5.0",
        "@esri/arcgis-rest-service-admin": "~3.5.0",
        "@esri/hub-common": "^13.0.0",
        "@esri/hub-initiatives": "^13.0.0",
        "@esri/hub-sites": "^13.0.0",
        "@esri/hub-teams": "^13.0.0",
        "rollup": "2.79.1"
      }
    },
    "../group": {
      "name": "@esri/solution-group",
      "version": "4.0.0",
      "extraneous": true,
      "license": "Apache-2.0",
      "dependencies": {
        "tslib": "1.14.1"
      },
      "devDependencies": {
        "@esri/arcgis-rest-auth": "~3.5.0",
        "@esri/arcgis-rest-feature-layer": "~3.5.0",
        "@esri/arcgis-rest-portal": "~3.5.0",
        "@esri/arcgis-rest-request": "~3.5.0",
        "@esri/arcgis-rest-service-admin": "~3.5.0",
        "@esri/hub-common": "^13.0.0",
        "@esri/hub-initiatives": "^13.0.0",
        "@esri/hub-sites": "^13.0.0",
        "@esri/hub-teams": "^13.0.0",
        "rollup": "2.79.1"
      }
    },
    "../hub-types": {
      "name": "@esri/solution-hub-types",
      "version": "4.0.0",
      "extraneous": true,
      "license": "Apache-2.0",
      "dependencies": {
        "tslib": "1.14.1"
      },
      "devDependencies": {
        "@esri/arcgis-rest-auth": "~3.5.0",
        "@esri/arcgis-rest-feature-layer": "~3.5.0",
        "@esri/arcgis-rest-portal": "~3.5.0",
        "@esri/arcgis-rest-request": "~3.5.0",
        "@esri/arcgis-rest-service-admin": "~3.5.0",
        "@esri/hub-common": "^13.0.0",
        "@esri/hub-initiatives": "^13.0.0",
        "@esri/hub-sites": "^13.0.0",
        "@esri/hub-teams": "^13.0.0",
        "rollup": "2.79.1"
      }
    },
    "../simple-types": {
      "name": "@esri/solution-simple-types",
      "version": "4.0.0",
      "extraneous": true,
      "license": "Apache-2.0",
      "dependencies": {
        "tslib": "1.14.1"
      },
      "devDependencies": {
        "@esri/arcgis-rest-auth": "~3.5.0",
        "@esri/arcgis-rest-feature-layer": "~3.5.0",
        "@esri/arcgis-rest-portal": "~3.5.0",
        "@esri/arcgis-rest-request": "~3.5.0",
        "@esri/arcgis-rest-service-admin": "~3.5.0",
        "@esri/hub-common": "^13.0.0",
        "@esri/hub-sites": "^13.0.0",
        "@esri/hub-teams": "^13.0.0",
        "rollup": "2.79.1"
      }
    },
    "../storymap": {
      "name": "@esri/solution-storymap",
      "version": "4.0.0",
      "extraneous": true,
      "license": "Apache-2.0",
      "dependencies": {
        "tslib": "1.14.1"
      },
      "devDependencies": {
        "@esri/arcgis-rest-auth": "~3.5.0",
        "@esri/arcgis-rest-feature-layer": "~3.5.0",
        "@esri/arcgis-rest-portal": "~3.5.0",
        "@esri/arcgis-rest-request": "~3.5.0",
        "@esri/hub-common": "^13.0.0",
        "rollup": "2.79.1"
      }
    },
    "../velocity": {
      "name": "@esri/solution-velocity",
      "version": "4.0.0",
      "extraneous": true,
      "license": "Apache-2.0",
      "dependencies": {
        "tslib": "1.14.1"
      },
      "devDependencies": {
        "@esri/arcgis-rest-auth": "~3.5.0",
        "@esri/arcgis-rest-feature-layer": "~3.5.0",
        "@esri/arcgis-rest-portal": "~3.5.0",
        "@esri/arcgis-rest-request": "~3.5.0",
        "@esri/arcgis-rest-service-admin": "~3.5.0",
        "@esri/hub-common": "^13.0.0",
        "@esri/hub-initiatives": "^13.0.0",
        "@esri/hub-sites": "^13.0.0",
        "@esri/hub-teams": "^13.0.0",
        "rollup": "2.79.1"
      }
    },
    "../web-experience": {
      "name": "@esri/solution-web-experience",
      "version": "4.0.0",
      "extraneous": true,
      "license": "Apache-2.0",
      "dependencies": {
        "tslib": "1.14.1"
      },
      "devDependencies": {
        "@esri/arcgis-rest-auth": "~3.5.0",
        "@esri/arcgis-rest-feature-layer": "~3.5.0",
        "@esri/arcgis-rest-portal": "~3.5.0",
        "@esri/arcgis-rest-request": "~3.5.0",
        "@esri/arcgis-rest-service-admin": "~3.5.0",
        "@esri/hub-common": "^13.0.0",
        "@esri/hub-initiatives": "^13.0.0",
        "rollup": "2.79.1"
      }
    },
    "node_modules/@esri/arcgis-rest-auth": {
      "version": "3.6.0",
      "resolved": "https://registry.npmjs.org/@esri/arcgis-rest-auth/-/arcgis-rest-auth-3.6.0.tgz",
      "integrity": "sha512-rr7Lv9HAmwTI8UnDGQer5mt1S4LlgTKyD9loQ6WqXn/wdo2y29pUVTWafcOejftnidfZxkkKOhZ/eh7YCKGmZg==",
      "dev": true,
      "dependencies": {
        "@esri/arcgis-rest-types": "^3.6.0",
        "tslib": "^1.13.0"
      },
      "peerDependencies": {
        "@esri/arcgis-rest-request": "^3.0.0"
      }
    },
    "node_modules/@esri/arcgis-rest-feature-layer": {
      "version": "3.6.0",
      "resolved": "https://registry.npmjs.org/@esri/arcgis-rest-feature-layer/-/arcgis-rest-feature-layer-3.6.0.tgz",
      "integrity": "sha512-a5BywhJpqzpJIszrXZNDcKdRt9fqGXc/Y60TqS/mVVg0tJIu5Q4VpQQzK4cMkP3D3tFmj7VB2xLBWAzpH7aYVA==",
      "dev": true,
      "dependencies": {
        "@esri/arcgis-rest-types": "^3.6.0",
        "tslib": "^1.13.0"
      },
      "peerDependencies": {
        "@esri/arcgis-rest-auth": "^3.0.0",
        "@esri/arcgis-rest-request": "^3.0.0"
      }
    },
    "node_modules/@esri/arcgis-rest-portal": {
      "version": "3.6.0",
      "resolved": "https://registry.npmjs.org/@esri/arcgis-rest-portal/-/arcgis-rest-portal-3.6.0.tgz",
      "integrity": "sha512-TPLcbQn+PfKqGlkCvlDYs2AQs7KdTKnM17AhGytnQkqYamNlhkZMAlgC4qq5/H7URTIqlQx52fx/OOfTfO0ABw==",
      "dev": true,
      "dependencies": {
        "@esri/arcgis-rest-types": "^3.6.0",
        "tslib": "^1.13.0"
      },
      "peerDependencies": {
        "@esri/arcgis-rest-auth": "^3.0.0",
        "@esri/arcgis-rest-request": "^3.0.0"
      }
    },
    "node_modules/@esri/arcgis-rest-request": {
      "version": "3.6.0",
      "resolved": "https://registry.npmjs.org/@esri/arcgis-rest-request/-/arcgis-rest-request-3.6.0.tgz",
      "integrity": "sha512-JDFx1ZjheFUfW/YXWQ0DwxgIwPdQFBtIl5+Bvee4cyCmhxpO1/b82tv7nOLRMnMYBkC2aKRCgpAwkecaJZDpdw==",
      "dev": true,
      "dependencies": {
        "tslib": "^1.10.0"
      }
    },
    "node_modules/@esri/arcgis-rest-service-admin": {
      "version": "3.6.0",
      "resolved": "https://registry.npmjs.org/@esri/arcgis-rest-service-admin/-/arcgis-rest-service-admin-3.6.0.tgz",
      "integrity": "sha512-J00nkFUOsH+exfs+FOTd3xteBCQRkxahT1qtSwnabA4CvbPvAE1J1glsnXvFu0zjP863wvro7h7zuCpGBhADhQ==",
      "dev": true,
      "dependencies": {
        "@esri/arcgis-rest-types": "^3.6.0",
        "tslib": "^1.13.0"
      },
      "peerDependencies": {
        "@esri/arcgis-rest-auth": "^3.0.0",
        "@esri/arcgis-rest-portal": "^3.0.0",
        "@esri/arcgis-rest-request": "^3.0.0"
      }
    },
    "node_modules/@esri/arcgis-rest-types": {
      "version": "3.6.0",
      "license": "Apache-2.0"
    },
    "node_modules/@esri/hub-common": {
      "version": "13.4.1",
      "resolved": "https://registry.npmjs.org/@esri/hub-common/-/hub-common-13.4.1.tgz",
      "integrity": "sha512-izJjE5urPHt1gfT9e9HTZhblp2fZaFQUtBT7ZtsTCtqC5jzYQl5CQZ8rf8NnotxCaYGzkIW+97Ras9uU2WZZFw==",
      "dev": true,
      "dependencies": {
        "abab": "^2.0.5",
        "adlib": "^3.0.8",
        "ajv": "^6.12.6",
        "fast-xml-parser": "^3.21.0",
        "json-schema-typed": "^7.0.3",
        "jsonapi-typescript": "^0.1.3",
        "tslib": "^1.13.0"
      },
      "peerDependencies": {
        "@esri/arcgis-rest-auth": "^2.14.0 || 3",
        "@esri/arcgis-rest-feature-layer": "^3.2.0",
        "@esri/arcgis-rest-portal": "^2.18.0 || 3",
        "@esri/arcgis-rest-request": "^2.14.0 || 3",
        "@esri/arcgis-rest-types": "^2.15.0 || 3"
      }
    },
    "node_modules/@esri/hub-initiatives": {
      "version": "13.0.0",
      "dev": true,
      "license": "Apache-2.0",
      "dependencies": {
        "tslib": "^1.13.0"
      },
      "peerDependencies": {
        "@esri/arcgis-rest-auth": "^2.13.0 || 3",
        "@esri/arcgis-rest-portal": "^2.13.0 || 3",
        "@esri/arcgis-rest-request": "^2.13.0 || 3",
        "@esri/hub-common": "^13"
      }
    },
    "node_modules/@esri/hub-sites": {
      "version": "13.0.1",
      "resolved": "https://registry.npmjs.org/@esri/hub-sites/-/hub-sites-13.0.1.tgz",
      "integrity": "sha512-B7brxCm3eEtD+shDGEgnKR06SI5BmnNZyuKjcKC8Q8dKC4XahDHWPvreadObyTn3U5EGeHv+khHm3FXqkMy3xQ==",
      "dev": true,
      "dependencies": {
        "tslib": "^1.13.0"
      },
      "peerDependencies": {
        "@esri/arcgis-rest-auth": "^2.13.0 || 3",
        "@esri/arcgis-rest-portal": "^2.19.0 || 3",
        "@esri/arcgis-rest-request": "^2.13.0 || 3",
        "@esri/hub-common": "^13",
        "@esri/hub-initiatives": "^13.0.0",
        "@esri/hub-teams": "^13.0.0"
      }
    },
    "node_modules/@esri/hub-teams": {
      "version": "13.0.0",
      "dev": true,
      "license": "Apache-2.0",
      "dependencies": {
        "tslib": "^1.13.0"
      },
      "peerDependencies": {
        "@esri/arcgis-rest-auth": "^2.13.0 || 3",
        "@esri/arcgis-rest-portal": "^2.15.0 || 3",
        "@esri/arcgis-rest-request": "^2.13.0 || 3",
        "@esri/arcgis-rest-types": "^2.13.0 || 3",
        "@esri/hub-common": "^12.4.0 || 13"
      }
    },
    "node_modules/@sinonjs/commons": {
      "version": "3.0.0",
      "resolved": "https://registry.npmjs.org/@sinonjs/commons/-/commons-3.0.0.tgz",
      "integrity": "sha512-jXBtWAF4vmdNmZgD5FoKsVLv3rPgDnLgPbU84LIJ3otV44vJlDRokVng5v8NFJdCf/da9legHcKaRuZs4L7faA==",
      "dev": true,
      "dependencies": {
        "type-detect": "4.0.8"
      }
    },
    "node_modules/@sinonjs/fake-timers": {
      "version": "10.3.0",
      "resolved": "https://registry.npmjs.org/@sinonjs/fake-timers/-/fake-timers-10.3.0.tgz",
      "integrity": "sha512-V4BG07kuYSUkTCSBHG8G8TNhM+F19jXFWnQtzj+we8DrkpSBCee9Z3Ms8yiGer/dlmhe35/Xdgyo3/0rQKg7YA==",
      "dev": true,
      "dependencies": {
        "@sinonjs/commons": "^3.0.0"
      }
    },
    "node_modules/@sinonjs/samsam": {
      "version": "8.0.0",
      "resolved": "https://registry.npmjs.org/@sinonjs/samsam/-/samsam-8.0.0.tgz",
      "integrity": "sha512-Bp8KUVlLp8ibJZrnvq2foVhP0IVX2CIprMJPK0vqGqgrDa0OHVKeZyBykqskkrdxV6yKBPmGasO8LVjAKR3Gew==",
      "dev": true,
      "dependencies": {
        "@sinonjs/commons": "^2.0.0",
        "lodash.get": "^4.4.2",
        "type-detect": "^4.0.8"
      }
    },
    "node_modules/@sinonjs/samsam/node_modules/@sinonjs/commons": {
      "version": "2.0.0",
      "resolved": "https://registry.npmjs.org/@sinonjs/commons/-/commons-2.0.0.tgz",
      "integrity": "sha512-uLa0j859mMrg2slwQYdO/AkrOfmH+X6LTVmNTS9CqexuE2IvVORIkSpJLqePAbEnKJ77aMmCwr1NUZ57120Xcg==",
      "dev": true,
      "dependencies": {
        "type-detect": "4.0.8"
      }
    },
    "node_modules/@sinonjs/text-encoding": {
      "version": "0.7.2",
      "resolved": "https://registry.npmjs.org/@sinonjs/text-encoding/-/text-encoding-0.7.2.tgz",
      "integrity": "sha512-sXXKG+uL9IrKqViTtao2Ws6dy0znu9sOaP1di/jKGW1M6VssO8vlpXCQcpZ+jisQ1tTFAC5Jo/EOzFbggBagFQ==",
      "dev": true
    },
    "node_modules/abab": {
      "version": "2.0.6",
      "dev": true,
      "license": "BSD-3-Clause"
    },
    "node_modules/adlib": {
      "version": "3.0.8",
      "dev": true,
      "license": "Apache-2.0",
      "dependencies": {
        "esm": "^3.2.25"
      }
    },
    "node_modules/ajv": {
      "version": "6.12.6",
      "dev": true,
      "license": "MIT",
      "dependencies": {
        "fast-deep-equal": "^3.1.1",
        "fast-json-stable-stringify": "^2.0.0",
        "json-schema-traverse": "^0.4.1",
        "uri-js": "^4.2.2"
      },
      "funding": {
        "type": "github",
        "url": "https://github.com/sponsors/epoberezkin"
      }
    },
    "node_modules/diff": {
      "version": "5.1.0",
      "resolved": "https://registry.npmjs.org/diff/-/diff-5.1.0.tgz",
      "integrity": "sha512-D+mk+qE8VC/PAUrlAU34N+VfXev0ghe5ywmpqrawphmVZc1bEfn56uo9qpyGp1p4xpzOHkSW4ztBd6L7Xx4ACw==",
      "dev": true,
      "engines": {
        "node": ">=0.3.1"
      }
    },
    "node_modules/esm": {
      "version": "3.2.25",
      "dev": true,
      "license": "MIT",
      "engines": {
        "node": ">=6"
      }
    },
    "node_modules/fast-deep-equal": {
      "version": "3.1.3",
      "dev": true,
      "license": "MIT"
    },
    "node_modules/fast-json-stable-stringify": {
      "version": "2.1.0",
      "dev": true,
      "license": "MIT"
    },
    "node_modules/fast-xml-parser": {
      "version": "3.21.1",
      "dev": true,
      "license": "MIT",
      "dependencies": {
        "strnum": "^1.0.4"
      },
      "bin": {
        "xml2js": "cli.js"
      },
      "funding": {
        "type": "paypal",
        "url": "https://paypal.me/naturalintelligence"
      }
    },
    "node_modules/has-flag": {
      "version": "4.0.0",
      "resolved": "https://registry.npmjs.org/has-flag/-/has-flag-4.0.0.tgz",
      "integrity": "sha512-EykJT/Q1KjTWctppgIAgfSO0tKVuZUjhgMr17kqTumMl6Afv3EISleU7qZUzoXDFTAHTDC4NOoG/ZxU3EvlMPQ==",
      "dev": true,
      "engines": {
        "node": ">=8"
      }
    },
    "node_modules/isarray": {
      "version": "0.0.1",
      "resolved": "https://registry.npmjs.org/isarray/-/isarray-0.0.1.tgz",
      "integrity": "sha512-D2S+3GLxWH+uhrNEcoh/fnmYeP8E8/zHl644d/jdA0g2uyXvy3sb0qxotE+ne0LtccHknQzWwZEzhak7oJ0COQ==",
      "dev": true
    },
    "node_modules/json-schema-traverse": {
      "version": "0.4.1",
      "dev": true,
      "license": "MIT"
    },
    "node_modules/json-schema-typed": {
      "version": "7.0.3",
      "dev": true,
      "license": "BSD-2-Clause"
    },
    "node_modules/json-typescript": {
      "version": "1.1.2",
      "dev": true,
      "license": "MIT"
    },
    "node_modules/jsonapi-typescript": {
      "version": "0.1.3",
      "dev": true,
      "license": "MIT",
      "dependencies": {
        "json-typescript": "^1.0.0"
      }
    },
    "node_modules/just-extend": {
      "version": "4.2.1",
      "resolved": "https://registry.npmjs.org/just-extend/-/just-extend-4.2.1.tgz",
      "integrity": "sha512-g3UB796vUFIY90VIv/WX3L2c8CS2MdWUww3CNrYmqza1Fg0DURc2K/O4YrnklBdQarSJ/y8JnJYDGc+1iumQjg==",
      "dev": true
    },
    "node_modules/lodash.get": {
      "version": "4.4.2",
      "resolved": "https://registry.npmjs.org/lodash.get/-/lodash.get-4.4.2.tgz",
      "integrity": "sha512-z+Uw/vLuy6gQe8cfaFWD7p0wVv8fJl3mbzXh33RS+0oW2wvUqiRXiQ69gLWSLpgB5/6sU+r6BlQR0MBILadqTQ==",
      "dev": true
    },
    "node_modules/nise": {
      "version": "5.1.4",
      "resolved": "https://registry.npmjs.org/nise/-/nise-5.1.4.tgz",
      "integrity": "sha512-8+Ib8rRJ4L0o3kfmyVCL7gzrohyDe0cMFTBa2d364yIrEGMEoetznKJx899YxjybU6bL9SQkYPSBBs1gyYs8Xg==",
      "dev": true,
      "dependencies": {
        "@sinonjs/commons": "^2.0.0",
        "@sinonjs/fake-timers": "^10.0.2",
        "@sinonjs/text-encoding": "^0.7.1",
        "just-extend": "^4.0.2",
        "path-to-regexp": "^1.7.0"
      }
    },
    "node_modules/nise/node_modules/@sinonjs/commons": {
      "version": "2.0.0",
      "resolved": "https://registry.npmjs.org/@sinonjs/commons/-/commons-2.0.0.tgz",
      "integrity": "sha512-uLa0j859mMrg2slwQYdO/AkrOfmH+X6LTVmNTS9CqexuE2IvVORIkSpJLqePAbEnKJ77aMmCwr1NUZ57120Xcg==",
      "dev": true,
      "dependencies": {
        "type-detect": "4.0.8"
      }
    },
    "node_modules/path-to-regexp": {
      "version": "1.8.0",
      "resolved": "https://registry.npmjs.org/path-to-regexp/-/path-to-regexp-1.8.0.tgz",
      "integrity": "sha512-n43JRhlUKUAlibEJhPeir1ncUID16QnEjNpwzNdO3Lm4ywrBpBZ5oLD0I6br9evr1Y9JTqwRtAh7JLoOzAQdVA==",
      "dev": true,
      "dependencies": {
        "isarray": "0.0.1"
      }
    },
    "node_modules/punycode": {
      "version": "2.3.0",
      "dev": true,
      "license": "MIT",
      "engines": {
        "node": ">=6"
      }
    },
    "node_modules/rollup": {
      "version": "2.79.1",
      "dev": true,
      "license": "MIT",
      "bin": {
        "rollup": "dist/bin/rollup"
      },
      "engines": {
        "node": ">=10.0.0"
      },
      "optionalDependencies": {
        "fsevents": "~2.3.2"
      }
    },
    "node_modules/sinon": {
      "version": "15.2.0",
      "resolved": "https://registry.npmjs.org/sinon/-/sinon-15.2.0.tgz",
      "integrity": "sha512-nPS85arNqwBXaIsFCkolHjGIkFo+Oxu9vbgmBJizLAhqe6P2o3Qmj3KCUoRkfhHtvgDhZdWD3risLHAUJ8npjw==",
      "dev": true,
      "dependencies": {
        "@sinonjs/commons": "^3.0.0",
        "@sinonjs/fake-timers": "^10.3.0",
        "@sinonjs/samsam": "^8.0.0",
        "diff": "^5.1.0",
        "nise": "^5.1.4",
        "supports-color": "^7.2.0"
      },
      "funding": {
        "type": "opencollective",
        "url": "https://opencollective.com/sinon"
      }
    },
    "node_modules/strnum": {
      "version": "1.0.5",
      "dev": true,
      "license": "MIT"
    },
    "node_modules/supports-color": {
      "version": "7.2.0",
      "resolved": "https://registry.npmjs.org/supports-color/-/supports-color-7.2.0.tgz",
      "integrity": "sha512-qpCAvRl9stuOHveKsn7HncJRvv501qIacKzQlO/+Lwxc9+0q2wLyv4Dfvt80/DPn2pqOBsJdDiogXGR9+OvwRw==",
      "dev": true,
      "dependencies": {
        "has-flag": "^4.0.0"
      },
      "engines": {
        "node": ">=8"
      }
    },
    "node_modules/tslib": {
      "version": "1.14.1",
      "license": "0BSD"
    },
    "node_modules/type-detect": {
      "version": "4.0.8",
      "resolved": "https://registry.npmjs.org/type-detect/-/type-detect-4.0.8.tgz",
      "integrity": "sha512-0fr/mIH1dlO+x7TlcMy+bIDqKPsw/70tVyeHW787goQjhmqaZe10uwLujubK9q9Lg6Fiho1KUKDYz0Z7k7g5/g==",
      "dev": true,
      "engines": {
        "node": ">=4"
      }
    },
    "node_modules/uri-js": {
      "version": "4.4.1",
      "dev": true,
      "license": "BSD-2-Clause",
      "dependencies": {
        "punycode": "^2.1.0"
      }
    }
  }
}
