{
	"requires": true,
	"lockfileVersion": 1,
	"dependencies": {
		"@esri/arcgis-rest-auth": {
			"version": "1.17.1",
			"resolved": "https://registry.npmjs.org/@esri/arcgis-rest-auth/-/arcgis-rest-auth-1.17.1.tgz",
			"integrity": "sha512-vmkNBqs+a5ulpZBZqueMJyzqvrHcOzCmUR1HgJ/o9QqvybRb4yOaAIs7zLcyuTEa0Dhw++MgYMwFEqsbeQnngQ==",
			"requires": {
				"tslib": "^1.9.3"
			}
		},
		"@esri/arcgis-rest-common-types": {
			"version": "1.17.1",
			"resolved": "https://registry.npmjs.org/@esri/arcgis-rest-common-types/-/arcgis-rest-common-types-1.17.1.tgz",
			"integrity": "sha512-0gucVcye6l8u8P+OebhYa0sqBpjD3ZDHDtgU/jYCKs2jr99n5aQHDkWDerx4P/VjnwtbMGri229SSf51B/NPzQ=="
		},
		"@esri/arcgis-rest-feature-service-admin": {
			"version": "1.17.1",
			"resolved": "https://registry.npmjs.org/@esri/arcgis-rest-feature-service-admin/-/arcgis-rest-feature-service-admin-1.17.1.tgz",
			"integrity": "sha512-L7oGzx4df39NmQ8LTDsFf73R/z9y/HPFQm/hiJUhwVWXmjAkZnPN09C/u8PsZzKk+NVUXf32WHI4Xv4Lp9lGCg==",
			"requires": {
				"tslib": "^1.9.3"
			}
		},
		"@esri/arcgis-rest-groups": {
			"version": "1.17.1",
			"resolved": "https://registry.npmjs.org/@esri/arcgis-rest-groups/-/arcgis-rest-groups-1.17.1.tgz",
			"integrity": "sha512-MPgsb8mlHGovbC78Yl0j7qfVM5CkWurlLq/RCfDAA0yo/HbRjsXCPiNT3XhJ8XwDyRInoZ60Fu6NAkQHf2fB8w==",
			"requires": {
				"tslib": "^1.9.3"
			}
		},
		"@esri/arcgis-rest-items": {
			"version": "1.17.1",
			"resolved": "https://registry.npmjs.org/@esri/arcgis-rest-items/-/arcgis-rest-items-1.17.1.tgz",
			"integrity": "sha512-nr248b6VVbFb5k7vPmxgGrXF9laTBBWG5vWGgg6vlS6Kn6KFok3qcivS/PZ3nEtq1EK/nCL/pnV3iW1EgldK9Q==",
			"requires": {
				"tslib": "^1.9.3"
			}
		},
		"@esri/arcgis-rest-request": {
			"version": "1.17.1",
			"resolved": "https://registry.npmjs.org/@esri/arcgis-rest-request/-/arcgis-rest-request-1.17.1.tgz",
			"integrity": "sha512-l76QNXcKbx8jRW4+PE19CSnK/OqRMVPNxXSBohdYm1+LLE5FYOC+OquEE80LRXGrR3gOxPgdPR3U03O2WkmaCA==",
			"requires": {
				"tslib": "^1.9.3"
			}
		},
		"@esri/arcgis-rest-sharing": {
			"version": "1.17.1",
			"resolved": "https://registry.npmjs.org/@esri/arcgis-rest-sharing/-/arcgis-rest-sharing-1.17.1.tgz",
			"integrity": "sha512-1bFKpHl5LZB3w6aZE2xOS7Qs8v1Coqpm0O5aLwaz0xXNkKLgxlHJQ2NfIoiSKeCtFwSTyYUGAGscdqM8udL8aQ==",
			"requires": {
				"tslib": "^1.9.3"
			}
		},
		"@types/estree": {
			"version": "0.0.39",
			"resolved": "https://registry.npmjs.org/@types/estree/-/estree-0.0.39.tgz",
			"integrity": "sha512-EYNwp3bU+98cpU4lAWYYL7Zz+2gryWH1qbdDTidVd6hkiR6weksdbMadyXKXNPEkQFhXM+hVO9ZygomHXp+AIw=="
		},
		"@types/node": {
			"version": "11.11.3",
			"resolved": "https://registry.npmjs.org/@types/node/-/node-11.11.3.tgz",
			"integrity": "sha512-wp6IOGu1lxsfnrD+5mX6qwSwWuqsdkKKxTN4aQc4wByHAKZJf9/D4KXPQ1POUjEbnCP5LMggB0OEFNY9OTsMqg=="
		},
		"acorn": {
			"version": "6.1.1",
			"resolved": "https://registry.npmjs.org/acorn/-/acorn-6.1.1.tgz",
			"integrity": "sha512-jPTiwtOxaHNaAPg/dmrJ/beuzLRnXtB0kQPQ8JpotKJgTB6rX6c8mlf315941pyjBSaPg8NHXS9fhP4u17DpGA=="
		},
		"adlib": {
			"version": "3.0.0",
			"resolved": "https://registry.npmjs.org/adlib/-/adlib-3.0.0.tgz",
			"integrity": "sha512-xWI+tcS73D5ufXbw/qJChd3X7qkjxydJTneb54zcbCCvemCgvR+wTvvOv8OdHRPhIvymZIF0QVm7UU77qNB6PA==",
			"requires": {
				"esm": "^3.0.49"
			}
		},
		"esm": {
			"version": "3.2.17",
			"resolved": "https://registry.npmjs.org/esm/-/esm-3.2.17.tgz",
			"integrity": "sha512-C9o9bz51z5upkD7wCsTKgWwWSZ+OztN2eXLL8senHAULFAXCXGSmw1EW2zengsoyyDh9D/H4Twxk7ZkMEW360Q=="
		},
		"rollup": {
			"version": "1.6.0",
			"resolved": "https://registry.npmjs.org/rollup/-/rollup-1.6.0.tgz",
			"integrity": "sha512-qu9iWyuiOxAuBM8cAwLuqPclYdarIpayrkfQB7aTGTiyYPbvx+qVF33sIznfq4bxZCiytQux/FvZieUBAXivCw==",
			"requires": {
				"@types/estree": "0.0.39",
				"@types/node": "^11.9.5",
				"acorn": "^6.1.1"
			}
		},
		"tslib": {
			"version": "1.9.3",
			"resolved": "https://registry.npmjs.org/tslib/-/tslib-1.9.3.tgz",
			"integrity": "sha512-4krF8scpejhaOgqzBEcGM7yDIEfi0/8+8zDRZhNZZ2kjmHJ4hv3zCbQWxoJGz1iw5U0Jl0nma13xzHXcncMavQ=="
		}
	}
}
