{
	"name": "@esri/solution-creator",
	"version": "0.5.8",
	"lockfileVersion": 1,
	"requires": true,
	"dependencies": {
		"@types/estree": {
			"version": "0.0.40",
			"resolved": "https://registry.npmjs.org/@types/estree/-/estree-0.0.40.tgz",
			"integrity": "sha512-p3KZgMto/JyxosKGmnLDJ/dG5wf+qTRMUjHJcspC2oQKa4jP7mz+tv0ND56lLBu3ojHlhzY33Ol+khLyNmilkA==",
			"dev": true
		},
		"@types/node": {
			"version": "12.12.16",
			"resolved": "https://registry.npmjs.org/@types/node/-/node-12.12.16.tgz",
			"integrity": "sha512-vRuMyoOr5yfNf8QWxXegOjeyjpWJxFePzHzmBOIzDIzo+rSqF94RW0PkS6y4T2+VjAWLXHWrfbIJY3E3aS7lUw==",
			"dev": true
		},
		"acorn": {
			"version": "7.1.0",
			"resolved": "https://registry.npmjs.org/acorn/-/acorn-7.1.0.tgz",
			"integrity": "sha512-kL5CuoXA/dgxlBbVrflsflzQ3PAas7RYZB52NOm/6839iVYJgKMJ3cQJD+t2i5+qFa8h3MDpEOJiS64E8JLnSQ==",
			"dev": true
		},
		"rollup": {
			"version": "1.27.9",
			"resolved": "https://registry.npmjs.org/rollup/-/rollup-1.27.9.tgz",
			"integrity": "sha512-8AfW4cJTPZfG6EXWwT/ujL4owUsDI1Xl8J1t+hvK4wDX81F5I4IbwP9gvGbHzxnV19fnU4rRABZQwZSX9J402Q==",
			"dev": true,
			"requires": {
				"@types/estree": "*",
				"@types/node": "*",
				"acorn": "^7.1.0"
			}
		},
		"tslib": {
			"version": "1.10.0",
			"resolved": "https://registry.npmjs.org/tslib/-/tslib-1.10.0.tgz",
			"integrity": "sha512-qOebF53frne81cf0S9B41ByenJ3/IuH8yJKngAX35CmiZySA0khhkovshKK+jGCaMnVomla7gVlIcc3EvKPbTQ=="
		},
		"typescript": {
			"version": "3.7.3",
			"resolved": "https://registry.npmjs.org/typescript/-/typescript-3.7.3.tgz",
			"integrity": "sha512-Mcr/Qk7hXqFBXMN7p7Lusj1ktCBydylfQM/FZCk5glCNQJrCUKPkMHdo9R0MTFWsC/4kPFvDS0fDPvukfCkFsw==",
			"dev": true
		}
	}
}
