{
	"name": "@esri/solution-deployer",
	"version": "0.21.3",
	"lockfileVersion": 1,
	"requires": true,
	"dependencies": {
		"@esri/arcgis-rest-auth": {
			"version": "2.23.0",
			"resolved": "https://registry.npmjs.org/@esri/arcgis-rest-auth/-/arcgis-rest-auth-2.23.0.tgz",
			"integrity": "sha512-9nAo5KHj/+Yc8k+xSyIAKCNSMI+k0RyW39Abmme0WZw6vylUQeSb9ATRze0vJJIbp4g6CiuUN32gU9am6M/Vyg==",
			"dev": true,
			"requires": {
				"@esri/arcgis-rest-types": "^2.23.0",
				"tslib": "^1.13.0"
			}
		},
		"@esri/arcgis-rest-feature-layer": {
			"version": "2.23.0",
			"resolved": "https://registry.npmjs.org/@esri/arcgis-rest-feature-layer/-/arcgis-rest-feature-layer-2.23.0.tgz",
			"integrity": "sha512-ZLfGbK9v8JcJWRn7loGTXP+8HJB8+NHHCjTD0Uw0I98I8kNQNtb9w+0xPs/wTUn007KQn/2PfqKxejj+u+zdtA==",
			"dev": true,
			"requires": {
				"@esri/arcgis-rest-types": "^2.23.0",
				"tslib": "^1.13.0"
			}
		},
		"@esri/arcgis-rest-portal": {
			"version": "2.23.0",
			"resolved": "https://registry.npmjs.org/@esri/arcgis-rest-portal/-/arcgis-rest-portal-2.23.0.tgz",
			"integrity": "sha512-OHEWvrSSsMJehAeYzs8fLJcisCgIVtnoC/Z13cNzjgd+zeGgWiDNgay4B/9fedSjzUCz4lNY1EPPRfoymvyaKg==",
			"dev": true,
			"requires": {
				"@esri/arcgis-rest-types": "^2.23.0",
				"tslib": "^1.13.0"
			}
		},
		"@esri/arcgis-rest-request": {
			"version": "2.23.0",
			"resolved": "https://registry.npmjs.org/@esri/arcgis-rest-request/-/arcgis-rest-request-2.23.0.tgz",
			"integrity": "sha512-EFEVJlDQb3ZqJrgP5K/g5fvi0zQwEMdc5ynIjf7wen9pyIY8qaGaxFBZDQhCMfpdeY+hu5WJ/nNlImPjtRlyPA==",
			"dev": true,
			"requires": {
				"tslib": "^1.10.0"
			}
		},
		"@esri/arcgis-rest-service-admin": {
			"version": "2.23.0",
			"resolved": "https://registry.npmjs.org/@esri/arcgis-rest-service-admin/-/arcgis-rest-service-admin-2.23.0.tgz",
			"integrity": "sha512-i2oB1t7hWE/Lo75n8EaD9+JVuRzo2Ic9Atq+9j/hQS5n9fp+ruO22o+e+XhqHunxJx1Qaju9GXzbvBcjqyk9rQ==",
			"dev": true,
			"requires": {
				"@esri/arcgis-rest-types": "^2.23.0",
				"tslib": "^1.13.0"
			}
		},
		"@esri/arcgis-rest-types": {
			"version": "2.23.0",
			"resolved": "https://registry.npmjs.org/@esri/arcgis-rest-types/-/arcgis-rest-types-2.23.0.tgz",
			"integrity": "sha512-kolyPWMOcx8yXKhjx4sZZAPNTfB247cxgDXxE66kQVB91OqNHh5KxHLiGTWX0mNTAGv+2MMfroz+Wdb/z+fKhw==",
			"dev": true
		},
		"@esri/hub-common": {
			"version": "6.20.1",
			"resolved": "https://registry.npmjs.org/@esri/hub-common/-/hub-common-6.20.1.tgz",
			"integrity": "sha512-Oq5Zg2gbPe5zVjyRl9dI0LpX9JrwcPihDAcWoJB4AeldezC5PBN0E5avvbe52nuBLfBOMTtJLLK0WweqT1WL1Q==",
			"dev": true,
			"requires": {
				"adlib": "^3.0.7",
				"tslib": "^1.13.0"
			}
		},
		"@esri/hub-initiatives": {
			"version": "6.20.1",
			"resolved": "https://registry.npmjs.org/@esri/hub-initiatives/-/hub-initiatives-6.20.1.tgz",
			"integrity": "sha512-fFL390SF3UGlcKWKD7sciDW2k7zAR8T6jvXzsRkZNjbSXNOljJ5jpO7ERPQEvqyFsMhTCq1ypMLKboRA4YS4cw==",
			"dev": true,
			"requires": {
				"tslib": "^1.13.0"
			}
		},
		"@esri/hub-sites": {
			"version": "6.20.1",
			"resolved": "https://registry.npmjs.org/@esri/hub-sites/-/hub-sites-6.20.1.tgz",
			"integrity": "sha512-IKaPvr8DV8ooGX0G81lHJr6d6MnpK7b4RkxMOaGxBtGQPvSk+cpFkWBsQ+emWoZLB0ebW1OUZg8LPvHZ0SbI3A==",
			"dev": true,
			"requires": {
				"tslib": "^1.13.0"
			}
		},
		"@esri/hub-teams": {
			"version": "6.20.1",
			"resolved": "https://registry.npmjs.org/@esri/hub-teams/-/hub-teams-6.20.1.tgz",
			"integrity": "sha512-cE9ioDraoZdRfCjPXtMOihAmAWDYIpWqYw3WgLULSHhTbXBCnzH40Q3xOq3LPLqOP1glwb9Kru49kqdOEy1DXQ==",
			"dev": true,
			"requires": {
				"tslib": "^1.13.0"
			}
		},
		"@types/estree": {
			"version": "0.0.45",
			"resolved": "https://registry.npmjs.org/@types/estree/-/estree-0.0.45.tgz",
			"integrity": "sha512-jnqIUKDUqJbDIUxm0Uj7bnlMnRm1T/eZ9N+AVMqhPgzrba2GhGG5o/jCTwmdPK709nEZsGoMzXEDUjcXHa3W0g==",
			"dev": true
		},
		"@types/node": {
			"version": "14.14.14",
			"resolved": "https://registry.npmjs.org/@types/node/-/node-14.14.14.tgz",
			"integrity": "sha512-UHnOPWVWV1z+VV8k6L1HhG7UbGBgIdghqF3l9Ny9ApPghbjICXkUJSd/b9gOgQfjM1r+37cipdw/HJ3F6ICEnQ==",
			"dev": true
		},
		"acorn": {
			"version": "7.4.1",
			"resolved": "https://registry.npmjs.org/acorn/-/acorn-7.4.1.tgz",
			"integrity": "sha512-nQyp0o1/mNdbTO1PO6kHkwSrmgZ0MT/jCCpNiwbUjGoRN4dlBhqJtoQuCnEOKzgTVwg0ZWiCoQy6SxMebQVh8A==",
			"dev": true
		},
		"adlib": {
			"version": "3.0.7",
			"resolved": "https://registry.npmjs.org/adlib/-/adlib-3.0.7.tgz",
			"integrity": "sha512-74ylfcwB7+fu+jqN6e3mBJrAWhWHI5l8icUKh8IhNhmezetLRaMBrxQKJZ+GgyrNxyW+0M12eUirY1RJ5HhWKg==",
			"dev": true,
			"requires": {
				"esm": "^3.2.25"
			}
		},
		"esm": {
			"version": "3.2.25",
			"resolved": "https://registry.npmjs.org/esm/-/esm-3.2.25.tgz",
			"integrity": "sha512-U1suiZ2oDVWv4zPO56S0NcR5QriEahGtdN2OR6FiOG4WJvcjBVFB0qI4+eKoWFH483PKGuLuu6V8Z4T5g63UVA==",
			"dev": true
		},
		"rollup": {
			"version": "1.32.1",
			"resolved": "https://registry.npmjs.org/rollup/-/rollup-1.32.1.tgz",
			"integrity": "sha512-/2HA0Ec70TvQnXdzynFffkjA6XN+1e2pEv/uKS5Ulca40g2L7KuOE3riasHoNVHOsFD5KKZgDsMk1CP3Tw9s+A==",
			"dev": true,
			"requires": {
				"@types/estree": "*",
				"@types/node": "*",
				"acorn": "^7.1.0"
			}
		},
		"tslib": {
			"version": "1.14.1",
			"resolved": "https://registry.npmjs.org/tslib/-/tslib-1.14.1.tgz",
			"integrity": "sha512-Xni35NKzjgMrwevysHTCArtLDpPvye8zV/0E4EyYn43P7/7qvQwPh9BGkHewbMulVntbigmcT7rdX3BNo9wRJg=="
		},
		"typescript": {
			"version": "4.0.5",
			"resolved": "https://registry.npmjs.org/typescript/-/typescript-4.0.5.tgz",
			"integrity": "sha512-ywmr/VrTVCmNTJ6iV2LwIrfG1P+lv6luD8sUJs+2eI9NLGigaN+nUQc13iHqisq7bra9lnmUSYqbJvegraBOPQ==",
			"dev": true
		}
	}
}
