{
	"name": "@esri/solution-deployer",
	"version": "0.9.2",
	"lockfileVersion": 1,
	"requires": true,
	"dependencies": {
		"@esri/arcgis-rest-auth": {
			"version": "2.13.0",
			"resolved": "https://registry.npmjs.org/@esri/arcgis-rest-auth/-/arcgis-rest-auth-2.13.0.tgz",
			"integrity": "sha512-FZKpJyEC/NSWlcxYVp2tAj5RMXkQ+3MCfsSHD4VnlgMBDPUBJo27L2zUrGb65qnpn5SKWciwAvYOuMQXfYXbjQ==",
			"dev": true,
			"requires": {
				"@esri/arcgis-rest-types": "^2.13.0",
				"tslib": "^1.9.3"
			}
		},
		"@esri/arcgis-rest-portal": {
			"version": "2.13.0",
			"resolved": "https://registry.npmjs.org/@esri/arcgis-rest-portal/-/arcgis-rest-portal-2.13.0.tgz",
			"integrity": "sha512-zdj7NV/TfrihH+jrM45ZvKg4HpCTXFTqa7tkTsHnhwTCSRFYGYehJ0LiPiQ0Bj31rUwQipZBWMJO1iqwa5jZXg==",
			"dev": true,
			"requires": {
				"@esri/arcgis-rest-types": "^2.13.0",
				"tslib": "^1.9.3"
			}
		},
		"@esri/arcgis-rest-request": {
			"version": "2.13.0",
			"resolved": "https://registry.npmjs.org/@esri/arcgis-rest-request/-/arcgis-rest-request-2.13.0.tgz",
			"integrity": "sha512-mLQci+lPwLIbjxCPoJrixiaYNX831FnsF3rcPfSD1MrDAMY4UuS8YaluFAo3zyYVq+sgWEXB3Bgu9E/WCyMAjw==",
			"dev": true,
			"requires": {
				"tslib": "^1.9.3"
			}
		},
		"@esri/arcgis-rest-types": {
			"version": "2.13.0",
			"resolved": "https://registry.npmjs.org/@esri/arcgis-rest-types/-/arcgis-rest-types-2.13.0.tgz",
			"integrity": "sha512-yZ82iG7+bbkP9UBmXiiDvV0v7n5CfjICTZlSwxJ55V1eKve65idOZdf+EsSKZIuAdv+wbEJ328CzGdE5cMnl+g==",
			"dev": true
		},
		"@esri/hub-common": {
			"version": "3.9.2",
			"resolved": "https://registry.npmjs.org/@esri/hub-common/-/hub-common-3.9.2.tgz",
			"integrity": "sha512-Ip/iEGLg2g5CYJ1f7Cn0wmByNVgouJbBe8ndjVYHtLLo5SIdr6JbAwJrXpDvCb8gZwtHoccdPSS71WPsNEvxfw==",
			"requires": {
				"adlib": "3.0.5",
				"fetch-blob": "github:node-fetch/fetch-blob#master",
				"node-fetch": "^2.6.0",
				"tslib": "^1.11.1"
			}
		},
		"@types/estree": {
			"version": "0.0.44",
			"resolved": "https://registry.npmjs.org/@types/estree/-/estree-0.0.44.tgz",
			"integrity": "sha512-iaIVzr+w2ZJ5HkidlZ3EJM8VTZb2MJLCjw3V+505yVts0gRC4UMvjw0d1HPtGqI/HQC/KdsYtayfzl+AXY2R8g==",
			"dev": true
		},
		"@types/node": {
			"version": "13.13.5",
			"resolved": "https://registry.npmjs.org/@types/node/-/node-13.13.5.tgz",
			"integrity": "sha512-3ySmiBYJPqgjiHA7oEaIo2Rzz0HrOZ7yrNO5HWyaE5q0lQ3BppDZ3N53Miz8bw2I7gh1/zir2MGVZBvpb1zq9g==",
			"dev": true
		},
		"acorn": {
			"version": "7.2.0",
			"resolved": "https://registry.npmjs.org/acorn/-/acorn-7.2.0.tgz",
			"integrity": "sha512-apwXVmYVpQ34m/i71vrApRrRKCWQnZZF1+npOD0WV5xZFfwWOmKGQ2RWlfdy9vWITsenisM8M0Qeq8agcFHNiQ==",
			"dev": true
		},
		"adlib": {
			"version": "3.0.5",
			"resolved": "https://registry.npmjs.org/adlib/-/adlib-3.0.5.tgz",
			"integrity": "sha512-+9lYo3Hm1UYJn3RxVp+SLBuOCh1pt5RiuW8KXGtgqycALaKvZRWAvxnBIyHDkcfEk4RieZ55svJPl4sHKhKlkQ==",
			"requires": {
				"esm": "^3.2.25"
			}
		},
		"esm": {
			"version": "3.2.25",
			"resolved": "https://registry.npmjs.org/esm/-/esm-3.2.25.tgz",
			"integrity": "sha512-U1suiZ2oDVWv4zPO56S0NcR5QriEahGtdN2OR6FiOG4WJvcjBVFB0qI4+eKoWFH483PKGuLuu6V8Z4T5g63UVA=="
		},
		"fetch-blob": {
			"version": "github:node-fetch/fetch-blob#4a46def45247e7e1fac18b9e399e0969b2c4a962",
			"from": "github:node-fetch/fetch-blob#master"
		},
		"node-fetch": {
			"version": "2.6.0",
			"resolved": "https://registry.npmjs.org/node-fetch/-/node-fetch-2.6.0.tgz",
			"integrity": "sha512-8dG4H5ujfvFiqDmVu9fQ5bOHUC15JMjMY/Zumv26oOvvVJjM67KF8koCWIabKQ1GJIa9r2mMZscBq/TbdOcmNA=="
		},
		"rollup": {
			"version": "1.32.1",
			"resolved": "https://registry.npmjs.org/rollup/-/rollup-1.32.1.tgz",
			"integrity": "sha512-/2HA0Ec70TvQnXdzynFffkjA6XN+1e2pEv/uKS5Ulca40g2L7KuOE3riasHoNVHOsFD5KKZgDsMk1CP3Tw9s+A==",
			"dev": true,
			"requires": {
				"@types/estree": "*",
				"@types/node": "*",
				"acorn": "^7.1.0"
			}
		},
		"tslib": {
			"version": "1.11.2",
			"resolved": "https://registry.npmjs.org/tslib/-/tslib-1.11.2.tgz",
			"integrity": "sha512-tTSkux6IGPnUGUd1XAZHcpu85MOkIl5zX49pO+jfsie3eP0B6pyhOlLXm3cAC6T7s+euSDDUUV+Acop5WmtkVg=="
		},
		"typescript": {
			"version": "3.8.3",
			"resolved": "https://registry.npmjs.org/typescript/-/typescript-3.8.3.tgz",
			"integrity": "sha512-MYlEfn5VrLNsgudQTVJeNaQFUAI7DkhnOjdpAp4T+ku1TfQClewlbSuTVHiA+8skNBgaf02TL/kLOvig4y3G8w==",
			"dev": true
		}
	}
}
