{
	"name": "@esri/solution-deployer",
	"version": "0.4.4",
	"lockfileVersion": 1,
	"requires": true,
	"dependencies": {
		"@esri/arcgis-rest-auth": {
			"version": "2.3.0",
			"resolved": "https://registry.npmjs.org/@esri/arcgis-rest-auth/-/arcgis-rest-auth-2.3.0.tgz",
			"integrity": "sha512-h0aQMNc3tQq+YZ6hGlPvdqEaP5k4fRgg/2+CFD2j7pZ63WxRAZ4mBs1QNUcFTogmX5B2GZNlzhJrza40VM2zsg==",
			"dev": true,
			"requires": {
				"@esri/arcgis-rest-types": "^2.3.0",
				"tslib": "^1.9.3"
			}
		},
		"@esri/arcgis-rest-portal": {
			"version": "2.3.0",
			"resolved": "https://registry.npmjs.org/@esri/arcgis-rest-portal/-/arcgis-rest-portal-2.3.0.tgz",
			"integrity": "sha512-SNwamUZiXhfPb5faQ/9YoIq7/oupAy3ekqc3uTgYBF8cJa9wikWHJCKy8/VxaAiEq5jHKt3/M0dlBoZF11kOng==",
			"dev": true,
			"requires": {
				"@esri/arcgis-rest-types": "^2.3.0",
				"tslib": "^1.9.3"
			}
		},
		"@esri/arcgis-rest-request": {
			"version": "2.4.0",
			"resolved": "https://registry.npmjs.org/@esri/arcgis-rest-request/-/arcgis-rest-request-2.4.0.tgz",
			"integrity": "sha512-+DN9VIl1+h8qDtnYkKK/vO7VFP6xykQUyBrdFXPyqW/T3te3y2S0l1vmlNp+6tM9ExG2w3+eRUXlIZ+fIdx/3A==",
			"dev": true,
			"requires": {
				"tslib": "^1.9.3"
			}
		},
		"@esri/arcgis-rest-types": {
			"version": "2.3.0",
			"resolved": "https://registry.npmjs.org/@esri/arcgis-rest-types/-/arcgis-rest-types-2.3.0.tgz",
			"integrity": "sha512-OPG0eS3kQmlokqdous/O1pqgJo75LIzMPbe+19iOIx4hZMXLOakR2doAq2qcDX850uzzuhijlgVVPaDgWdQwHw=="
		},
		"tslib": {
			"version": "1.10.0",
			"resolved": "https://registry.npmjs.org/tslib/-/tslib-1.10.0.tgz",
			"integrity": "sha512-qOebF53frne81cf0S9B41ByenJ3/IuH8yJKngAX35CmiZySA0khhkovshKK+jGCaMnVomla7gVlIcc3EvKPbTQ=="
		}
	}
}
