{
	"requires": true,
	"lockfileVersion": 1,
	"dependencies": {
		"@esri/arcgis-rest-items": {
			"version": "1.17.1",
			"resolved": "https://registry.npmjs.org/@esri/arcgis-rest-items/-/arcgis-rest-items-1.17.1.tgz",
			"integrity": "sha512-nr248b6VVbFb5k7vPmxgGrXF9laTBBWG5vWGgg6vlS6Kn6KFok3qcivS/PZ3nEtq1EK/nCL/pnV3iW1EgldK9Q==",
			"requires": {
				"tslib": "^1.9.3"
			}
		},
		"@esri/arcgis-rest-request": {
			"version": "1.17.1",
			"resolved": "https://registry.npmjs.org/@esri/arcgis-rest-request/-/arcgis-rest-request-1.17.1.tgz",
			"integrity": "sha512-l76QNXcKbx8jRW4+PE19CSnK/OqRMVPNxXSBohdYm1+LLE5FYOC+OquEE80LRXGrR3gOxPgdPR3U03O2WkmaCA==",
			"requires": {
				"tslib": "^1.9.3"
			}
		},
		"tslib": {
			"version": "1.9.3",
			"resolved": "https://registry.npmjs.org/tslib/-/tslib-1.9.3.tgz",
			"integrity": "sha512-4krF8scpejhaOgqzBEcGM7yDIEfi0/8+8zDRZhNZZ2kjmHJ4hv3zCbQWxoJGz1iw5U0Jl0nma13xzHXcncMavQ=="
		}
	}
}
