{
	"name": "@esri/solution-group",
	"version": "0.22.0",
	"lockfileVersion": 1,
	"requires": true,
	"dependencies": {
		"@esri/arcgis-rest-auth": {
			"version": "3.0.1",
			"resolved": "https://registry.npmjs.org/@esri/arcgis-rest-auth/-/arcgis-rest-auth-3.0.1.tgz",
			"integrity": "sha512-5gPct3wKLnsekvqGoyOsEk0xUmH7nLPMTo18ZS5XrbqL6/Iqhuk3dDc912FmGWGSn4bUFiUqH1JJAHAuU6DUxA==",
			"dev": true,
			"requires": {
				"@esri/arcgis-rest-types": "^3.0.1",
				"tslib": "^1.13.0"
			}
		},
		"@esri/arcgis-rest-feature-layer": {
			"version": "3.0.1",
			"resolved": "https://registry.npmjs.org/@esri/arcgis-rest-feature-layer/-/arcgis-rest-feature-layer-3.0.1.tgz",
			"integrity": "sha512-YxZjRwHrt5BLYvX+auX2hUGF41kM6NbNsvOshVkVZG1g4v/gDlCzEToSWY1YIOirJBT3HE3SKoZ/EyankGiFvA==",
			"dev": true,
			"requires": {
				"@esri/arcgis-rest-types": "^3.0.1",
				"tslib": "^1.13.0"
			}
		},
		"@esri/arcgis-rest-portal": {
			"version": "3.0.1",
			"resolved": "https://registry.npmjs.org/@esri/arcgis-rest-portal/-/arcgis-rest-portal-3.0.1.tgz",
			"integrity": "sha512-YecSlWPBQ8R/GffqZV8eAog50GFcWcusQ50UzTwUccEgPVANTkl1CXmRkG8d9h1LCmg5DUjzGeaFq8aW+Ski7w==",
			"dev": true,
			"requires": {
				"@esri/arcgis-rest-types": "^3.0.1",
				"tslib": "^1.13.0"
			}
		},
		"@esri/arcgis-rest-request": {
			"version": "3.0.1",
			"resolved": "https://registry.npmjs.org/@esri/arcgis-rest-request/-/arcgis-rest-request-3.0.1.tgz",
			"integrity": "sha512-Pz/dqRWHlF8AJaJFHp30ZQSJD14NfoK3DI715EM8KPgE/DEDEDDEAXswXEol+CI3DNvSSrF9RprVrrJ3VQJiKQ==",
			"dev": true,
			"requires": {
				"tslib": "^1.10.0"
			}
		},
		"@esri/arcgis-rest-service-admin": {
			"version": "3.0.1",
			"resolved": "https://registry.npmjs.org/@esri/arcgis-rest-service-admin/-/arcgis-rest-service-admin-3.0.1.tgz",
			"integrity": "sha512-UIy5HL0mY7s0IL1PQsd0mZrUzwx9npmUFXDaxQiSAvgYlvVK88715laD5jlsnILfvn7+aJ4rlRqMcmboFEDGSQ==",
			"dev": true,
			"requires": {
				"@esri/arcgis-rest-types": "^3.0.1",
				"tslib": "^1.13.0"
			}
		},
		"@esri/arcgis-rest-types": {
			"version": "3.0.1",
			"resolved": "https://registry.npmjs.org/@esri/arcgis-rest-types/-/arcgis-rest-types-3.0.1.tgz",
			"integrity": "sha512-rXPE6qL185aF56Pkt9Ie214KpfWsjCn0wAmbTLwX0t+VFIyDoR5zL3UnvcyDSPm+o69/tunqWiK/+SYzNPsMPQ==",
			"dev": true
		},
		"@esri/hub-common": {
			"version": "6.24.0",
			"resolved": "https://registry.npmjs.org/@esri/hub-common/-/hub-common-6.24.0.tgz",
			"integrity": "sha512-TqZxNiWpd7g+cmPAKtoKm+QmJubMCPWOfBxohX/LGtGKOFPgD6drxK8BFiYcWLqYp87sUOlF6kV+uNsPQ4GaAA==",
			"dev": true,
			"requires": {
				"adlib": "^3.0.7",
				"tslib": "^1.13.0"
			}
		},
		"@esri/hub-initiatives": {
			"version": "6.24.0",
			"resolved": "https://registry.npmjs.org/@esri/hub-initiatives/-/hub-initiatives-6.24.0.tgz",
			"integrity": "sha512-ufY522Q+TIGib/Aq1V1f/DXpCEDezWndqQYPPQRGbX1U3XOBTSMklKVw0v9HGdD9aqb9Wsuqjo/sW5uE6I+VOQ==",
			"dev": true,
			"requires": {
				"tslib": "^1.13.0"
			}
		},
		"@esri/hub-sites": {
			"version": "6.24.0",
			"resolved": "https://registry.npmjs.org/@esri/hub-sites/-/hub-sites-6.24.0.tgz",
			"integrity": "sha512-gLwo9fUafQsnlk+hSTuWtgJc6cx32P0qN1atF2FVKGwjNKb22PupRCDsFPcYAwSFRR0G5OAE2zOTyPN0LbHtIg==",
			"dev": true,
			"requires": {
				"tslib": "^1.13.0"
			}
		},
		"@esri/hub-teams": {
			"version": "6.24.0",
			"resolved": "https://registry.npmjs.org/@esri/hub-teams/-/hub-teams-6.24.0.tgz",
			"integrity": "sha512-wJTGJR0TYcA8dbCqc6d8smd9dpwpux4d9lAYQxKOG/2T1786Dcv83fNhFhoqEwXrZXJhS2/RAk4ZpAVxAUOxWg==",
			"dev": true,
			"requires": {
				"tslib": "^1.13.0"
			}
		},
		"@types/estree": {
			"version": "0.0.46",
			"resolved": "https://registry.npmjs.org/@types/estree/-/estree-0.0.46.tgz",
			"integrity": "sha512-laIjwTQaD+5DukBZaygQ79K1Z0jb1bPEMRrkXSLjtCcZm+abyp5YbrqpSLzD42FwWW6gK/aS4NYpJ804nG2brg==",
			"dev": true
		},
		"@types/node": {
			"version": "14.14.28",
			"resolved": "https://registry.npmjs.org/@types/node/-/node-14.14.28.tgz",
			"integrity": "sha512-lg55ArB+ZiHHbBBttLpzD07akz0QPrZgUODNakeC09i62dnrywr9mFErHuaPlB6I7z+sEbK+IYmplahvplCj2g==",
			"dev": true
		},
		"acorn": {
			"version": "7.4.1",
			"resolved": "https://registry.npmjs.org/acorn/-/acorn-7.4.1.tgz",
			"integrity": "sha512-nQyp0o1/mNdbTO1PO6kHkwSrmgZ0MT/jCCpNiwbUjGoRN4dlBhqJtoQuCnEOKzgTVwg0ZWiCoQy6SxMebQVh8A==",
			"dev": true
		},
		"adlib": {
			"version": "3.0.7",
			"resolved": "https://registry.npmjs.org/adlib/-/adlib-3.0.7.tgz",
			"integrity": "sha512-74ylfcwB7+fu+jqN6e3mBJrAWhWHI5l8icUKh8IhNhmezetLRaMBrxQKJZ+GgyrNxyW+0M12eUirY1RJ5HhWKg==",
			"dev": true,
			"requires": {
				"esm": "^3.2.25"
			}
		},
		"esm": {
			"version": "3.2.25",
			"resolved": "https://registry.npmjs.org/esm/-/esm-3.2.25.tgz",
			"integrity": "sha512-U1suiZ2oDVWv4zPO56S0NcR5QriEahGtdN2OR6FiOG4WJvcjBVFB0qI4+eKoWFH483PKGuLuu6V8Z4T5g63UVA==",
			"dev": true
		},
		"rollup": {
			"version": "1.32.1",
			"resolved": "https://registry.npmjs.org/rollup/-/rollup-1.32.1.tgz",
			"integrity": "sha512-/2HA0Ec70TvQnXdzynFffkjA6XN+1e2pEv/uKS5Ulca40g2L7KuOE3riasHoNVHOsFD5KKZgDsMk1CP3Tw9s+A==",
			"dev": true,
			"requires": {
				"@types/estree": "*",
				"@types/node": "*",
				"acorn": "^7.1.0"
			}
		},
		"tslib": {
			"version": "1.14.1",
			"resolved": "https://registry.npmjs.org/tslib/-/tslib-1.14.1.tgz",
			"integrity": "sha512-Xni35NKzjgMrwevysHTCArtLDpPvye8zV/0E4EyYn43P7/7qvQwPh9BGkHewbMulVntbigmcT7rdX3BNo9wRJg=="
		},
		"typescript": {
			"version": "4.1.5",
			"resolved": "https://registry.npmjs.org/typescript/-/typescript-4.1.5.tgz",
			"integrity": "sha512-6OSu9PTIzmn9TCDiovULTnET6BgXtDYL4Gg4szY+cGsc3JP1dQL8qvE8kShTRx1NIw4Q9IBHlwODjkjWEtMUyA==",
			"dev": true
		}
	}
}
