{
	"name": "@esri/solution-group",
	"version": "0.14.0",
	"lockfileVersion": 1,
	"requires": true,
	"dependencies": {
		"@types/estree": {
			"version": "0.0.44",
			"resolved": "https://registry.npmjs.org/@types/estree/-/estree-0.0.44.tgz",
			"integrity": "sha512-iaIVzr+w2ZJ5HkidlZ3EJM8VTZb2MJLCjw3V+505yVts0gRC4UMvjw0d1HPtGqI/HQC/KdsYtayfzl+AXY2R8g==",
			"dev": true
		},
		"@types/node": {
			"version": "14.0.5",
			"resolved": "https://registry.npmjs.org/@types/node/-/node-14.0.5.tgz",
			"integrity": "sha512-90hiq6/VqtQgX8Sp0EzeIsv3r+ellbGj4URKj5j30tLlZvRUpnAe9YbYnjl3pJM93GyXU0tghHhvXHq+5rnCKA==",
			"dev": true
		},
		"acorn": {
			"version": "7.2.0",
			"resolved": "https://registry.npmjs.org/acorn/-/acorn-7.2.0.tgz",
			"integrity": "sha512-apwXVmYVpQ34m/i71vrApRrRKCWQnZZF1+npOD0WV5xZFfwWOmKGQ2RWlfdy9vWITsenisM8M0Qeq8agcFHNiQ==",
			"dev": true
		},
		"rollup": {
			"version": "1.32.1",
			"resolved": "https://registry.npmjs.org/rollup/-/rollup-1.32.1.tgz",
			"integrity": "sha512-/2HA0Ec70TvQnXdzynFffkjA6XN+1e2pEv/uKS5Ulca40g2L7KuOE3riasHoNVHOsFD5KKZgDsMk1CP3Tw9s+A==",
			"dev": true,
			"requires": {
				"@types/estree": "*",
				"@types/node": "*",
				"acorn": "^7.1.0"
			}
		},
		"tslib": {
			"version": "1.13.0",
			"resolved": "https://registry.npmjs.org/tslib/-/tslib-1.13.0.tgz",
			"integrity": "sha512-i/6DQjL8Xf3be4K/E6Wgpekn5Qasl1usyw++dAA35Ue5orEn65VIxOA+YvNNl9HV3qv70T7CNwjODHZrLwvd1Q=="
		},
		"typescript": {
			"version": "3.9.3",
			"resolved": "https://registry.npmjs.org/typescript/-/typescript-3.9.3.tgz",
			"integrity": "sha512-D/wqnB2xzNFIcoBG9FG8cXRDjiqSTbG2wd8DMZeQyJlP1vfTkIxH4GKveWaEBYySKIg+USu+E+EDIR47SqnaMQ==",
			"dev": true
		}
	}
}
