{
	"name": "@esri/solution-velocity",
	"version": "1.1.2",
	"lockfileVersion": 2,
	"requires": true,
	"packages": {
		"": {
			"name": "@esri/solution-velocity",
			"version": "1.1.2",
			"license": "Apache-2.0",
			"dependencies": {
				"tslib": "^1.13.0"
			},
			"devDependencies": {
				"@esri/arcgis-rest-auth": "3.4.1",
				"@esri/arcgis-rest-feature-layer": "3.4.1",
				"@esri/arcgis-rest-portal": "3.4.1",
				"@esri/arcgis-rest-request": "3.4.1",
				"@esri/arcgis-rest-service-admin": "3.4.1",
				"rollup": "^1.22.0",
				"typescript": "^4.3.4"
			},
			"peerDependencies": {
				"@esri/arcgis-rest-auth": "3.4.1",
				"@esri/arcgis-rest-feature-layer": "3.4.1",
				"@esri/arcgis-rest-portal": "3.4.1",
				"@esri/arcgis-rest-request": "3.4.1",
				"@esri/arcgis-rest-service-admin": "3.4.1"
			}
		},
		"node_modules/@esri/arcgis-rest-auth": {
			"version": "3.4.1",
			"resolved": "https://registry.npmjs.org/@esri/arcgis-rest-auth/-/arcgis-rest-auth-3.4.1.tgz",
			"integrity": "sha512-T15CycWsK+K6WRTT/s/0XWNvXm0/TSfdQGBhZs2DZjan77n4vZD9guyxgJDmkG1oSnzhX51zATAI4z9tcomIgQ==",
			"dev": true,
			"dependencies": {
				"@esri/arcgis-rest-types": "^3.4.1",
				"tslib": "^1.13.0"
			},
			"peerDependencies": {
				"@esri/arcgis-rest-request": "^3.0.0"
			}
		},
		"node_modules/@esri/arcgis-rest-feature-layer": {
			"version": "3.4.1",
			"resolved": "https://registry.npmjs.org/@esri/arcgis-rest-feature-layer/-/arcgis-rest-feature-layer-3.4.1.tgz",
			"integrity": "sha512-gQoXKbelrGSXkudozWiRZRM9K2EBcZELJYdtfS4NNMnrsqTIonT1XSX9F0Qwhhrgd1NIyWPobnD8j7DY40xNqA==",
			"dev": true,
			"dependencies": {
				"@esri/arcgis-rest-types": "^3.4.1",
				"tslib": "^1.13.0"
			},
			"peerDependencies": {
				"@esri/arcgis-rest-auth": "^3.0.0",
				"@esri/arcgis-rest-request": "^3.0.0"
			}
		},
		"node_modules/@esri/arcgis-rest-portal": {
			"version": "3.4.1",
			"resolved": "https://registry.npmjs.org/@esri/arcgis-rest-portal/-/arcgis-rest-portal-3.4.1.tgz",
			"integrity": "sha512-x+lhQqA7mmF+ME61iAP8mWJqSZVJX9wxObDAVbt4ouccEXG7khPFE1LG0QptKbxpgLfZz8Qvr57oyOcHt+sRsg==",
			"dev": true,
			"dependencies": {
				"@esri/arcgis-rest-types": "^3.4.1",
				"tslib": "^1.13.0"
			},
			"peerDependencies": {
				"@esri/arcgis-rest-auth": "^3.0.0",
				"@esri/arcgis-rest-request": "^3.0.0"
			}
		},
		"node_modules/@esri/arcgis-rest-request": {
			"version": "3.4.1",
			"resolved": "https://registry.npmjs.org/@esri/arcgis-rest-request/-/arcgis-rest-request-3.4.1.tgz",
			"integrity": "sha512-uogQiv9MKQO4oiFpAEUtGmEa7oK56q9sNMyqWCj5l+tf+hLiG7sgNdOtqk9o7syBPkf8ya53NVYXyB/dFJjULQ==",
			"dev": true,
			"dependencies": {
				"tslib": "^1.10.0"
			}
		},
		"node_modules/@esri/arcgis-rest-service-admin": {
			"version": "3.4.1",
			"resolved": "https://registry.npmjs.org/@esri/arcgis-rest-service-admin/-/arcgis-rest-service-admin-3.4.1.tgz",
			"integrity": "sha512-6vbF6vJSZq2ShNSaYfWOd5z/tJvpjg18asT4f4CrQTj0LEkSq3/ZsDvJ+ubGThj8qkzqnOqLzOMNsGuUKIbeOw==",
			"dev": true,
			"dependencies": {
				"@esri/arcgis-rest-types": "^3.4.1",
				"tslib": "^1.13.0"
			},
			"peerDependencies": {
				"@esri/arcgis-rest-auth": "^3.0.0",
				"@esri/arcgis-rest-portal": "^3.0.0",
				"@esri/arcgis-rest-request": "^3.0.0"
			}
		},
		"node_modules/@esri/arcgis-rest-types": {
			"version": "3.4.1",
			"resolved": "https://registry.npmjs.org/@esri/arcgis-rest-types/-/arcgis-rest-types-3.4.1.tgz",
			"integrity": "sha512-U3Ukw3KVb4osPdkrVoD6v4613DYiiwiqH16Op8/ZzlY0CD7jSJtsip+F//5HY3m7VPMCTlfNu6aBExPwm4PdEw==",
			"dev": true
		},
		"node_modules/@types/estree": {
			"version": "0.0.50",
			"resolved": "https://registry.npmjs.org/@types/estree/-/estree-0.0.50.tgz",
			"integrity": "sha512-C6N5s2ZFtuZRj54k2/zyRhNDjJwwcViAM3Nbm8zjBpbqAdZ00mr0CFxvSKeO8Y/e03WVFLpQMdHYVfUd6SB+Hw==",
			"dev": true
		},
		"node_modules/@types/node": {
			"version": "16.10.1",
			"resolved": "https://registry.npmjs.org/@types/node/-/node-16.10.1.tgz",
			"integrity": "sha512-4/Z9DMPKFexZj/Gn3LylFgamNKHm4K3QDi0gz9B26Uk0c8izYf97B5fxfpspMNkWlFupblKM/nV8+NA9Ffvr+w==",
			"dev": true
		},
		"node_modules/acorn": {
			"version": "7.4.1",
			"resolved": "https://registry.npmjs.org/acorn/-/acorn-7.4.1.tgz",
			"integrity": "sha512-nQyp0o1/mNdbTO1PO6kHkwSrmgZ0MT/jCCpNiwbUjGoRN4dlBhqJtoQuCnEOKzgTVwg0ZWiCoQy6SxMebQVh8A==",
			"dev": true,
			"bin": {
				"acorn": "bin/acorn"
			},
			"engines": {
				"node": ">=0.4.0"
			}
		},
		"node_modules/rollup": {
			"version": "1.32.1",
			"resolved": "https://registry.npmjs.org/rollup/-/rollup-1.32.1.tgz",
			"integrity": "sha512-/2HA0Ec70TvQnXdzynFffkjA6XN+1e2pEv/uKS5Ulca40g2L7KuOE3riasHoNVHOsFD5KKZgDsMk1CP3Tw9s+A==",
			"dev": true,
			"dependencies": {
				"@types/estree": "*",
				"@types/node": "*",
				"acorn": "^7.1.0"
			},
			"bin": {
				"rollup": "dist/bin/rollup"
			}
		},
		"node_modules/tslib": {
			"version": "1.14.1",
			"resolved": "https://registry.npmjs.org/tslib/-/tslib-1.14.1.tgz",
			"integrity": "sha512-Xni35NKzjgMrwevysHTCArtLDpPvye8zV/0E4EyYn43P7/7qvQwPh9BGkHewbMulVntbigmcT7rdX3BNo9wRJg=="
		},
		"node_modules/typescript": {
			"version": "4.4.3",
			"resolved": "https://registry.npmjs.org/typescript/-/typescript-4.4.3.tgz",
			"integrity": "sha512-4xfscpisVgqqDfPaJo5vkd+Qd/ItkoagnHpufr+i2QCHBsNYp+G7UAoyFl8aPtx879u38wPV65rZ8qbGZijalA==",
			"dev": true,
			"bin": {
				"tsc": "bin/tsc",
				"tsserver": "bin/tsserver"
			},
			"engines": {
				"node": ">=4.2.0"
			}
		}
	},
	"dependencies": {
		"@esri/arcgis-rest-auth": {
			"version": "3.4.1",
			"resolved": "https://registry.npmjs.org/@esri/arcgis-rest-auth/-/arcgis-rest-auth-3.4.1.tgz",
			"integrity": "sha512-T15CycWsK+K6WRTT/s/0XWNvXm0/TSfdQGBhZs2DZjan77n4vZD9guyxgJDmkG1oSnzhX51zATAI4z9tcomIgQ==",
			"dev": true,
			"requires": {
				"@esri/arcgis-rest-types": "^3.4.1",
				"tslib": "^1.13.0"
			}
		},
		"@esri/arcgis-rest-feature-layer": {
			"version": "3.4.1",
			"resolved": "https://registry.npmjs.org/@esri/arcgis-rest-feature-layer/-/arcgis-rest-feature-layer-3.4.1.tgz",
			"integrity": "sha512-gQoXKbelrGSXkudozWiRZRM9K2EBcZELJYdtfS4NNMnrsqTIonT1XSX9F0Qwhhrgd1NIyWPobnD8j7DY40xNqA==",
			"dev": true,
			"requires": {
				"@esri/arcgis-rest-types": "^3.4.1",
				"tslib": "^1.13.0"
			}
		},
		"@esri/arcgis-rest-portal": {
			"version": "3.4.1",
			"resolved": "https://registry.npmjs.org/@esri/arcgis-rest-portal/-/arcgis-rest-portal-3.4.1.tgz",
			"integrity": "sha512-x+lhQqA7mmF+ME61iAP8mWJqSZVJX9wxObDAVbt4ouccEXG7khPFE1LG0QptKbxpgLfZz8Qvr57oyOcHt+sRsg==",
			"dev": true,
			"requires": {
				"@esri/arcgis-rest-types": "^3.4.1",
				"tslib": "^1.13.0"
			}
		},
		"@esri/arcgis-rest-request": {
			"version": "3.4.1",
			"resolved": "https://registry.npmjs.org/@esri/arcgis-rest-request/-/arcgis-rest-request-3.4.1.tgz",
			"integrity": "sha512-uogQiv9MKQO4oiFpAEUtGmEa7oK56q9sNMyqWCj5l+tf+hLiG7sgNdOtqk9o7syBPkf8ya53NVYXyB/dFJjULQ==",
			"dev": true,
			"requires": {
				"tslib": "^1.10.0"
			}
		},
		"@esri/arcgis-rest-service-admin": {
			"version": "3.4.1",
			"resolved": "https://registry.npmjs.org/@esri/arcgis-rest-service-admin/-/arcgis-rest-service-admin-3.4.1.tgz",
			"integrity": "sha512-6vbF6vJSZq2ShNSaYfWOd5z/tJvpjg18asT4f4CrQTj0LEkSq3/ZsDvJ+ubGThj8qkzqnOqLzOMNsGuUKIbeOw==",
			"dev": true,
			"requires": {
				"@esri/arcgis-rest-types": "^3.4.1",
				"tslib": "^1.13.0"
			}
		},
		"@esri/arcgis-rest-types": {
			"version": "3.4.1",
			"resolved": "https://registry.npmjs.org/@esri/arcgis-rest-types/-/arcgis-rest-types-3.4.1.tgz",
			"integrity": "sha512-U3Ukw3KVb4osPdkrVoD6v4613DYiiwiqH16Op8/ZzlY0CD7jSJtsip+F//5HY3m7VPMCTlfNu6aBExPwm4PdEw==",
			"dev": true
		},
		"@types/estree": {
			"version": "0.0.50",
			"resolved": "https://registry.npmjs.org/@types/estree/-/estree-0.0.50.tgz",
			"integrity": "sha512-C6N5s2ZFtuZRj54k2/zyRhNDjJwwcViAM3Nbm8zjBpbqAdZ00mr0CFxvSKeO8Y/e03WVFLpQMdHYVfUd6SB+Hw==",
			"dev": true
		},
		"@types/node": {
			"version": "16.10.1",
			"resolved": "https://registry.npmjs.org/@types/node/-/node-16.10.1.tgz",
			"integrity": "sha512-4/Z9DMPKFexZj/Gn3LylFgamNKHm4K3QDi0gz9B26Uk0c8izYf97B5fxfpspMNkWlFupblKM/nV8+NA9Ffvr+w==",
			"dev": true
		},
		"acorn": {
			"version": "7.4.1",
			"resolved": "https://registry.npmjs.org/acorn/-/acorn-7.4.1.tgz",
			"integrity": "sha512-nQyp0o1/mNdbTO1PO6kHkwSrmgZ0MT/jCCpNiwbUjGoRN4dlBhqJtoQuCnEOKzgTVwg0ZWiCoQy6SxMebQVh8A==",
			"dev": true
		},
		"rollup": {
			"version": "1.32.1",
			"resolved": "https://registry.npmjs.org/rollup/-/rollup-1.32.1.tgz",
			"integrity": "sha512-/2HA0Ec70TvQnXdzynFffkjA6XN+1e2pEv/uKS5Ulca40g2L7KuOE3riasHoNVHOsFD5KKZgDsMk1CP3Tw9s+A==",
			"dev": true,
			"requires": {
				"@types/estree": "*",
				"@types/node": "*",
				"acorn": "^7.1.0"
			}
		},
		"tslib": {
			"version": "1.14.1",
			"resolved": "https://registry.npmjs.org/tslib/-/tslib-1.14.1.tgz",
			"integrity": "sha512-Xni35NKzjgMrwevysHTCArtLDpPvye8zV/0E4EyYn43P7/7qvQwPh9BGkHewbMulVntbigmcT7rdX3BNo9wRJg=="
		},
		"typescript": {
			"version": "4.4.3",
			"resolved": "https://registry.npmjs.org/typescript/-/typescript-4.4.3.tgz",
			"integrity": "sha512-4xfscpisVgqqDfPaJo5vkd+Qd/ItkoagnHpufr+i2QCHBsNYp+G7UAoyFl8aPtx879u38wPV65rZ8qbGZijalA==",
			"dev": true
		}
	}
}
