{
  "name": "@esri/solution-velocity",
  "version": "1.4.1",
  "lockfileVersion": 2,
  "requires": true,
  "packages": {
    "": {
      "name": "@esri/solution-velocity",
      "version": "1.4.1",
      "license": "Apache-2.0",
      "dependencies": {
        "tslib": "1.14.1"
      },
      "devDependencies": {
        "@esri/arcgis-rest-feature-service": "^4.0.3",
        "@esri/arcgis-rest-portal": "^4.0.3",
        "@esri/arcgis-rest-request": "^4.0.3",
        "rollup": "2.66.1"
      },
      "peerDependencies": {
        "@esri/arcgis-rest-feature-service": "^4.0.3",
        "@esri/arcgis-rest-portal": "^4.0.3",
        "@esri/arcgis-rest-request": "^4.0.3"
      }
    },
    "node_modules/@esri/arcgis-rest-feature-service": {
      "version": "4.0.3",
      "resolved": "https://registry.npmjs.org/@esri/arcgis-rest-feature-service/-/arcgis-rest-feature-service-4.0.3.tgz",
      "integrity": "sha512-VHvga97LNIrQHuLk+pBfXEtJkl1ItPIQSXZ78lXohCA5SIwMZuqLuLzgRNABb/WvbuRLsv7pzBwia6yy5o97BA==",
      "dev": true,
      "dependencies": {
        "tslib": "^2.3.0"
      },
      "engines": {
        "node": ">=12.20.0"
      },
      "peerDependencies": {
        "@esri/arcgis-rest-portal": "^4.0.0",
        "@esri/arcgis-rest-request": "^4.0.0"
      }
    },
    "node_modules/@esri/arcgis-rest-feature-service/node_modules/tslib": {
      "version": "2.4.0",
      "resolved": "https://registry.npmjs.org/tslib/-/tslib-2.4.0.tgz",
      "integrity": "sha512-d6xOpEDfsi2CZVlPQzGeux8XMwLT9hssAsaPYExaQMuYskwb+x1x7J371tWlbBdWHroy99KnVB6qIkUbs5X3UQ==",
      "dev": true
    },
    "node_modules/@esri/arcgis-rest-fetch": {
      "version": "4.0.0",
      "resolved": "https://registry.npmjs.org/@esri/arcgis-rest-fetch/-/arcgis-rest-fetch-4.0.0.tgz",
      "integrity": "sha512-ybsMO2L4cxx0IaIx0jv6/VbXidZmQIiGD3bvPF1/n1Y1ljHIhCvX+ti54cQSfg/HW2+VAVVnt8EPD/omVhNAyg==",
      "dev": true,
      "dependencies": {
        "node-fetch": "^3.0.0"
      }
    },
    "node_modules/@esri/arcgis-rest-form-data": {
      "version": "4.0.0",
      "resolved": "https://registry.npmjs.org/@esri/arcgis-rest-form-data/-/arcgis-rest-form-data-4.0.0.tgz",
      "integrity": "sha512-cAS9HONIJgseCDdgRCIHBR4CE/OQXZIRP3FoNx/w+XyjVqK6yQiwCeXpYLfHeEZ6GEQqrA9XUBxifWG9UaJyXA==",
      "dev": true,
      "dependencies": {
        "formdata-node": "^4.1.0"
      }
    },
    "node_modules/@esri/arcgis-rest-portal": {
      "version": "4.0.3",
      "resolved": "https://registry.npmjs.org/@esri/arcgis-rest-portal/-/arcgis-rest-portal-4.0.3.tgz",
      "integrity": "sha512-AkqhWJO2Aa27x+CbNPwuGSskUJyFN0o2KiujejN0t8RP6ypJ9V4e+9ECa0F6eVQSYS48d4io65oQPWVB2SGWYA==",
      "dev": true,
      "dependencies": {
        "tslib": "^2.3.0"
      },
      "engines": {
        "node": ">=12.20.0"
      },
      "peerDependencies": {
        "@esri/arcgis-rest-request": "^4.0.0"
      }
    },
    "node_modules/@esri/arcgis-rest-portal/node_modules/tslib": {
      "version": "2.4.0",
      "resolved": "https://registry.npmjs.org/tslib/-/tslib-2.4.0.tgz",
      "integrity": "sha512-d6xOpEDfsi2CZVlPQzGeux8XMwLT9hssAsaPYExaQMuYskwb+x1x7J371tWlbBdWHroy99KnVB6qIkUbs5X3UQ==",
      "dev": true
    },
    "node_modules/@esri/arcgis-rest-request": {
      "version": "4.0.3",
      "resolved": "https://registry.npmjs.org/@esri/arcgis-rest-request/-/arcgis-rest-request-4.0.3.tgz",
      "integrity": "sha512-4QfYQFszPdEjfl43uIN/Oocqk6We2yjQkdSTZmVMy5sw0k7xds3V9vXdlpYGaIAFHcSbDap4vHF9fw+JFEnwsw==",
      "dev": true,
      "dependencies": {
        "@esri/arcgis-rest-fetch": "^4.0.0",
        "@esri/arcgis-rest-form-data": "^4.0.0",
        "tslib": "^2.3.1"
      },
      "engines": {
        "node": ">=12.20.0"
      }
    },
    "node_modules/@esri/arcgis-rest-request/node_modules/tslib": {
      "version": "2.4.0",
      "resolved": "https://registry.npmjs.org/tslib/-/tslib-2.4.0.tgz",
      "integrity": "sha512-d6xOpEDfsi2CZVlPQzGeux8XMwLT9hssAsaPYExaQMuYskwb+x1x7J371tWlbBdWHroy99KnVB6qIkUbs5X3UQ==",
      "dev": true
    },
    "node_modules/data-uri-to-buffer": {
      "version": "4.0.0",
      "resolved": "https://registry.npmjs.org/data-uri-to-buffer/-/data-uri-to-buffer-4.0.0.tgz",
      "integrity": "sha512-Vr3mLBA8qWmcuschSLAOogKgQ/Jwxulv3RNE4FXnYWRGujzrRWQI4m12fQqRkwX06C0KanhLr4hK+GydchZsaA==",
      "dev": true,
      "engines": {
        "node": ">= 12"
      }
    },
    "node_modules/fetch-blob": {
      "version": "3.2.0",
      "resolved": "https://registry.npmjs.org/fetch-blob/-/fetch-blob-3.2.0.tgz",
      "integrity": "sha512-7yAQpD2UMJzLi1Dqv7qFYnPbaPx7ZfFK6PiIxQ4PfkGPyNyl2Ugx+a/umUonmKqjhM4DnfbMvdX6otXq83soQQ==",
      "dev": true,
      "funding": [
        {
          "type": "github",
          "url": "https://github.com/sponsors/jimmywarting"
        },
        {
          "type": "paypal",
          "url": "https://paypal.me/jimmywarting"
        }
      ],
      "dependencies": {
        "node-domexception": "^1.0.0",
        "web-streams-polyfill": "^3.0.3"
      },
      "engines": {
        "node": "^12.20 || >= 14.13"
      }
    },
    "node_modules/fetch-blob/node_modules/web-streams-polyfill": {
      "version": "3.2.1",
      "resolved": "https://registry.npmjs.org/web-streams-polyfill/-/web-streams-polyfill-3.2.1.tgz",
      "integrity": "sha512-e0MO3wdXWKrLbL0DgGnUV7WHVuw9OUvL4hjgnPkIeEvESk74gAITi5G606JtZPp39cd8HA9VQzCIvA49LpPN5Q==",
      "dev": true,
      "engines": {
        "node": ">= 8"
      }
    },
    "node_modules/formdata-node": {
      "version": "4.3.3",
      "resolved": "https://registry.npmjs.org/formdata-node/-/formdata-node-4.3.3.tgz",
      "integrity": "sha512-coTew7WODO2vF+XhpUdmYz4UBvlsiTMSNaFYZlrXIqYbFd4W7bMwnoALNLE6uvNgzTg2j1JDF0ZImEfF06VPAA==",
      "dev": true,
      "dependencies": {
        "node-domexception": "1.0.0",
        "web-streams-polyfill": "4.0.0-beta.1"
      },
      "engines": {
        "node": ">= 12.20"
      }
    },
    "node_modules/formdata-polyfill": {
      "version": "4.0.10",
      "resolved": "https://registry.npmjs.org/formdata-polyfill/-/formdata-polyfill-4.0.10.tgz",
      "integrity": "sha512-buewHzMvYL29jdeQTVILecSaZKnt/RJWjoZCF5OW60Z67/GmSLBkOFM7qh1PI3zFNtJbaZL5eQu1vLfazOwj4g==",
      "dev": true,
      "dependencies": {
        "fetch-blob": "^3.1.2"
      },
      "engines": {
        "node": ">=12.20.0"
      }
    },
    "node_modules/fsevents": {
      "version": "2.3.2",
      "resolved": "https://registry.npmjs.org/fsevents/-/fsevents-2.3.2.tgz",
      "integrity": "sha512-xiqMQR4xAeHTuB9uWm+fFRcIOgKBMiOBP+eXiyT7jsgVCq1bkVygt00oASowB7EdtpOHaaPgKt812P9ab+DDKA==",
      "dev": true,
      "hasInstallScript": true,
      "optional": true,
      "os": [
        "darwin"
      ],
      "engines": {
        "node": "^8.16.0 || ^10.6.0 || >=11.0.0"
      }
    },
    "node_modules/node-domexception": {
      "version": "1.0.0",
      "resolved": "https://registry.npmjs.org/node-domexception/-/node-domexception-1.0.0.tgz",
      "integrity": "sha512-/jKZoMpw0F8GRwl4/eLROPA3cfcXtLApP0QzLmUT/HuPCZWyB7IY9ZrMeKw2O/nFIqPQB3PVM9aYm0F312AXDQ==",
      "dev": true,
      "funding": [
        {
          "type": "github",
          "url": "https://github.com/sponsors/jimmywarting"
        },
        {
          "type": "github",
          "url": "https://paypal.me/jimmywarting"
        }
      ],
      "engines": {
        "node": ">=10.5.0"
      }
    },
    "node_modules/node-fetch": {
      "version": "3.2.10",
      "resolved": "https://registry.npmjs.org/node-fetch/-/node-fetch-3.2.10.tgz",
      "integrity": "sha512-MhuzNwdURnZ1Cp4XTazr69K0BTizsBroX7Zx3UgDSVcZYKF/6p0CBe4EUb/hLqmzVhl0UpYfgRljQ4yxE+iCxA==",
      "dev": true,
      "dependencies": {
        "data-uri-to-buffer": "^4.0.0",
        "fetch-blob": "^3.1.4",
        "formdata-polyfill": "^4.0.10"
      },
      "engines": {
        "node": "^12.20.0 || ^14.13.1 || >=16.0.0"
      },
      "funding": {
        "type": "opencollective",
        "url": "https://opencollective.com/node-fetch"
      }
    },
    "node_modules/rollup": {
      "version": "2.66.1",
      "resolved": "https://registry.npmjs.org/rollup/-/rollup-2.66.1.tgz",
      "integrity": "sha512-crSgLhSkLMnKr4s9iZ/1qJCplgAgrRY+igWv8KhG/AjKOJ0YX/WpmANyn8oxrw+zenF3BXWDLa7Xl/QZISH+7w==",
      "dev": true,
      "bin": {
        "rollup": "dist/bin/rollup"
      },
      "engines": {
        "node": ">=10.0.0"
      },
      "optionalDependencies": {
        "fsevents": "~2.3.2"
      }
    },
    "node_modules/tslib": {
      "version": "1.14.1",
      "resolved": "https://registry.npmjs.org/tslib/-/tslib-1.14.1.tgz",
      "integrity": "sha512-Xni35NKzjgMrwevysHTCArtLDpPvye8zV/0E4EyYn43P7/7qvQwPh9BGkHewbMulVntbigmcT7rdX3BNo9wRJg=="
    },
    "node_modules/web-streams-polyfill": {
      "version": "4.0.0-beta.1",
      "resolved": "https://registry.npmjs.org/web-streams-polyfill/-/web-streams-polyfill-4.0.0-beta.1.tgz",
      "integrity": "sha512-3ux37gEX670UUphBF9AMCq8XM6iQ8Ac6A+DSRRjDoRBm1ufCkaCDdNVbaqq60PsEkdNlLKrGtv/YBP4EJXqNtQ==",
      "dev": true,
      "engines": {
        "node": ">= 12"
      }
    }
  },
  "dependencies": {
    "@esri/arcgis-rest-feature-service": {
      "version": "4.0.3",
      "resolved": "https://registry.npmjs.org/@esri/arcgis-rest-feature-service/-/arcgis-rest-feature-service-4.0.3.tgz",
      "integrity": "sha512-VHvga97LNIrQHuLk+pBfXEtJkl1ItPIQSXZ78lXohCA5SIwMZuqLuLzgRNABb/WvbuRLsv7pzBwia6yy5o97BA==",
      "dev": true,
      "requires": {
        "tslib": "^2.3.0"
      },
      "dependencies": {
        "tslib": {
          "version": "2.4.0",
          "resolved": "https://registry.npmjs.org/tslib/-/tslib-2.4.0.tgz",
          "integrity": "sha512-d6xOpEDfsi2CZVlPQzGeux8XMwLT9hssAsaPYExaQMuYskwb+x1x7J371tWlbBdWHroy99KnVB6qIkUbs5X3UQ==",
          "dev": true
        }
      }
    },
    "@esri/arcgis-rest-fetch": {
      "version": "4.0.0",
      "resolved": "https://registry.npmjs.org/@esri/arcgis-rest-fetch/-/arcgis-rest-fetch-4.0.0.tgz",
      "integrity": "sha512-ybsMO2L4cxx0IaIx0jv6/VbXidZmQIiGD3bvPF1/n1Y1ljHIhCvX+ti54cQSfg/HW2+VAVVnt8EPD/omVhNAyg==",
      "dev": true,
      "requires": {
        "node-fetch": "^3.0.0"
      }
    },
    "@esri/arcgis-rest-form-data": {
      "version": "4.0.0",
      "resolved": "https://registry.npmjs.org/@esri/arcgis-rest-form-data/-/arcgis-rest-form-data-4.0.0.tgz",
      "integrity": "sha512-cAS9HONIJgseCDdgRCIHBR4CE/OQXZIRP3FoNx/w+XyjVqK6yQiwCeXpYLfHeEZ6GEQqrA9XUBxifWG9UaJyXA==",
      "dev": true,
      "requires": {
        "formdata-node": "^4.1.0"
      }
    },
    "@esri/arcgis-rest-portal": {
      "version": "4.0.3",
      "resolved": "https://registry.npmjs.org/@esri/arcgis-rest-portal/-/arcgis-rest-portal-4.0.3.tgz",
      "integrity": "sha512-AkqhWJO2Aa27x+CbNPwuGSskUJyFN0o2KiujejN0t8RP6ypJ9V4e+9ECa0F6eVQSYS48d4io65oQPWVB2SGWYA==",
      "dev": true,
      "requires": {
        "tslib": "^2.3.0"
      },
      "dependencies": {
        "tslib": {
          "version": "2.4.0",
          "resolved": "https://registry.npmjs.org/tslib/-/tslib-2.4.0.tgz",
          "integrity": "sha512-d6xOpEDfsi2CZVlPQzGeux8XMwLT9hssAsaPYExaQMuYskwb+x1x7J371tWlbBdWHroy99KnVB6qIkUbs5X3UQ==",
          "dev": true
        }
      }
    },
    "@esri/arcgis-rest-request": {
      "version": "4.0.3",
      "resolved": "https://registry.npmjs.org/@esri/arcgis-rest-request/-/arcgis-rest-request-4.0.3.tgz",
      "integrity": "sha512-4QfYQFszPdEjfl43uIN/Oocqk6We2yjQkdSTZmVMy5sw0k7xds3V9vXdlpYGaIAFHcSbDap4vHF9fw+JFEnwsw==",
      "dev": true,
      "requires": {
        "@esri/arcgis-rest-fetch": "^4.0.0",
        "@esri/arcgis-rest-form-data": "^4.0.0",
        "tslib": "^2.3.1"
      },
      "dependencies": {
        "tslib": {
          "version": "2.4.0",
          "resolved": "https://registry.npmjs.org/tslib/-/tslib-2.4.0.tgz",
          "integrity": "sha512-d6xOpEDfsi2CZVlPQzGeux8XMwLT9hssAsaPYExaQMuYskwb+x1x7J371tWlbBdWHroy99KnVB6qIkUbs5X3UQ==",
          "dev": true
        }
      }
    },
    "data-uri-to-buffer": {
      "version": "4.0.0",
      "resolved": "https://registry.npmjs.org/data-uri-to-buffer/-/data-uri-to-buffer-4.0.0.tgz",
      "integrity": "sha512-Vr3mLBA8qWmcuschSLAOogKgQ/Jwxulv3RNE4FXnYWRGujzrRWQI4m12fQqRkwX06C0KanhLr4hK+GydchZsaA==",
      "dev": true
    },
    "fetch-blob": {
      "version": "3.2.0",
      "resolved": "https://registry.npmjs.org/fetch-blob/-/fetch-blob-3.2.0.tgz",
      "integrity": "sha512-7yAQpD2UMJzLi1Dqv7qFYnPbaPx7ZfFK6PiIxQ4PfkGPyNyl2Ugx+a/umUonmKqjhM4DnfbMvdX6otXq83soQQ==",
      "dev": true,
      "requires": {
        "node-domexception": "^1.0.0",
        "web-streams-polyfill": "^3.0.3"
      },
      "dependencies": {
        "web-streams-polyfill": {
          "version": "3.2.1",
          "resolved": "https://registry.npmjs.org/web-streams-polyfill/-/web-streams-polyfill-3.2.1.tgz",
          "integrity": "sha512-e0MO3wdXWKrLbL0DgGnUV7WHVuw9OUvL4hjgnPkIeEvESk74gAITi5G606JtZPp39cd8HA9VQzCIvA49LpPN5Q==",
          "dev": true
        }
      }
    },
    "formdata-node": {
      "version": "4.3.3",
      "resolved": "https://registry.npmjs.org/formdata-node/-/formdata-node-4.3.3.tgz",
      "integrity": "sha512-coTew7WODO2vF+XhpUdmYz4UBvlsiTMSNaFYZlrXIqYbFd4W7bMwnoALNLE6uvNgzTg2j1JDF0ZImEfF06VPAA==",
      "dev": true,
      "requires": {
        "node-domexception": "1.0.0",
        "web-streams-polyfill": "4.0.0-beta.1"
      }
    },
    "formdata-polyfill": {
      "version": "4.0.10",
      "resolved": "https://registry.npmjs.org/formdata-polyfill/-/formdata-polyfill-4.0.10.tgz",
      "integrity": "sha512-buewHzMvYL29jdeQTVILecSaZKnt/RJWjoZCF5OW60Z67/GmSLBkOFM7qh1PI3zFNtJbaZL5eQu1vLfazOwj4g==",
      "dev": true,
      "requires": {
        "fetch-blob": "^3.1.2"
      }
    },
    "fsevents": {
      "version": "2.3.2",
      "resolved": "https://registry.npmjs.org/fsevents/-/fsevents-2.3.2.tgz",
      "integrity": "sha512-xiqMQR4xAeHTuB9uWm+fFRcIOgKBMiOBP+eXiyT7jsgVCq1bkVygt00oASowB7EdtpOHaaPgKt812P9ab+DDKA==",
      "dev": true,
      "optional": true
    },
    "node-domexception": {
      "version": "1.0.0",
      "resolved": "https://registry.npmjs.org/node-domexception/-/node-domexception-1.0.0.tgz",
      "integrity": "sha512-/jKZoMpw0F8GRwl4/eLROPA3cfcXtLApP0QzLmUT/HuPCZWyB7IY9ZrMeKw2O/nFIqPQB3PVM9aYm0F312AXDQ==",
      "dev": true
    },
    "node-fetch": {
      "version": "3.2.10",
      "resolved": "https://registry.npmjs.org/node-fetch/-/node-fetch-3.2.10.tgz",
      "integrity": "sha512-MhuzNwdURnZ1Cp4XTazr69K0BTizsBroX7Zx3UgDSVcZYKF/6p0CBe4EUb/hLqmzVhl0UpYfgRljQ4yxE+iCxA==",
      "dev": true,
      "requires": {
        "data-uri-to-buffer": "^4.0.0",
        "fetch-blob": "^3.1.4",
        "formdata-polyfill": "^4.0.10"
      }
    },
    "rollup": {
      "version": "2.66.1",
      "resolved": "https://registry.npmjs.org/rollup/-/rollup-2.66.1.tgz",
      "integrity": "sha512-crSgLhSkLMnKr4s9iZ/1qJCplgAgrRY+igWv8KhG/AjKOJ0YX/WpmANyn8oxrw+zenF3BXWDLa7Xl/QZISH+7w==",
      "dev": true,
      "requires": {
        "fsevents": "~2.3.2"
      }
    },
    "tslib": {
      "version": "1.14.1",
      "resolved": "https://registry.npmjs.org/tslib/-/tslib-1.14.1.tgz",
      "integrity": "sha512-Xni35NKzjgMrwevysHTCArtLDpPvye8zV/0E4EyYn43P7/7qvQwPh9BGkHewbMulVntbigmcT7rdX3BNo9wRJg=="
    },
    "web-streams-polyfill": {
      "version": "4.0.0-beta.1",
      "resolved": "https://registry.npmjs.org/web-streams-polyfill/-/web-streams-polyfill-4.0.0-beta.1.tgz",
      "integrity": "sha512-3ux37gEX670UUphBF9AMCq8XM6iQ8Ac6A+DSRRjDoRBm1ufCkaCDdNVbaqq60PsEkdNlLKrGtv/YBP4EJXqNtQ==",
      "dev": true
    }
  }
}
