{
	"name": "@esri/solution-common",
	"version": "1.1.2",
	"lockfileVersion": 2,
	"requires": true,
	"packages": {
		"": {
			"name": "@esri/solution-common",
			"version": "1.1.2",
			"license": "Apache-2.0",
			"dependencies": {
				"@esri/arcgis-html-sanitizer": "~2.5.0",
				"@types/lodash.isplainobject": "^4.0.6",
				"adlib": "3.0.7",
				"jszip": "3.7.0",
				"lodash.isplainobject": "^4.0.6",
				"tslib": "^1.13.0",
				"xss": "^1.0.6"
			},
			"devDependencies": {
				"@esri/arcgis-rest-auth": "^3.3.0",
				"@esri/arcgis-rest-feature-layer": "^3.3.0",
				"@esri/arcgis-rest-portal": "^3.3.0",
				"@esri/arcgis-rest-request": "^3.3.0",
				"@esri/arcgis-rest-service-admin": "^3.3.0",
				"@esri/hub-common": "^8.16.0",
				"@esri/hub-initiatives": "^8.16.0",
				"@esri/hub-sites": "^8.16.0",
				"@esri/hub-teams": "^8.16.0",
				"@types/adlib": "^3.0.1",
				"rollup": "^1.22.0"
			},
			"peerDependencies": {
				"@esri/arcgis-rest-auth": "^3.3.0",
				"@esri/arcgis-rest-feature-layer": "^3.3.0",
				"@esri/arcgis-rest-portal": "^3.3.0",
				"@esri/arcgis-rest-request": "^3.3.0",
				"@esri/arcgis-rest-service-admin": "^3.3.0",
				"@esri/hub-common": "^8.16.0",
				"@esri/hub-initiatives": "^8.16.0",
				"@esri/hub-sites": "^8.16.0",
				"@esri/hub-teams": "^8.16.0"
			}
		},
		"node_modules/@esri/arcgis-html-sanitizer": {
			"version": "2.5.0",
			"resolved": "https://registry.npmjs.org/@esri/arcgis-html-sanitizer/-/arcgis-html-sanitizer-2.5.0.tgz",
			"integrity": "sha512-axq4dGwm3bjY/iR1DoPxrnJOt2SKXD0Cy1QYihK4yZx25CEDpfdSUBE71oz77BSYFz+KQZvh6A3xxOgLnVEoWA==",
			"dependencies": {
				"lodash.isplainobject": "^4.0.6",
				"xss": "^1.0.8"
			}
		},
		"node_modules/@esri/arcgis-rest-auth": {
			"version": "3.3.0",
			"resolved": "https://registry.npmjs.org/@esri/arcgis-rest-auth/-/arcgis-rest-auth-3.3.0.tgz",
			"integrity": "sha512-MSmrR0a3VUPXNgH4R0M2X+R9wHc5MTKzsMrwZ7uEdjcLrwRhcdDinW5trd93/wY1LAB2Wals3i9ymrP9yKv7RQ==",
			"dev": true,
			"dependencies": {
				"@esri/arcgis-rest-types": "^3.3.0",
				"tslib": "^1.13.0"
			},
			"peerDependencies": {
				"@esri/arcgis-rest-request": "^3.0.0"
			}
		},
		"node_modules/@esri/arcgis-rest-feature-layer": {
			"version": "3.3.0",
			"resolved": "https://registry.npmjs.org/@esri/arcgis-rest-feature-layer/-/arcgis-rest-feature-layer-3.3.0.tgz",
			"integrity": "sha512-KqtaSoSqUDrZOb3d/L8bWhjEgqkFjKa6p9bcCUpe/gaMoVTtns1hRU3y7rG97aNS7qViAqCywPpxrf6oNE6zoQ==",
			"dev": true,
			"dependencies": {
				"@esri/arcgis-rest-types": "^3.3.0",
				"tslib": "^1.13.0"
			},
			"peerDependencies": {
				"@esri/arcgis-rest-auth": "^3.0.0",
				"@esri/arcgis-rest-request": "^3.0.0"
			}
		},
		"node_modules/@esri/arcgis-rest-portal": {
			"version": "3.3.0",
			"resolved": "https://registry.npmjs.org/@esri/arcgis-rest-portal/-/arcgis-rest-portal-3.3.0.tgz",
			"integrity": "sha512-lCjGwNxduYeYFihoAYLSfV2A8KnQk96M9Bh6aHHqAghalRvN8LtXzrfGRKiEEzZGYqarmSlalqlF3NyDCqJJhQ==",
			"dev": true,
			"dependencies": {
				"@esri/arcgis-rest-types": "^3.3.0",
				"tslib": "^1.13.0"
			},
			"peerDependencies": {
				"@esri/arcgis-rest-auth": "^3.0.0",
				"@esri/arcgis-rest-request": "^3.0.0"
			}
		},
		"node_modules/@esri/arcgis-rest-request": {
			"version": "3.3.0",
			"resolved": "https://registry.npmjs.org/@esri/arcgis-rest-request/-/arcgis-rest-request-3.3.0.tgz",
			"integrity": "sha512-z22R9D1wwQ+0LWjCBOsnwDsVGwAh6Z0V6t+GUBW/4b01KCfDymBhrEc2ILa9FCJ2v5y45uqobnSD82oAB9OYUA==",
			"dev": true,
			"dependencies": {
				"tslib": "^1.10.0"
			}
		},
		"node_modules/@esri/arcgis-rest-service-admin": {
			"version": "3.3.0",
			"resolved": "https://registry.npmjs.org/@esri/arcgis-rest-service-admin/-/arcgis-rest-service-admin-3.3.0.tgz",
			"integrity": "sha512-pdC/vVJJb1M2QbYBPnwcVokx1FF0klrM7w+lwQZGlrzjwVR1c2pkZ+PqJCCjeCmTH8BKaRppqGaJuw8xPZTYww==",
			"dev": true,
			"dependencies": {
				"@esri/arcgis-rest-types": "^3.3.0",
				"tslib": "^1.13.0"
			},
			"peerDependencies": {
				"@esri/arcgis-rest-auth": "^3.0.0",
				"@esri/arcgis-rest-portal": "^3.0.0",
				"@esri/arcgis-rest-request": "^3.0.0"
			}
		},
		"node_modules/@esri/arcgis-rest-types": {
			"version": "3.3.0",
			"resolved": "https://registry.npmjs.org/@esri/arcgis-rest-types/-/arcgis-rest-types-3.3.0.tgz",
			"integrity": "sha512-OVoQQSpamDynBLri7SQOwEPpL7Qlbb8X7YRGMnkfwLjVBszMZeD7A7GVx/7swuqf5vCR1H3AaasOrgQ12jbmdw==",
			"dev": true
		},
		"node_modules/@esri/hub-common": {
			"version": "8.17.3",
			"resolved": "https://registry.npmjs.org/@esri/hub-common/-/hub-common-8.17.3.tgz",
			"integrity": "sha512-dCXlUgDCpmDpXWLiLFKA4iYniHMiXwJSQOQ97zhiLMX/Z4M7gzUZ5JN3VLoLfN7esZD/JBEtisLvBSu36JFutg==",
			"dev": true,
			"dependencies": {
				"adlib": "^3.0.7",
				"tslib": "^1.13.0"
			},
			"peerDependencies": {
				"@esri/arcgis-rest-auth": "^2.14.0 || 3",
				"@esri/arcgis-rest-portal": "^2.15.0 || 3",
				"@esri/arcgis-rest-request": "^2.14.0 || 3",
				"@esri/arcgis-rest-types": "^2.15.0 || 3"
			}
		},
		"node_modules/@esri/hub-initiatives": {
			"version": "8.17.3",
			"resolved": "https://registry.npmjs.org/@esri/hub-initiatives/-/hub-initiatives-8.17.3.tgz",
			"integrity": "sha512-TQTj31X3x0lwpkf/MVevFBbitQQhbequ7ScIeytyCbW1iq4WI79yOBMWlr40q9cKvJ5333TJzcxfx1dmtY8j3w==",
			"dev": true,
			"dependencies": {
				"tslib": "^1.13.0"
			},
			"peerDependencies": {
				"@esri/arcgis-rest-auth": "^2.13.0 || 3",
				"@esri/arcgis-rest-portal": "^2.13.0 || 3",
				"@esri/arcgis-rest-request": "^2.13.0 || 3",
				"@esri/hub-common": "^8.0.0"
			}
		},
		"node_modules/@esri/hub-sites": {
			"version": "8.17.3",
			"resolved": "https://registry.npmjs.org/@esri/hub-sites/-/hub-sites-8.17.3.tgz",
			"integrity": "sha512-H/mTl7XPQqJQSueJQmdjgiQdWL1QtI4QzWYh7EfKXVg8qzOB2ZbZG0NGEvBet4CNudiYQ6n1CbvLzyTHjcH2oA==",
			"dev": true,
			"dependencies": {
				"tslib": "^1.13.0"
			},
			"peerDependencies": {
				"@esri/arcgis-rest-auth": "^2.13.0 || 3",
				"@esri/arcgis-rest-portal": "^2.19.0 || 3",
				"@esri/arcgis-rest-request": "^2.13.0 || 3",
				"@esri/hub-common": "^8.2.0",
				"@esri/hub-initiatives": "^8.0.0",
				"@esri/hub-teams": "^8.0.0"
			}
		},
		"node_modules/@esri/hub-teams": {
			"version": "8.17.3",
			"resolved": "https://registry.npmjs.org/@esri/hub-teams/-/hub-teams-8.17.3.tgz",
			"integrity": "sha512-V5yFRuJ7KdJ+hZi9htio2spmC536klD/AJUZjomsbVqeTWPwNhR6FduhKrWe/nwIQq7crV1rdJM8cX0L6zMDSw==",
			"dev": true,
			"dependencies": {
				"tslib": "^1.13.0"
			},
			"peerDependencies": {
				"@esri/arcgis-rest-auth": "^2.13.0 || 3",
				"@esri/arcgis-rest-portal": "^2.15.0 || 3",
				"@esri/arcgis-rest-request": "^2.13.0 || 3",
				"@esri/arcgis-rest-types": "^2.13.0 || 3",
				"@esri/hub-common": "^8.14.0"
			}
		},
		"node_modules/@types/adlib": {
			"version": "3.0.1",
			"resolved": "https://registry.npmjs.org/@types/adlib/-/adlib-3.0.1.tgz",
			"integrity": "sha512-7vRDaOFejVMdjzKagD45fK+mFs8pb0h9zmvsGrYsaQY9z+X3xUqf71uNMv8+OiVa8u/w1A7DS29LSUFzOnstRw==",
			"dev": true
		},
		"node_modules/@types/estree": {
			"version": "0.0.50",
			"resolved": "https://registry.npmjs.org/@types/estree/-/estree-0.0.50.tgz",
			"integrity": "sha512-C6N5s2ZFtuZRj54k2/zyRhNDjJwwcViAM3Nbm8zjBpbqAdZ00mr0CFxvSKeO8Y/e03WVFLpQMdHYVfUd6SB+Hw==",
			"dev": true
		},
		"node_modules/@types/lodash": {
			"version": "4.14.172",
			"resolved": "https://registry.npmjs.org/@types/lodash/-/lodash-4.14.172.tgz",
			"integrity": "sha512-/BHF5HAx3em7/KkzVKm3LrsD6HZAXuXO1AJZQ3cRRBZj4oHZDviWPYu0aEplAqDFNHZPW6d3G7KN+ONcCCC7pw=="
		},
		"node_modules/@types/lodash.isplainobject": {
			"version": "4.0.6",
			"resolved": "https://registry.npmjs.org/@types/lodash.isplainobject/-/lodash.isplainobject-4.0.6.tgz",
			"integrity": "sha512-8G41YFhmOl8Ck6NrwLK5hhnbz6ADfuDJP+zusDnX3PoYhfC60+H/rQE6zmdO4yFzPCPJPY4oGZK2spbXm6gYEA==",
			"dependencies": {
				"@types/lodash": "*"
			}
		},
		"node_modules/@types/node": {
			"version": "16.9.0",
			"resolved": "https://registry.npmjs.org/@types/node/-/node-16.9.0.tgz",
			"integrity": "sha512-nmP+VR4oT0pJUPFbKE4SXj3Yb4Q/kz3M9dSAO1GGMebRKWHQxLfDNmU/yh3xxCJha3N60nQ/JwXWwOE/ZSEVag==",
			"dev": true
		},
		"node_modules/acorn": {
			"version": "7.4.1",
			"resolved": "https://registry.npmjs.org/acorn/-/acorn-7.4.1.tgz",
			"integrity": "sha512-nQyp0o1/mNdbTO1PO6kHkwSrmgZ0MT/jCCpNiwbUjGoRN4dlBhqJtoQuCnEOKzgTVwg0ZWiCoQy6SxMebQVh8A==",
			"dev": true,
			"bin": {
				"acorn": "bin/acorn"
			},
			"engines": {
				"node": ">=0.4.0"
			}
		},
		"node_modules/adlib": {
			"version": "3.0.7",
			"resolved": "https://registry.npmjs.org/adlib/-/adlib-3.0.7.tgz",
			"integrity": "sha512-74ylfcwB7+fu+jqN6e3mBJrAWhWHI5l8icUKh8IhNhmezetLRaMBrxQKJZ+GgyrNxyW+0M12eUirY1RJ5HhWKg==",
			"dependencies": {
				"esm": "^3.2.25"
			}
		},
		"node_modules/commander": {
			"version": "2.20.3",
			"resolved": "https://registry.npmjs.org/commander/-/commander-2.20.3.tgz",
			"integrity": "sha512-GpVkmM8vF2vQUkj2LvZmD35JxeJOLCwJ9cUkugyk2nuhbv3+mJvpLYYt+0+USMxE+oj+ey/lJEnhZw75x/OMcQ=="
		},
		"node_modules/core-util-is": {
			"version": "1.0.3",
			"resolved": "https://registry.npmjs.org/core-util-is/-/core-util-is-1.0.3.tgz",
			"integrity": "sha512-ZQBvi1DcpJ4GDqanjucZ2Hj3wEO5pZDS89BWbkcrvdxksJorwUDDZamX9ldFkp9aw2lmBDLgkObEA4DWNJ9FYQ=="
		},
		"node_modules/cssfilter": {
			"version": "0.0.10",
			"resolved": "https://registry.npmjs.org/cssfilter/-/cssfilter-0.0.10.tgz",
			"integrity": "sha1-xtJnJjKi5cg+AT5oZKQs6N79IK4="
		},
		"node_modules/esm": {
			"version": "3.2.25",
			"resolved": "https://registry.npmjs.org/esm/-/esm-3.2.25.tgz",
			"integrity": "sha512-U1suiZ2oDVWv4zPO56S0NcR5QriEahGtdN2OR6FiOG4WJvcjBVFB0qI4+eKoWFH483PKGuLuu6V8Z4T5g63UVA==",
			"engines": {
				"node": ">=6"
			}
		},
		"node_modules/immediate": {
			"version": "3.0.6",
			"resolved": "https://registry.npmjs.org/immediate/-/immediate-3.0.6.tgz",
			"integrity": "sha1-nbHb0Pr43m++D13V5Wu2BigN5ps="
		},
		"node_modules/inherits": {
			"version": "2.0.4",
			"resolved": "https://registry.npmjs.org/inherits/-/inherits-2.0.4.tgz",
			"integrity": "sha512-k/vGaX4/Yla3WzyMCvTQOXYeIHvqOKtnqBduzTHpzpQZzAskKMhZ2K+EnBiSM9zGSoIFeMpXKxa4dYeZIQqewQ=="
		},
		"node_modules/isarray": {
			"version": "1.0.0",
			"resolved": "https://registry.npmjs.org/isarray/-/isarray-1.0.0.tgz",
			"integrity": "sha1-u5NdSFgsuhaMBoNJV6VKPgcSTxE="
		},
		"node_modules/jszip": {
			"version": "3.7.0",
			"resolved": "https://registry.npmjs.org/jszip/-/jszip-3.7.0.tgz",
			"integrity": "sha512-Y2OlFIzrDOPWUnpU0LORIcDn2xN7rC9yKffFM/7pGhQuhO+SUhfm2trkJ/S5amjFvem0Y+1EALz/MEPkvHXVNw==",
			"dependencies": {
				"lie": "~3.3.0",
				"pako": "~1.0.2",
				"readable-stream": "~2.3.6",
				"set-immediate-shim": "~1.0.1"
			}
		},
		"node_modules/lie": {
			"version": "3.3.0",
			"resolved": "https://registry.npmjs.org/lie/-/lie-3.3.0.tgz",
			"integrity": "sha512-UaiMJzeWRlEujzAuw5LokY1L5ecNQYZKfmyZ9L7wDHb/p5etKaxXhohBcrw0EYby+G/NA52vRSN4N39dxHAIwQ==",
			"dependencies": {
				"immediate": "~3.0.5"
			}
		},
		"node_modules/lodash.isplainobject": {
			"version": "4.0.6",
			"resolved": "https://registry.npmjs.org/lodash.isplainobject/-/lodash.isplainobject-4.0.6.tgz",
			"integrity": "sha1-fFJqUtibRcRcxpC4gWO+BJf1UMs="
		},
		"node_modules/pako": {
			"version": "1.0.11",
			"resolved": "https://registry.npmjs.org/pako/-/pako-1.0.11.tgz",
			"integrity": "sha512-4hLB8Py4zZce5s4yd9XzopqwVv/yGNhV1Bl8NTmCq1763HeK2+EwVTv+leGeL13Dnh2wfbqowVPXCIO0z4taYw=="
		},
		"node_modules/process-nextick-args": {
			"version": "2.0.1",
			"resolved": "https://registry.npmjs.org/process-nextick-args/-/process-nextick-args-2.0.1.tgz",
			"integrity": "sha512-3ouUOpQhtgrbOa17J7+uxOTpITYWaGP7/AhoR3+A+/1e9skrzelGi/dXzEYyvbxubEF6Wn2ypscTKiKJFFn1ag=="
		},
		"node_modules/readable-stream": {
			"version": "2.3.7",
			"resolved": "https://registry.npmjs.org/readable-stream/-/readable-stream-2.3.7.tgz",
			"integrity": "sha512-Ebho8K4jIbHAxnuxi7o42OrZgF/ZTNcsZj6nRKyUmkhLFq8CHItp/fy6hQZuZmP/n3yZ9VBUbp4zz/mX8hmYPw==",
			"dependencies": {
				"core-util-is": "~1.0.0",
				"inherits": "~2.0.3",
				"isarray": "~1.0.0",
				"process-nextick-args": "~2.0.0",
				"safe-buffer": "~5.1.1",
				"string_decoder": "~1.1.1",
				"util-deprecate": "~1.0.1"
			}
		},
		"node_modules/rollup": {
			"version": "1.32.1",
			"resolved": "https://registry.npmjs.org/rollup/-/rollup-1.32.1.tgz",
			"integrity": "sha512-/2HA0Ec70TvQnXdzynFffkjA6XN+1e2pEv/uKS5Ulca40g2L7KuOE3riasHoNVHOsFD5KKZgDsMk1CP3Tw9s+A==",
			"dev": true,
			"dependencies": {
				"@types/estree": "*",
				"@types/node": "*",
				"acorn": "^7.1.0"
			},
			"bin": {
				"rollup": "dist/bin/rollup"
			}
		},
		"node_modules/safe-buffer": {
			"version": "5.1.2",
			"resolved": "https://registry.npmjs.org/safe-buffer/-/safe-buffer-5.1.2.tgz",
			"integrity": "sha512-Gd2UZBJDkXlY7GbJxfsE8/nvKkUEU1G38c1siN6QP6a9PT9MmHB8GnpscSmMJSoF8LOIrt8ud/wPtojys4G6+g=="
		},
		"node_modules/set-immediate-shim": {
			"version": "1.0.1",
			"resolved": "https://registry.npmjs.org/set-immediate-shim/-/set-immediate-shim-1.0.1.tgz",
			"integrity": "sha1-SysbJ+uAip+NzEgaWOXlb1mfP2E=",
			"engines": {
				"node": ">=0.10.0"
			}
		},
		"node_modules/string_decoder": {
			"version": "1.1.1",
			"resolved": "https://registry.npmjs.org/string_decoder/-/string_decoder-1.1.1.tgz",
			"integrity": "sha512-n/ShnvDi6FHbbVfviro+WojiFzv+s8MPMHBczVePfUpDJLwoLT0ht1l4YwBCbi8pJAveEEdnkHyPyTP/mzRfwg==",
			"dependencies": {
				"safe-buffer": "~5.1.0"
			}
		},
		"node_modules/tslib": {
			"version": "1.14.1",
			"resolved": "https://registry.npmjs.org/tslib/-/tslib-1.14.1.tgz",
			"integrity": "sha512-Xni35NKzjgMrwevysHTCArtLDpPvye8zV/0E4EyYn43P7/7qvQwPh9BGkHewbMulVntbigmcT7rdX3BNo9wRJg=="
		},
		"node_modules/util-deprecate": {
			"version": "1.0.2",
			"resolved": "https://registry.npmjs.org/util-deprecate/-/util-deprecate-1.0.2.tgz",
			"integrity": "sha1-RQ1Nyfpw3nMnYvvS1KKJgUGaDM8="
		},
		"node_modules/xss": {
			"version": "1.0.9",
			"resolved": "https://registry.npmjs.org/xss/-/xss-1.0.9.tgz",
			"integrity": "sha512-2t7FahYnGJys6DpHLhajusId7R0Pm2yTmuL0GV9+mV0ZlaLSnb2toBmppATfg5sWIhZQGlsTLoecSzya+l4EAQ==",
			"dependencies": {
				"commander": "^2.20.3",
				"cssfilter": "0.0.10"
			},
			"bin": {
				"xss": "bin/xss"
			},
			"engines": {
				"node": ">= 0.10.0"
			}
		}
	},
	"dependencies": {
		"@esri/arcgis-html-sanitizer": {
			"version": "2.5.0",
			"resolved": "https://registry.npmjs.org/@esri/arcgis-html-sanitizer/-/arcgis-html-sanitizer-2.5.0.tgz",
			"integrity": "sha512-axq4dGwm3bjY/iR1DoPxrnJOt2SKXD0Cy1QYihK4yZx25CEDpfdSUBE71oz77BSYFz+KQZvh6A3xxOgLnVEoWA==",
			"requires": {
				"lodash.isplainobject": "^4.0.6",
				"xss": "^1.0.8"
			}
		},
		"@esri/arcgis-rest-auth": {
			"version": "3.3.0",
			"resolved": "https://registry.npmjs.org/@esri/arcgis-rest-auth/-/arcgis-rest-auth-3.3.0.tgz",
			"integrity": "sha512-MSmrR0a3VUPXNgH4R0M2X+R9wHc5MTKzsMrwZ7uEdjcLrwRhcdDinW5trd93/wY1LAB2Wals3i9ymrP9yKv7RQ==",
			"dev": true,
			"requires": {
				"@esri/arcgis-rest-types": "^3.3.0",
				"tslib": "^1.13.0"
			}
		},
		"@esri/arcgis-rest-feature-layer": {
			"version": "3.3.0",
			"resolved": "https://registry.npmjs.org/@esri/arcgis-rest-feature-layer/-/arcgis-rest-feature-layer-3.3.0.tgz",
			"integrity": "sha512-KqtaSoSqUDrZOb3d/L8bWhjEgqkFjKa6p9bcCUpe/gaMoVTtns1hRU3y7rG97aNS7qViAqCywPpxrf6oNE6zoQ==",
			"dev": true,
			"requires": {
				"@esri/arcgis-rest-types": "^3.3.0",
				"tslib": "^1.13.0"
			}
		},
		"@esri/arcgis-rest-portal": {
			"version": "3.3.0",
			"resolved": "https://registry.npmjs.org/@esri/arcgis-rest-portal/-/arcgis-rest-portal-3.3.0.tgz",
			"integrity": "sha512-lCjGwNxduYeYFihoAYLSfV2A8KnQk96M9Bh6aHHqAghalRvN8LtXzrfGRKiEEzZGYqarmSlalqlF3NyDCqJJhQ==",
			"dev": true,
			"requires": {
				"@esri/arcgis-rest-types": "^3.3.0",
				"tslib": "^1.13.0"
			}
		},
		"@esri/arcgis-rest-request": {
			"version": "3.3.0",
			"resolved": "https://registry.npmjs.org/@esri/arcgis-rest-request/-/arcgis-rest-request-3.3.0.tgz",
			"integrity": "sha512-z22R9D1wwQ+0LWjCBOsnwDsVGwAh6Z0V6t+GUBW/4b01KCfDymBhrEc2ILa9FCJ2v5y45uqobnSD82oAB9OYUA==",
			"dev": true,
			"requires": {
				"tslib": "^1.10.0"
			}
		},
		"@esri/arcgis-rest-service-admin": {
			"version": "3.3.0",
			"resolved": "https://registry.npmjs.org/@esri/arcgis-rest-service-admin/-/arcgis-rest-service-admin-3.3.0.tgz",
			"integrity": "sha512-pdC/vVJJb1M2QbYBPnwcVokx1FF0klrM7w+lwQZGlrzjwVR1c2pkZ+PqJCCjeCmTH8BKaRppqGaJuw8xPZTYww==",
			"dev": true,
			"requires": {
				"@esri/arcgis-rest-types": "^3.3.0",
				"tslib": "^1.13.0"
			}
		},
		"@esri/arcgis-rest-types": {
			"version": "3.3.0",
			"resolved": "https://registry.npmjs.org/@esri/arcgis-rest-types/-/arcgis-rest-types-3.3.0.tgz",
			"integrity": "sha512-OVoQQSpamDynBLri7SQOwEPpL7Qlbb8X7YRGMnkfwLjVBszMZeD7A7GVx/7swuqf5vCR1H3AaasOrgQ12jbmdw==",
			"dev": true
		},
		"@esri/hub-common": {
			"version": "8.17.3",
			"resolved": "https://registry.npmjs.org/@esri/hub-common/-/hub-common-8.17.3.tgz",
			"integrity": "sha512-dCXlUgDCpmDpXWLiLFKA4iYniHMiXwJSQOQ97zhiLMX/Z4M7gzUZ5JN3VLoLfN7esZD/JBEtisLvBSu36JFutg==",
			"dev": true,
			"requires": {
				"adlib": "^3.0.7",
				"tslib": "^1.13.0"
			}
		},
		"@esri/hub-initiatives": {
			"version": "8.17.3",
			"resolved": "https://registry.npmjs.org/@esri/hub-initiatives/-/hub-initiatives-8.17.3.tgz",
			"integrity": "sha512-TQTj31X3x0lwpkf/MVevFBbitQQhbequ7ScIeytyCbW1iq4WI79yOBMWlr40q9cKvJ5333TJzcxfx1dmtY8j3w==",
			"dev": true,
			"requires": {
				"tslib": "^1.13.0"
			}
		},
		"@esri/hub-sites": {
			"version": "8.17.3",
			"resolved": "https://registry.npmjs.org/@esri/hub-sites/-/hub-sites-8.17.3.tgz",
			"integrity": "sha512-H/mTl7XPQqJQSueJQmdjgiQdWL1QtI4QzWYh7EfKXVg8qzOB2ZbZG0NGEvBet4CNudiYQ6n1CbvLzyTHjcH2oA==",
			"dev": true,
			"requires": {
				"tslib": "^1.13.0"
			}
		},
		"@esri/hub-teams": {
			"version": "8.17.3",
			"resolved": "https://registry.npmjs.org/@esri/hub-teams/-/hub-teams-8.17.3.tgz",
			"integrity": "sha512-V5yFRuJ7KdJ+hZi9htio2spmC536klD/AJUZjomsbVqeTWPwNhR6FduhKrWe/nwIQq7crV1rdJM8cX0L6zMDSw==",
			"dev": true,
			"requires": {
				"tslib": "^1.13.0"
			}
		},
		"@types/adlib": {
			"version": "3.0.1",
			"resolved": "https://registry.npmjs.org/@types/adlib/-/adlib-3.0.1.tgz",
			"integrity": "sha512-7vRDaOFejVMdjzKagD45fK+mFs8pb0h9zmvsGrYsaQY9z+X3xUqf71uNMv8+OiVa8u/w1A7DS29LSUFzOnstRw==",
			"dev": true
		},
		"@types/estree": {
			"version": "0.0.50",
			"resolved": "https://registry.npmjs.org/@types/estree/-/estree-0.0.50.tgz",
			"integrity": "sha512-C6N5s2ZFtuZRj54k2/zyRhNDjJwwcViAM3Nbm8zjBpbqAdZ00mr0CFxvSKeO8Y/e03WVFLpQMdHYVfUd6SB+Hw==",
			"dev": true
		},
		"@types/lodash": {
			"version": "4.14.172",
			"resolved": "https://registry.npmjs.org/@types/lodash/-/lodash-4.14.172.tgz",
			"integrity": "sha512-/BHF5HAx3em7/KkzVKm3LrsD6HZAXuXO1AJZQ3cRRBZj4oHZDviWPYu0aEplAqDFNHZPW6d3G7KN+ONcCCC7pw=="
		},
		"@types/lodash.isplainobject": {
			"version": "4.0.6",
			"resolved": "https://registry.npmjs.org/@types/lodash.isplainobject/-/lodash.isplainobject-4.0.6.tgz",
			"integrity": "sha512-8G41YFhmOl8Ck6NrwLK5hhnbz6ADfuDJP+zusDnX3PoYhfC60+H/rQE6zmdO4yFzPCPJPY4oGZK2spbXm6gYEA==",
			"requires": {
				"@types/lodash": "*"
			}
		},
		"@types/node": {
			"version": "16.9.0",
			"resolved": "https://registry.npmjs.org/@types/node/-/node-16.9.0.tgz",
			"integrity": "sha512-nmP+VR4oT0pJUPFbKE4SXj3Yb4Q/kz3M9dSAO1GGMebRKWHQxLfDNmU/yh3xxCJha3N60nQ/JwXWwOE/ZSEVag==",
			"dev": true
		},
		"acorn": {
			"version": "7.4.1",
			"resolved": "https://registry.npmjs.org/acorn/-/acorn-7.4.1.tgz",
			"integrity": "sha512-nQyp0o1/mNdbTO1PO6kHkwSrmgZ0MT/jCCpNiwbUjGoRN4dlBhqJtoQuCnEOKzgTVwg0ZWiCoQy6SxMebQVh8A==",
			"dev": true
		},
		"adlib": {
			"version": "3.0.7",
			"resolved": "https://registry.npmjs.org/adlib/-/adlib-3.0.7.tgz",
			"integrity": "sha512-74ylfcwB7+fu+jqN6e3mBJrAWhWHI5l8icUKh8IhNhmezetLRaMBrxQKJZ+GgyrNxyW+0M12eUirY1RJ5HhWKg==",
			"requires": {
				"esm": "^3.2.25"
			}
		},
		"commander": {
			"version": "2.20.3",
			"resolved": "https://registry.npmjs.org/commander/-/commander-2.20.3.tgz",
			"integrity": "sha512-GpVkmM8vF2vQUkj2LvZmD35JxeJOLCwJ9cUkugyk2nuhbv3+mJvpLYYt+0+USMxE+oj+ey/lJEnhZw75x/OMcQ=="
		},
		"core-util-is": {
			"version": "1.0.3",
			"resolved": "https://registry.npmjs.org/core-util-is/-/core-util-is-1.0.3.tgz",
			"integrity": "sha512-ZQBvi1DcpJ4GDqanjucZ2Hj3wEO5pZDS89BWbkcrvdxksJorwUDDZamX9ldFkp9aw2lmBDLgkObEA4DWNJ9FYQ=="
		},
		"cssfilter": {
			"version": "0.0.10",
			"resolved": "https://registry.npmjs.org/cssfilter/-/cssfilter-0.0.10.tgz",
			"integrity": "sha1-xtJnJjKi5cg+AT5oZKQs6N79IK4="
		},
		"esm": {
			"version": "3.2.25",
			"resolved": "https://registry.npmjs.org/esm/-/esm-3.2.25.tgz",
			"integrity": "sha512-U1suiZ2oDVWv4zPO56S0NcR5QriEahGtdN2OR6FiOG4WJvcjBVFB0qI4+eKoWFH483PKGuLuu6V8Z4T5g63UVA=="
		},
		"immediate": {
			"version": "3.0.6",
			"resolved": "https://registry.npmjs.org/immediate/-/immediate-3.0.6.tgz",
			"integrity": "sha1-nbHb0Pr43m++D13V5Wu2BigN5ps="
		},
		"inherits": {
			"version": "2.0.4",
			"resolved": "https://registry.npmjs.org/inherits/-/inherits-2.0.4.tgz",
			"integrity": "sha512-k/vGaX4/Yla3WzyMCvTQOXYeIHvqOKtnqBduzTHpzpQZzAskKMhZ2K+EnBiSM9zGSoIFeMpXKxa4dYeZIQqewQ=="
		},
		"isarray": {
			"version": "1.0.0",
			"resolved": "https://registry.npmjs.org/isarray/-/isarray-1.0.0.tgz",
			"integrity": "sha1-u5NdSFgsuhaMBoNJV6VKPgcSTxE="
		},
		"jszip": {
			"version": "3.7.0",
			"resolved": "https://registry.npmjs.org/jszip/-/jszip-3.7.0.tgz",
			"integrity": "sha512-Y2OlFIzrDOPWUnpU0LORIcDn2xN7rC9yKffFM/7pGhQuhO+SUhfm2trkJ/S5amjFvem0Y+1EALz/MEPkvHXVNw==",
			"requires": {
				"lie": "~3.3.0",
				"pako": "~1.0.2",
				"readable-stream": "~2.3.6",
				"set-immediate-shim": "~1.0.1"
			}
		},
		"lie": {
			"version": "3.3.0",
			"resolved": "https://registry.npmjs.org/lie/-/lie-3.3.0.tgz",
			"integrity": "sha512-UaiMJzeWRlEujzAuw5LokY1L5ecNQYZKfmyZ9L7wDHb/p5etKaxXhohBcrw0EYby+G/NA52vRSN4N39dxHAIwQ==",
			"requires": {
				"immediate": "~3.0.5"
			}
		},
		"lodash.isplainobject": {
			"version": "4.0.6",
			"resolved": "https://registry.npmjs.org/lodash.isplainobject/-/lodash.isplainobject-4.0.6.tgz",
			"integrity": "sha1-fFJqUtibRcRcxpC4gWO+BJf1UMs="
		},
		"pako": {
			"version": "1.0.11",
			"resolved": "https://registry.npmjs.org/pako/-/pako-1.0.11.tgz",
			"integrity": "sha512-4hLB8Py4zZce5s4yd9XzopqwVv/yGNhV1Bl8NTmCq1763HeK2+EwVTv+leGeL13Dnh2wfbqowVPXCIO0z4taYw=="
		},
		"process-nextick-args": {
			"version": "2.0.1",
			"resolved": "https://registry.npmjs.org/process-nextick-args/-/process-nextick-args-2.0.1.tgz",
			"integrity": "sha512-3ouUOpQhtgrbOa17J7+uxOTpITYWaGP7/AhoR3+A+/1e9skrzelGi/dXzEYyvbxubEF6Wn2ypscTKiKJFFn1ag=="
		},
		"readable-stream": {
			"version": "2.3.7",
			"resolved": "https://registry.npmjs.org/readable-stream/-/readable-stream-2.3.7.tgz",
			"integrity": "sha512-Ebho8K4jIbHAxnuxi7o42OrZgF/ZTNcsZj6nRKyUmkhLFq8CHItp/fy6hQZuZmP/n3yZ9VBUbp4zz/mX8hmYPw==",
			"requires": {
				"core-util-is": "~1.0.0",
				"inherits": "~2.0.3",
				"isarray": "~1.0.0",
				"process-nextick-args": "~2.0.0",
				"safe-buffer": "~5.1.1",
				"string_decoder": "~1.1.1",
				"util-deprecate": "~1.0.1"
			}
		},
		"rollup": {
			"version": "1.32.1",
			"resolved": "https://registry.npmjs.org/rollup/-/rollup-1.32.1.tgz",
			"integrity": "sha512-/2HA0Ec70TvQnXdzynFffkjA6XN+1e2pEv/uKS5Ulca40g2L7KuOE3riasHoNVHOsFD5KKZgDsMk1CP3Tw9s+A==",
			"dev": true,
			"requires": {
				"@types/estree": "*",
				"@types/node": "*",
				"acorn": "^7.1.0"
			}
		},
		"safe-buffer": {
			"version": "5.1.2",
			"resolved": "https://registry.npmjs.org/safe-buffer/-/safe-buffer-5.1.2.tgz",
			"integrity": "sha512-Gd2UZBJDkXlY7GbJxfsE8/nvKkUEU1G38c1siN6QP6a9PT9MmHB8GnpscSmMJSoF8LOIrt8ud/wPtojys4G6+g=="
		},
		"set-immediate-shim": {
			"version": "1.0.1",
			"resolved": "https://registry.npmjs.org/set-immediate-shim/-/set-immediate-shim-1.0.1.tgz",
			"integrity": "sha1-SysbJ+uAip+NzEgaWOXlb1mfP2E="
		},
		"string_decoder": {
			"version": "1.1.1",
			"resolved": "https://registry.npmjs.org/string_decoder/-/string_decoder-1.1.1.tgz",
			"integrity": "sha512-n/ShnvDi6FHbbVfviro+WojiFzv+s8MPMHBczVePfUpDJLwoLT0ht1l4YwBCbi8pJAveEEdnkHyPyTP/mzRfwg==",
			"requires": {
				"safe-buffer": "~5.1.0"
			}
		},
		"tslib": {
			"version": "1.14.1",
			"resolved": "https://registry.npmjs.org/tslib/-/tslib-1.14.1.tgz",
			"integrity": "sha512-Xni35NKzjgMrwevysHTCArtLDpPvye8zV/0E4EyYn43P7/7qvQwPh9BGkHewbMulVntbigmcT7rdX3BNo9wRJg=="
		},
		"util-deprecate": {
			"version": "1.0.2",
			"resolved": "https://registry.npmjs.org/util-deprecate/-/util-deprecate-1.0.2.tgz",
			"integrity": "sha1-RQ1Nyfpw3nMnYvvS1KKJgUGaDM8="
		},
		"xss": {
			"version": "1.0.9",
			"resolved": "https://registry.npmjs.org/xss/-/xss-1.0.9.tgz",
			"integrity": "sha512-2t7FahYnGJys6DpHLhajusId7R0Pm2yTmuL0GV9+mV0ZlaLSnb2toBmppATfg5sWIhZQGlsTLoecSzya+l4EAQ==",
			"requires": {
				"commander": "^2.20.3",
				"cssfilter": "0.0.10"
			}
		}
	}
}
