{
  "name": "@esri/solution-common",
  "version": "0.4.7",
  "lockfileVersion": 1,
  "requires": true,
  "dependencies": {
    "@esri/arcgis-rest-auth": {
      "version": "2.3.0",
      "resolved": "https://registry.npmjs.org/@esri/arcgis-rest-auth/-/arcgis-rest-auth-2.3.0.tgz",
      "integrity": "sha512-h0aQMNc3tQq+YZ6hGlPvdqEaP5k4fRgg/2+CFD2j7pZ63WxRAZ4mBs1QNUcFTogmX5B2GZNlzhJrza40VM2zsg==",
      "dev": true,
      "requires": {
        "@esri/arcgis-rest-types": "^2.3.0",
        "tslib": "^1.9.3"
      }
    },
    "@esri/arcgis-rest-portal": {
      "version": "2.3.0",
      "resolved": "https://registry.npmjs.org/@esri/arcgis-rest-portal/-/arcgis-rest-portal-2.3.0.tgz",
      "integrity": "sha512-SNwamUZiXhfPb5faQ/9YoIq7/oupAy3ekqc3uTgYBF8cJa9wikWHJCKy8/VxaAiEq5jHKt3/M0dlBoZF11kOng==",
      "dev": true,
      "requires": {
        "@esri/arcgis-rest-types": "^2.3.0",
        "tslib": "^1.9.3"
      }
    },
    "@esri/arcgis-rest-request": {
      "version": "2.3.0",
      "resolved": "https://registry.npmjs.org/@esri/arcgis-rest-request/-/arcgis-rest-request-2.3.0.tgz",
      "integrity": "sha512-zfB+JP71/QP2kXI3xr5OkM5xUqAOmmkBcR4AvwRT7upo94x/iGur44klPPJO5QjmYUG9HSC344qgMGIw7t/5Sg==",
      "dev": true,
      "requires": {
        "tslib": "^1.9.3"
      }
    },
    "@esri/arcgis-rest-service-admin": {
      "version": "2.3.0",
      "resolved": "https://registry.npmjs.org/@esri/arcgis-rest-service-admin/-/arcgis-rest-service-admin-2.3.0.tgz",
      "integrity": "sha512-JKY+iJrUxE7Lyx2pcCxjNCXfafeupumoh3b0H15LvcsadAdNZsz74uOaUUKcz4m5/uFzU01UVGKEeFbCq6i8cw==",
      "dev": true,
      "requires": {
        "@esri/arcgis-rest-types": "^2.3.0",
        "tslib": "^1.9.3"
      }
    },
    "@esri/arcgis-rest-types": {
      "version": "2.4.0",
      "resolved": "https://registry.npmjs.org/@esri/arcgis-rest-types/-/arcgis-rest-types-2.4.0.tgz",
      "integrity": "sha512-w34S5X5eHs1TqrSupe/aurVHF7YAHzgNmG4tB/6MSyUbOwiy5K5xnEO282MUEs7btNaDe0Jo6VyBsGGGHdV9rg==",
      "dev": true
    },
    "adlib": {
      "version": "3.0.0",
      "resolved": "https://registry.npmjs.org/adlib/-/adlib-3.0.0.tgz",
      "integrity": "sha512-xWI+tcS73D5ufXbw/qJChd3X7qkjxydJTneb54zcbCCvemCgvR+wTvvOv8OdHRPhIvymZIF0QVm7UU77qNB6PA==",
      "requires": {
        "esm": "^3.0.49"
      }
    },
    "esm": {
      "version": "3.2.25",
      "resolved": "https://registry.npmjs.org/esm/-/esm-3.2.25.tgz",
      "integrity": "sha512-U1suiZ2oDVWv4zPO56S0NcR5QriEahGtdN2OR6FiOG4WJvcjBVFB0qI4+eKoWFH483PKGuLuu6V8Z4T5g63UVA=="
    },
    "tslib": {
      "version": "1.10.0",
      "resolved": "https://registry.npmjs.org/tslib/-/tslib-1.10.0.tgz",
      "integrity": "sha512-qOebF53frne81cf0S9B41ByenJ3/IuH8yJKngAX35CmiZySA0khhkovshKK+jGCaMnVomla7gVlIcc3EvKPbTQ=="
    }
  }
}
