{
	"name": "@esri/solution-common",
	"version": "0.5.8",
	"lockfileVersion": 1,
	"requires": true,
	"dependencies": {
		"@esri/arcgis-rest-auth": {
			"version": "2.6.1",
			"resolved": "https://registry.npmjs.org/@esri/arcgis-rest-auth/-/arcgis-rest-auth-2.6.1.tgz",
			"integrity": "sha512-smGe4SfEjcDYIwdua3H1asKSXky5cw1J+jEboUIFn9BRbvL+pndFT0sjTBy04qw913EDGU2UojPUDAPcimHrBA==",
			"dev": true,
			"requires": {
				"@esri/arcgis-rest-types": "^2.6.1",
				"tslib": "^1.9.3"
			}
		},
		"@esri/arcgis-rest-feature-layer": {
			"version": "2.6.1",
			"resolved": "https://registry.npmjs.org/@esri/arcgis-rest-feature-layer/-/arcgis-rest-feature-layer-2.6.1.tgz",
			"integrity": "sha512-1oT47c3J436x9NYgSl6PQGM/EVfJsfAYQG03yrKx3H5YqZHupxf/w66/AeOc7Cj53l4kXqlkvC4SfgWKOsy3zw==",
			"dev": true,
			"requires": {
				"@esri/arcgis-rest-types": "^2.6.1",
				"tslib": "^1.9.3"
			}
		},
		"@esri/arcgis-rest-portal": {
			"version": "2.6.1",
			"resolved": "https://registry.npmjs.org/@esri/arcgis-rest-portal/-/arcgis-rest-portal-2.6.1.tgz",
			"integrity": "sha512-1v1+gtiNhHaYDgwDvm4aLjXeu4+V/+uG7upMk2DPRPd/ZV6ZywkzgA/dTQPffLz6detke9+m/YO/L0m5KRP27g==",
			"dev": true,
			"requires": {
				"@esri/arcgis-rest-types": "^2.6.1",
				"tslib": "^1.9.3"
			}
		},
		"@esri/arcgis-rest-request": {
			"version": "2.6.1",
			"resolved": "https://registry.npmjs.org/@esri/arcgis-rest-request/-/arcgis-rest-request-2.6.1.tgz",
			"integrity": "sha512-Dp6f/ArgwncnR/Gv1v6j+f4km6uf56ygUqqWBfq/ZbyWD8f1iw0E7yjIMf+mfr8uXHhTwvwvFLml4Wa1J/pbIw==",
			"dev": true,
			"requires": {
				"tslib": "^1.9.3"
			}
		},
		"@esri/arcgis-rest-service-admin": {
			"version": "2.6.1",
			"resolved": "https://registry.npmjs.org/@esri/arcgis-rest-service-admin/-/arcgis-rest-service-admin-2.6.1.tgz",
			"integrity": "sha512-2MKYO3B59+1qs7mejVEI+2hBwWPQr0zGm/SqAJHJNImxhjpPVX10KZCv4bGKbdmdzjcSnvInOkzudDlZc5OLaw==",
			"dev": true,
			"requires": {
				"@esri/arcgis-rest-types": "^2.6.1",
				"tslib": "^1.9.3"
			}
		},
		"@esri/arcgis-rest-types": {
			"version": "2.6.1",
			"resolved": "https://registry.npmjs.org/@esri/arcgis-rest-types/-/arcgis-rest-types-2.6.1.tgz",
			"integrity": "sha512-iBdin1odDUieRUkCjcZZ2zbQDaB+6dzMFBHozeLIC78J7OnZnhLcpyZ8LpwxP4p9ooXRbNFiqTAPR7QMHQH47Q==",
			"dev": true
		},
		"@types/estree": {
			"version": "0.0.40",
			"resolved": "https://registry.npmjs.org/@types/estree/-/estree-0.0.40.tgz",
			"integrity": "sha512-p3KZgMto/JyxosKGmnLDJ/dG5wf+qTRMUjHJcspC2oQKa4jP7mz+tv0ND56lLBu3ojHlhzY33Ol+khLyNmilkA==",
			"dev": true
		},
		"@types/node": {
			"version": "12.12.14",
			"resolved": "https://registry.npmjs.org/@types/node/-/node-12.12.14.tgz",
			"integrity": "sha512-u/SJDyXwuihpwjXy7hOOghagLEV1KdAST6syfnOk6QZAMzZuWZqXy5aYYZbh8Jdpd4escVFP0MvftHNDb9pruA==",
			"dev": true
		},
		"acorn": {
			"version": "7.1.0",
			"resolved": "https://registry.npmjs.org/acorn/-/acorn-7.1.0.tgz",
			"integrity": "sha512-kL5CuoXA/dgxlBbVrflsflzQ3PAas7RYZB52NOm/6839iVYJgKMJ3cQJD+t2i5+qFa8h3MDpEOJiS64E8JLnSQ==",
			"dev": true
		},
		"adlib": {
			"version": "3.0.4",
			"resolved": "https://registry.npmjs.org/adlib/-/adlib-3.0.4.tgz",
			"integrity": "sha512-Xcr/XU4dfy8L7cdk7068oYoUEVqrryRoRwazP0VPzCiMmT651g6H0/z14xzRHbVGJr5HWisYyqi6ktgITufYAQ==",
			"requires": {
				"esm": "^3.2.25"
			}
		},
		"esm": {
			"version": "3.2.25",
			"resolved": "https://registry.npmjs.org/esm/-/esm-3.2.25.tgz",
			"integrity": "sha512-U1suiZ2oDVWv4zPO56S0NcR5QriEahGtdN2OR6FiOG4WJvcjBVFB0qI4+eKoWFH483PKGuLuu6V8Z4T5g63UVA=="
		},
		"rollup": {
			"version": "1.27.8",
			"resolved": "https://registry.npmjs.org/rollup/-/rollup-1.27.8.tgz",
			"integrity": "sha512-EVoEV5rAWl+5clnGznt1KY8PeVkzVQh/R0d2s3gHEkN7gfoyC4JmvIVuCtPbYE8NM5Ep/g+nAmvKXBjzaqTsHA==",
			"dev": true,
			"requires": {
				"@types/estree": "*",
				"@types/node": "*",
				"acorn": "^7.1.0"
			}
		},
		"tslib": {
			"version": "1.10.0",
			"resolved": "https://registry.npmjs.org/tslib/-/tslib-1.10.0.tgz",
			"integrity": "sha512-qOebF53frne81cf0S9B41ByenJ3/IuH8yJKngAX35CmiZySA0khhkovshKK+jGCaMnVomla7gVlIcc3EvKPbTQ=="
		}
	}
}
