{
	"name": "@esri/solution-form",
	"version": "0.22.0",
	"lockfileVersion": 1,
	"requires": true,
	"dependencies": {
		"@esri/arcgis-rest-auth": {
			"version": "2.25.0",
			"resolved": "https://registry.npmjs.org/@esri/arcgis-rest-auth/-/arcgis-rest-auth-2.25.0.tgz",
			"integrity": "sha512-fJHbusenCtna0vZUcqX2L0a3KAKOrXIQJE++qRFK8IaVfIjx2KWgkOfgiAgW4kUkRsF1lq15pXEXVRo5LyD43Q==",
			"dev": true,
			"requires": {
				"@esri/arcgis-rest-types": "^2.25.0",
				"tslib": "^1.13.0"
			}
		},
		"@esri/arcgis-rest-feature-layer": {
			"version": "2.25.0",
			"resolved": "https://registry.npmjs.org/@esri/arcgis-rest-feature-layer/-/arcgis-rest-feature-layer-2.25.0.tgz",
			"integrity": "sha512-gg1QoJEIGyRt298N5/9VJ4HKnCWC5SYKw+0Vg77VpotkMcpObw3kAEpKyCc+9FVs4HrF+z6/NWsd84loU6hnOA==",
			"dev": true,
			"requires": {
				"@esri/arcgis-rest-types": "^2.25.0",
				"tslib": "^1.13.0"
			}
		},
		"@esri/arcgis-rest-portal": {
			"version": "2.25.0",
			"resolved": "https://registry.npmjs.org/@esri/arcgis-rest-portal/-/arcgis-rest-portal-2.25.0.tgz",
			"integrity": "sha512-OL2b59UhUtSfmJad6EwsOfUZRN031bgLfnznOrONRaB12U4iah+vjsCjkj1+l3sj8O6YlJpedLyP08Ci3IPY+g==",
			"dev": true,
			"requires": {
				"@esri/arcgis-rest-types": "^2.25.0",
				"tslib": "^1.13.0"
			}
		},
		"@esri/arcgis-rest-request": {
			"version": "2.25.0",
			"resolved": "https://registry.npmjs.org/@esri/arcgis-rest-request/-/arcgis-rest-request-2.25.0.tgz",
			"integrity": "sha512-4KYl+Ene7kwZg/M2ABneZizcWVoQkxDvyB9f6zrcKQ2uYjCj1kEl2OTBFmDhT7HFtBm/8cdLi79p/3kDGtSsqQ==",
			"dev": true,
			"requires": {
				"tslib": "^1.10.0"
			}
		},
		"@esri/arcgis-rest-service-admin": {
			"version": "2.25.0",
			"resolved": "https://registry.npmjs.org/@esri/arcgis-rest-service-admin/-/arcgis-rest-service-admin-2.25.0.tgz",
			"integrity": "sha512-bxqVhrv7M/CnF0v1Itg/EKQjlFuARUd3I/jPmwmC4tRPGzsck3GMXEmOMzAqIb/uxoUWorRTXTjan+Iw+stOxw==",
			"dev": true,
			"requires": {
				"@esri/arcgis-rest-types": "^2.25.0",
				"tslib": "^1.13.0"
			}
		},
		"@esri/arcgis-rest-types": {
			"version": "2.25.0",
			"resolved": "https://registry.npmjs.org/@esri/arcgis-rest-types/-/arcgis-rest-types-2.25.0.tgz",
			"integrity": "sha512-2iMwX8tUVTImpoyKjNVsigc0JCUM8hTlyIu/hF2NnehyetvsefSut8njMObwHy872zfBzZ+kOMyulGGzdHvLxg==",
			"dev": true
		},
		"@esri/hub-common": {
			"version": "6.22.2",
			"resolved": "https://registry.npmjs.org/@esri/hub-common/-/hub-common-6.22.2.tgz",
			"integrity": "sha512-msyYujLMMfco1c2LJkKiWhM4FKePb0ViHmpc4JbYU080E/giVIsVWO1VNfzJy0HxOH7aN5ZmJEgcCXIpxt0aDQ==",
			"dev": true,
			"requires": {
				"adlib": "^3.0.7",
				"tslib": "^1.13.0"
			}
		},
		"@esri/hub-initiatives": {
			"version": "6.22.2",
			"resolved": "https://registry.npmjs.org/@esri/hub-initiatives/-/hub-initiatives-6.22.2.tgz",
			"integrity": "sha512-rh0GYBxCUMBQhSn/Hp0bzJEHBUMta0JRt5Tti9q6si0quE7y8R7hdXqsDHmbrQtwSd0Q6YByQ7GWbfhe3W8JcQ==",
			"dev": true,
			"requires": {
				"tslib": "^1.13.0"
			}
		},
		"@esri/hub-sites": {
			"version": "6.22.2",
			"resolved": "https://registry.npmjs.org/@esri/hub-sites/-/hub-sites-6.22.2.tgz",
			"integrity": "sha512-HwQLV9Z9NqpIVT8Sk+CKMdFHQl+f1CIKPpCUUxF7yf38I8cVrHArylOZdRmMQTrCHV1mUzeKzI0+qOcNYKeeag==",
			"dev": true,
			"requires": {
				"tslib": "^1.13.0"
			}
		},
		"@esri/hub-teams": {
			"version": "6.22.2",
			"resolved": "https://registry.npmjs.org/@esri/hub-teams/-/hub-teams-6.22.2.tgz",
			"integrity": "sha512-3Hx1HIUEAo4RYBqbI16ZyPYixohCr/OP7s869X77+jIOSiN/fdAONp2K6iugwkk0rtESmCV3BInQfY3i1N3/+w==",
			"dev": true,
			"requires": {
				"tslib": "^1.13.0"
			}
		},
		"@types/estree": {
			"version": "0.0.46",
			"resolved": "https://registry.npmjs.org/@types/estree/-/estree-0.0.46.tgz",
			"integrity": "sha512-laIjwTQaD+5DukBZaygQ79K1Z0jb1bPEMRrkXSLjtCcZm+abyp5YbrqpSLzD42FwWW6gK/aS4NYpJ804nG2brg==",
			"dev": true
		},
		"@types/node": {
			"version": "14.14.22",
			"resolved": "https://registry.npmjs.org/@types/node/-/node-14.14.22.tgz",
			"integrity": "sha512-g+f/qj/cNcqKkc3tFqlXOYjrmZA+jNBiDzbP3kH+B+otKFqAdPgVTGP1IeKRdMml/aE69as5S4FqtxAbl+LaMw==",
			"dev": true
		},
		"acorn": {
			"version": "7.4.1",
			"resolved": "https://registry.npmjs.org/acorn/-/acorn-7.4.1.tgz",
			"integrity": "sha512-nQyp0o1/mNdbTO1PO6kHkwSrmgZ0MT/jCCpNiwbUjGoRN4dlBhqJtoQuCnEOKzgTVwg0ZWiCoQy6SxMebQVh8A==",
			"dev": true
		},
		"adlib": {
			"version": "3.0.7",
			"resolved": "https://registry.npmjs.org/adlib/-/adlib-3.0.7.tgz",
			"integrity": "sha512-74ylfcwB7+fu+jqN6e3mBJrAWhWHI5l8icUKh8IhNhmezetLRaMBrxQKJZ+GgyrNxyW+0M12eUirY1RJ5HhWKg==",
			"dev": true,
			"requires": {
				"esm": "^3.2.25"
			}
		},
		"esm": {
			"version": "3.2.25",
			"resolved": "https://registry.npmjs.org/esm/-/esm-3.2.25.tgz",
			"integrity": "sha512-U1suiZ2oDVWv4zPO56S0NcR5QriEahGtdN2OR6FiOG4WJvcjBVFB0qI4+eKoWFH483PKGuLuu6V8Z4T5g63UVA==",
			"dev": true
		},
		"rollup": {
			"version": "1.32.1",
			"resolved": "https://registry.npmjs.org/rollup/-/rollup-1.32.1.tgz",
			"integrity": "sha512-/2HA0Ec70TvQnXdzynFffkjA6XN+1e2pEv/uKS5Ulca40g2L7KuOE3riasHoNVHOsFD5KKZgDsMk1CP3Tw9s+A==",
			"dev": true,
			"requires": {
				"@types/estree": "*",
				"@types/node": "*",
				"acorn": "^7.1.0"
			}
		},
		"tslib": {
			"version": "1.14.1",
			"resolved": "https://registry.npmjs.org/tslib/-/tslib-1.14.1.tgz",
			"integrity": "sha512-Xni35NKzjgMrwevysHTCArtLDpPvye8zV/0E4EyYn43P7/7qvQwPh9BGkHewbMulVntbigmcT7rdX3BNo9wRJg=="
		},
		"typescript": {
			"version": "4.1.3",
			"resolved": "https://registry.npmjs.org/typescript/-/typescript-4.1.3.tgz",
			"integrity": "sha512-B3ZIOf1IKeH2ixgHhj6la6xdwR9QrLC5d1VKeCSY4tvkqhF2eqd9O7txNlS0PO3GrBAFIdr3L1ndNwteUbZLYg==",
			"dev": true
		}
	}
}
