{
	"name": "@esri/solution-hub-types",
	"version": "0.16.7",
	"lockfileVersion": 1,
	"requires": true,
	"dependencies": {
		"@esri/arcgis-rest-auth": {
			"version": "2.13.2",
			"resolved": "https://registry.npmjs.org/@esri/arcgis-rest-auth/-/arcgis-rest-auth-2.13.2.tgz",
			"integrity": "sha512-NrNMnqJQphUljXUSZbdzz94kd90UaU3tRoe3Ez6T3RURzqKvKCXZ3VDhrKS41+Bgrmwow+RwJGgjJ6nxooHmUQ==",
			"dev": true,
			"requires": {
				"@esri/arcgis-rest-types": "^2.13.2",
				"tslib": "^1.9.3"
			}
		},
		"@esri/arcgis-rest-feature-layer": {
			"version": "2.13.2",
			"resolved": "https://registry.npmjs.org/@esri/arcgis-rest-feature-layer/-/arcgis-rest-feature-layer-2.13.2.tgz",
			"integrity": "sha512-O2SnL4wlrRZKNKmP6vmrPTGchZWnqdj/xTq9chfGnkk2CwjMpX2Qkvljq9eTq7dqT4/tqzYrNMyBTR5iYSD3Iw==",
			"dev": true,
			"requires": {
				"@esri/arcgis-rest-types": "^2.13.2",
				"tslib": "^1.9.3"
			}
		},
		"@esri/arcgis-rest-portal": {
			"version": "2.13.2",
			"resolved": "https://registry.npmjs.org/@esri/arcgis-rest-portal/-/arcgis-rest-portal-2.13.2.tgz",
			"integrity": "sha512-8pnePymBeLrzMygk8kdI1MF60yTBGACAo9eoGmYC+Y18IXNV61aVtOkqQRSFwvYh6i3MavtEs1KqUWBJMbyHHA==",
			"dev": true,
			"requires": {
				"@esri/arcgis-rest-types": "^2.13.2",
				"tslib": "^1.9.3"
			}
		},
		"@esri/arcgis-rest-request": {
			"version": "2.13.2",
			"resolved": "https://registry.npmjs.org/@esri/arcgis-rest-request/-/arcgis-rest-request-2.13.2.tgz",
			"integrity": "sha512-h0RUQRx8dFLrMv6qCyWubyYIcacrdzilgaOIQRc2HInuSyjmSrp1kHDS1IAQ8fnkHvYriUsRIlFOyduB4BkJaA==",
			"dev": true,
			"requires": {
				"tslib": "^1.9.3"
			}
		},
		"@esri/arcgis-rest-service-admin": {
			"version": "2.13.2",
			"resolved": "https://registry.npmjs.org/@esri/arcgis-rest-service-admin/-/arcgis-rest-service-admin-2.13.2.tgz",
			"integrity": "sha512-DHe9W8IaQYtxzkTP2OlSoOLOnYwrRMPXW/MprgNYzqCmtjhHsI9SV2d6NZ6YdTUHN9ZzWmL9ooGucaiejppzPA==",
			"dev": true,
			"requires": {
				"@esri/arcgis-rest-types": "^2.13.2",
				"tslib": "^1.9.3"
			}
		},
		"@esri/arcgis-rest-types": {
			"version": "2.13.2",
			"resolved": "https://registry.npmjs.org/@esri/arcgis-rest-types/-/arcgis-rest-types-2.13.2.tgz",
			"integrity": "sha512-FLFU4709JFVofMPdxvUwVkXU8KM8wOY84B9kKHeTm5vRvIJ1g7t6BvGzQoCMJsaVZcyt9xvGAI+BCuBC5+ogbA==",
			"dev": true
		},
		"@esri/hub-common": {
			"version": "4.2.2",
			"resolved": "https://registry.npmjs.org/@esri/hub-common/-/hub-common-4.2.2.tgz",
			"integrity": "sha512-XydVgPjV+/G3lNeBk+dDMBxyCfQKTxcAXNrX/g55kNSrzAeOkYvZE1FWryDtj27DlI3+LhXEXydob2ZXn4bZQw==",
			"dev": true,
			"requires": {
				"adlib": "3.0.5",
				"tslib": "^1.11.1"
			}
		},
		"@esri/hub-initiatives": {
			"version": "4.2.2",
			"resolved": "https://registry.npmjs.org/@esri/hub-initiatives/-/hub-initiatives-4.2.2.tgz",
			"integrity": "sha512-7hPNA0qBLG6aSctMqO+b1YQM67KHnPyPvI6oHALiFNvl2eAyyCh6zl4x1YBz0ZCPnpCRuWivptvj9cZQesaX0w==",
			"dev": true,
			"requires": {
				"tslib": "^1.11.1"
			}
		},
		"@esri/hub-sites": {
			"version": "4.2.2",
			"resolved": "https://registry.npmjs.org/@esri/hub-sites/-/hub-sites-4.2.2.tgz",
			"integrity": "sha512-7U3277NtxnR/0QFmA1n73PpnsKwqzT8coPy1x6N0F9r2WLCE9zEPI+PaGavvUeZ3Kr/m2dgHVako1Exu3Pj7JA==",
			"dev": true,
			"requires": {
				"tslib": "^1.11.1"
			}
		},
		"@types/estree": {
			"version": "0.0.44",
			"resolved": "https://registry.npmjs.org/@types/estree/-/estree-0.0.44.tgz",
			"integrity": "sha512-iaIVzr+w2ZJ5HkidlZ3EJM8VTZb2MJLCjw3V+505yVts0gRC4UMvjw0d1HPtGqI/HQC/KdsYtayfzl+AXY2R8g==",
			"dev": true
		},
		"@types/node": {
			"version": "14.0.13",
			"resolved": "https://registry.npmjs.org/@types/node/-/node-14.0.13.tgz",
			"integrity": "sha512-rouEWBImiRaSJsVA+ITTFM6ZxibuAlTuNOCyxVbwreu6k6+ujs7DfnU9o+PShFhET78pMBl3eH+AGSI5eOTkPA==",
			"dev": true
		},
		"acorn": {
			"version": "7.3.1",
			"resolved": "https://registry.npmjs.org/acorn/-/acorn-7.3.1.tgz",
			"integrity": "sha512-tLc0wSnatxAQHVHUapaHdz72pi9KUyHjq5KyHjGg9Y8Ifdc79pTh2XvI6I1/chZbnM7QtNKzh66ooDogPZSleA==",
			"dev": true
		},
		"adlib": {
			"version": "3.0.5",
			"resolved": "https://registry.npmjs.org/adlib/-/adlib-3.0.5.tgz",
			"integrity": "sha512-+9lYo3Hm1UYJn3RxVp+SLBuOCh1pt5RiuW8KXGtgqycALaKvZRWAvxnBIyHDkcfEk4RieZ55svJPl4sHKhKlkQ==",
			"dev": true,
			"requires": {
				"esm": "^3.2.25"
			}
		},
		"esm": {
			"version": "3.2.25",
			"resolved": "https://registry.npmjs.org/esm/-/esm-3.2.25.tgz",
			"integrity": "sha512-U1suiZ2oDVWv4zPO56S0NcR5QriEahGtdN2OR6FiOG4WJvcjBVFB0qI4+eKoWFH483PKGuLuu6V8Z4T5g63UVA==",
			"dev": true
		},
		"rollup": {
			"version": "1.32.1",
			"resolved": "https://registry.npmjs.org/rollup/-/rollup-1.32.1.tgz",
			"integrity": "sha512-/2HA0Ec70TvQnXdzynFffkjA6XN+1e2pEv/uKS5Ulca40g2L7KuOE3riasHoNVHOsFD5KKZgDsMk1CP3Tw9s+A==",
			"dev": true,
			"requires": {
				"@types/estree": "*",
				"@types/node": "*",
				"acorn": "^7.1.0"
			}
		},
		"tslib": {
			"version": "1.13.0",
			"resolved": "https://registry.npmjs.org/tslib/-/tslib-1.13.0.tgz",
			"integrity": "sha512-i/6DQjL8Xf3be4K/E6Wgpekn5Qasl1usyw++dAA35Ue5orEn65VIxOA+YvNNl9HV3qv70T7CNwjODHZrLwvd1Q=="
		},
		"typescript": {
			"version": "3.9.5",
			"resolved": "https://registry.npmjs.org/typescript/-/typescript-3.9.5.tgz",
			"integrity": "sha512-hSAifV3k+i6lEoCJ2k6R2Z/rp/H3+8sdmcn5NrS3/3kE7+RyZXm9aqvxWqjEXHAd8b0pShatpcdMTvEdvAJltQ==",
			"dev": true
		}
	}
}
