{
	"name": "@esri/solution-feature-layer",
	"version": "0.5.7",
	"lockfileVersion": 1,
	"requires": true,
	"dependencies": {
		"@types/estree": {
			"version": "0.0.39",
			"resolved": "https://registry.npmjs.org/@types/estree/-/estree-0.0.39.tgz",
			"integrity": "sha512-EYNwp3bU+98cpU4lAWYYL7Zz+2gryWH1qbdDTidVd6hkiR6weksdbMadyXKXNPEkQFhXM+hVO9ZygomHXp+AIw==",
			"dev": true
		},
		"@types/node": {
			"version": "12.12.7",
			"resolved": "https://registry.npmjs.org/@types/node/-/node-12.12.7.tgz",
			"integrity": "sha512-E6Zn0rffhgd130zbCbAr/JdXfXkoOUFAKNs/rF8qnafSJ8KYaA/j3oz7dcwal+lYjLA7xvdd5J4wdYpCTlP8+w==",
			"dev": true
		},
		"acorn": {
			"version": "7.1.0",
			"resolved": "https://registry.npmjs.org/acorn/-/acorn-7.1.0.tgz",
			"integrity": "sha512-kL5CuoXA/dgxlBbVrflsflzQ3PAas7RYZB52NOm/6839iVYJgKMJ3cQJD+t2i5+qFa8h3MDpEOJiS64E8JLnSQ==",
			"dev": true
		},
		"rollup": {
			"version": "1.26.5",
			"resolved": "https://registry.npmjs.org/rollup/-/rollup-1.26.5.tgz",
			"integrity": "sha512-c6Pv0yWzjYNpy2DIhLFUnyP6e1UTGownr4IfpJcPY/k186RJjpaGGPRwKQ62KCauctG6dgtHt88pw1EGrPRkuA==",
			"dev": true,
			"requires": {
				"@types/estree": "*",
				"@types/node": "*",
				"acorn": "^7.1.0"
			}
		},
		"tslib": {
			"version": "1.10.0",
			"resolved": "https://registry.npmjs.org/tslib/-/tslib-1.10.0.tgz",
			"integrity": "sha512-qOebF53frne81cf0S9B41ByenJ3/IuH8yJKngAX35CmiZySA0khhkovshKK+jGCaMnVomla7gVlIcc3EvKPbTQ=="
		}
	}
}
