{
  "name": "@esri/solution-feature-layer",
  "version": "0.5.0",
  "lockfileVersion": 1,
  "requires": true,
  "dependencies": {
    "@esri/arcgis-rest-auth": {
      "version": "2.4.0",
      "resolved": "https://registry.npmjs.org/@esri/arcgis-rest-auth/-/arcgis-rest-auth-2.4.0.tgz",
      "integrity": "sha512-9ArO9LPGYfjIyHKpwmsqOL4EiaIeb9CbwW7rYW8o0FcPQ7s21dsbNvNzgrWtkLjv4ljAd8r2bcrbBsdjIzBdXQ==",
      "dev": true,
      "requires": {
        "@esri/arcgis-rest-types": "^2.4.0",
        "tslib": "^1.9.3"
      }
    },
    "@esri/arcgis-rest-request": {
      "version": "2.4.0",
      "resolved": "https://registry.npmjs.org/@esri/arcgis-rest-request/-/arcgis-rest-request-2.4.0.tgz",
      "integrity": "sha512-+DN9VIl1+h8qDtnYkKK/vO7VFP6xykQUyBrdFXPyqW/T3te3y2S0l1vmlNp+6tM9ExG2w3+eRUXlIZ+fIdx/3A==",
      "dev": true,
      "requires": {
        "tslib": "^1.9.3"
      }
    },
    "@esri/arcgis-rest-types": {
      "version": "2.4.0",
      "resolved": "https://registry.npmjs.org/@esri/arcgis-rest-types/-/arcgis-rest-types-2.4.0.tgz",
      "integrity": "sha512-w34S5X5eHs1TqrSupe/aurVHF7YAHzgNmG4tB/6MSyUbOwiy5K5xnEO282MUEs7btNaDe0Jo6VyBsGGGHdV9rg=="
    },
    "tslib": {
      "version": "1.10.0",
      "resolved": "https://registry.npmjs.org/tslib/-/tslib-1.10.0.tgz",
      "integrity": "sha512-qOebF53frne81cf0S9B41ByenJ3/IuH8yJKngAX35CmiZySA0khhkovshKK+jGCaMnVomla7gVlIcc3EvKPbTQ=="
    }
  }
}
