{
  "name": "demos",
  "version": "0.22.9",
  "lockfileVersion": 1,
  "requires": true,
  "dependencies": {
    "@esri/arcgis-html-sanitizer": {
      "version": "2.5.0",
      "resolved": "https://registry.npmjs.org/@esri/arcgis-html-sanitizer/-/arcgis-html-sanitizer-2.5.0.tgz",
      "integrity": "sha512-axq4dGwm3bjY/iR1DoPxrnJOt2SKXD0Cy1QYihK4yZx25CEDpfdSUBE71oz77BSYFz+KQZvh6A3xxOgLnVEoWA==",
      "requires": {
        "lodash.isplainobject": "^4.0.6",
        "xss": "^1.0.8"
      }
    },
    "@esri/arcgis-rest-auth": {
      "version": "3.0.4",
      "resolved": "https://registry.npmjs.org/@esri/arcgis-rest-auth/-/arcgis-rest-auth-3.0.4.tgz",
      "integrity": "sha512-RJMOcqhRlalRerrOPa0gt2KojGkNdcSbZn/cCulOHY0ub5sN6u8knAg4U1JBTak6IYBkiVGuEvCh2cpRFLI/cQ==",
      "requires": {
        "@esri/arcgis-rest-types": "^3.0.4",
        "tslib": "^1.13.0"
      }
    },
    "@esri/arcgis-rest-feature-layer": {
      "version": "3.0.4",
      "resolved": "https://registry.npmjs.org/@esri/arcgis-rest-feature-layer/-/arcgis-rest-feature-layer-3.0.4.tgz",
      "integrity": "sha512-+X0CS69xHtphSwicHAZgYzWxMjnZRA2ZwuL6SUySqibZdBmWkKkMKwtz0kIamS9RWaoGMY+tVvGqity9FUdxIw==",
      "requires": {
        "@esri/arcgis-rest-types": "^3.0.4",
        "tslib": "^1.13.0"
      }
    },
    "@esri/arcgis-rest-portal": {
      "version": "3.0.4",
      "resolved": "https://registry.npmjs.org/@esri/arcgis-rest-portal/-/arcgis-rest-portal-3.0.4.tgz",
      "integrity": "sha512-T2ITk+9b8S3BXsYyv/XwkBW7rGIhdz2vtklFcBbA4toRfrQ5TwCfK1MRgGy8Hu9ajn7NpIMTZcovWjuyvl6e4w==",
      "requires": {
        "@esri/arcgis-rest-types": "^3.0.4",
        "tslib": "^1.13.0"
      }
    },
    "@esri/arcgis-rest-request": {
      "version": "3.0.4",
      "resolved": "https://registry.npmjs.org/@esri/arcgis-rest-request/-/arcgis-rest-request-3.0.4.tgz",
      "integrity": "sha512-vswfk/pKxUY6lRSZNNjP99Z0IEVtx6GjeWC61NM+i7lDKZTua5dNKTJnsh53aeplK/qVI7DG5jMa0sR6X7XK2A==",
      "requires": {
        "tslib": "^1.10.0"
      }
    },
    "@esri/arcgis-rest-service-admin": {
      "version": "3.0.4",
      "resolved": "https://registry.npmjs.org/@esri/arcgis-rest-service-admin/-/arcgis-rest-service-admin-3.0.4.tgz",
      "integrity": "sha512-I9JVyRjUChTYnvPgb1vz6Nf3NuJRLMM0fnNWsuWZ0Tz03YJOXbFA2sIC38hsD8XGM2yTVbSo2pJ/vDi8Czu5EQ==",
      "requires": {
        "@esri/arcgis-rest-types": "^3.0.4",
        "tslib": "^1.13.0"
      }
    },
    "@esri/arcgis-rest-types": {
      "version": "3.0.4",
      "resolved": "https://registry.npmjs.org/@esri/arcgis-rest-types/-/arcgis-rest-types-3.0.4.tgz",
      "integrity": "sha512-/Y1XK3cXRnzUvF7je7IoxqtA+g/cYsmu84sCAADvdZSb6n7JeDOS9MzcUJ3XH9fFo+nr44MuNfbQbDdWHyLaeA=="
    },
    "@esri/hub-common": {
      "version": "8.2.0",
      "resolved": "https://registry.npmjs.org/@esri/hub-common/-/hub-common-8.2.0.tgz",
      "integrity": "sha512-WRNqI1RhjjAeHHLWB/32o4OVZst4exiSNbcX9ThBZiK0dojv6p0D0iQP7W0BfhmxXFcktlP35OThuhaT+bq+gQ==",
      "requires": {
        "adlib": "^3.0.7",
        "tslib": "^1.13.0"
      }
    },
    "@esri/hub-initiatives": {
      "version": "8.2.0",
      "resolved": "https://registry.npmjs.org/@esri/hub-initiatives/-/hub-initiatives-8.2.0.tgz",
      "integrity": "sha512-npt2QTS1Cn+OxvLHIvHxPWPz0H4dQC0IOxjnwzjQgP4HHgGCqAxBpHEoAQsf8oo8Kt/m5hgc8lAxlcfL1uewxQ==",
      "requires": {
        "tslib": "^1.13.0"
      }
    },
    "@esri/hub-sites": {
      "version": "8.2.0",
      "resolved": "https://registry.npmjs.org/@esri/hub-sites/-/hub-sites-8.2.0.tgz",
      "integrity": "sha512-SQW7s+WomSXHJI+AgSGhdevDqcToEsEHlx8W9iF4M1C6dAhREkYwDQeQPwwJ5jbWAWVX5R5NJ4ch+hacyBmaoA==",
      "requires": {
        "tslib": "^1.13.0"
      }
    },
    "@esri/hub-teams": {
      "version": "8.2.0",
      "resolved": "https://registry.npmjs.org/@esri/hub-teams/-/hub-teams-8.2.0.tgz",
      "integrity": "sha512-0z9p0K9vY4B/GCHSLloqkZraGGBmvnrPMBqIAsevS3klyCV32020PTJ8OFXD5MxoW9pPGqEvwYQZqLlBt3Z+WQ==",
      "requires": {
        "tslib": "^1.13.0"
      }
    },
    "@esri/solution-common": {
      "version": "0.22.9",
      "resolved": "https://registry.npmjs.org/@esri/solution-common/-/solution-common-0.22.9.tgz",
      "integrity": "sha512-T5/Llm2oPvjBYu2x3TBSVRCQkTuaMv8kL61m6WgaAw63vWLuIphdi3qVrmO6tzV+aqNdEfHAb9bnJEpYHFO61A==",
      "requires": {
        "@esri/arcgis-html-sanitizer": "~2.1.0",
        "@types/lodash.isplainobject": "^4.0.6",
        "adlib": "3.0.7",
        "jszip": "3.6.0",
        "lodash.isplainobject": "^4.0.6",
        "tslib": "^1.13.0",
        "xss": "^1.0.6"
      },
      "dependencies": {
        "@esri/arcgis-html-sanitizer": {
          "version": "2.1.1",
          "resolved": "https://registry.npmjs.org/@esri/arcgis-html-sanitizer/-/arcgis-html-sanitizer-2.1.1.tgz",
          "integrity": "sha512-289SCEEBCNZ5Y2D6KHaNoNjIERXlXGsoEZqppQheS8oNUKnNc8NVGH6rWWqfSjLljDyK6kagERuxFsuCfV3esA==",
          "requires": {
            "lodash.isplainobject": "^4.0.6",
            "xss": "^1.0.6"
          }
        }
      }
    },
    "@esri/solution-creator": {
      "version": "0.22.9",
      "resolved": "https://registry.npmjs.org/@esri/solution-creator/-/solution-creator-0.22.9.tgz",
      "integrity": "sha512-t8TitTNorEIWKJbjBofXn/QSAhdYDXKlj4goWor/es79ukBaoyUgJtbleiQEL1HUsRKQU1Ip3FAx/b6ey0JzQg==",
      "requires": {
        "@esri/solution-common": "^0.22.9",
        "@esri/solution-feature-layer": "^0.22.9",
        "@esri/solution-file": "^0.22.9",
        "@esri/solution-form": "^0.22.9",
        "@esri/solution-group": "^0.22.9",
        "@esri/solution-hub-types": "^0.22.9",
        "@esri/solution-simple-types": "^0.22.9",
        "@esri/solution-storymap": "^0.22.9",
        "@esri/solution-web-experience": "^0.22.9",
        "tslib": "^1.13.0"
      }
    },
    "@esri/solution-deployer": {
      "version": "0.22.9",
      "resolved": "https://registry.npmjs.org/@esri/solution-deployer/-/solution-deployer-0.22.9.tgz",
      "integrity": "sha512-+zAbCUkrI2diP8h85q47u80DCFixHEuK3Y/bGQCtZp5Nv9UaX4sPzdCvH6r4NK2w/qCl0KEgTP0SPSmwrY4W/A==",
      "requires": {
        "@esri/solution-common": "^0.22.9",
        "@esri/solution-feature-layer": "^0.22.9",
        "@esri/solution-file": "^0.22.9",
        "@esri/solution-form": "^0.22.9",
        "@esri/solution-group": "^0.22.9",
        "@esri/solution-hub-types": "^0.22.9",
        "@esri/solution-simple-types": "^0.22.9",
        "@esri/solution-storymap": "^0.22.9",
        "@esri/solution-web-experience": "^0.22.9",
        "tslib": "^1.13.0"
      }
    },
    "@esri/solution-feature-layer": {
      "version": "0.22.9",
      "resolved": "https://registry.npmjs.org/@esri/solution-feature-layer/-/solution-feature-layer-0.22.9.tgz",
      "integrity": "sha512-WbQaGefUY1p59QlV1PIlra8nwceN6SJVRP7G2LXSFTlKG1B0Ttq/DQpzvHUKNpmqHAxRVgW0ffQJBbxX2Fz4Tg==",
      "requires": {
        "@esri/solution-common": "^0.22.9",
        "tslib": "^1.13.0"
      }
    },
    "@esri/solution-file": {
      "version": "0.22.9",
      "resolved": "https://registry.npmjs.org/@esri/solution-file/-/solution-file-0.22.9.tgz",
      "integrity": "sha512-DujS6NdMXzyCl9GPLRM3AzKAKuQfKUEg5vI9K2dwhqckoDC1Rj9hUvQV+kqeDZslDEPydhJBHaM+GMc8gheqsQ==",
      "requires": {
        "@esri/solution-common": "^0.22.9",
        "tslib": "^1.13.0"
      }
    },
    "@esri/solution-form": {
      "version": "0.22.9",
      "resolved": "https://registry.npmjs.org/@esri/solution-form/-/solution-form-0.22.9.tgz",
      "integrity": "sha512-twlWl2FLMtWIwtmw4fzGRR+5KKzwKy0J5nl+hLdo58ifmy3MfZ1r30xMTrznmwjX+35l7NF2nJmNWGRiwQtQPQ==",
      "requires": {
        "@esri/solution-common": "^0.22.9",
        "@esri/solution-feature-layer": "^0.22.9",
        "@esri/solution-file": "^0.22.9",
        "@esri/solution-group": "^0.22.9",
        "@esri/solution-simple-types": "^0.22.9",
        "@esri/solution-storymap": "^0.22.9",
        "tslib": "^1.13.0"
      }
    },
    "@esri/solution-group": {
      "version": "0.22.9",
      "resolved": "https://registry.npmjs.org/@esri/solution-group/-/solution-group-0.22.9.tgz",
      "integrity": "sha512-P4TszHx7xujJ5Hs0I0YAtZ5EijFCcCHrNw5gMezY4quyn3w+AsCCnGEfMP4eb0FWpnq1xIydnyNL7oimdSAOoQ==",
      "requires": {
        "@esri/solution-common": "^0.22.9",
        "tslib": "^1.13.0"
      }
    },
    "@esri/solution-hub-types": {
      "version": "0.22.9",
      "resolved": "https://registry.npmjs.org/@esri/solution-hub-types/-/solution-hub-types-0.22.9.tgz",
      "integrity": "sha512-dHiLrE7NiFu0sTlzB6aGhWoRfsb228FgUIya9g1QXuqLa59wQiIoGm1b2wbK4bEi1G5QPlIoaffw4sO884SFRw==",
      "requires": {
        "@esri/solution-common": "^0.22.9",
        "tslib": "^1.13.0"
      }
    },
    "@esri/solution-simple-types": {
      "version": "0.22.9",
      "resolved": "https://registry.npmjs.org/@esri/solution-simple-types/-/solution-simple-types-0.22.9.tgz",
      "integrity": "sha512-nLgGjFlZiDvCowMvTTpIHB3YI1SHt6pOD4KfHTi3JF9MLJTL8OYCwYKXC2cNxVICqITrDUER5CuUwUtXOjeebQ==",
      "requires": {
        "@esri/solution-common": "^0.22.9",
        "@esri/solution-feature-layer": "^0.22.9",
        "@esri/solution-file": "^0.22.9",
        "@esri/solution-group": "^0.22.9",
        "tslib": "^1.13.0"
      }
    },
    "@esri/solution-storymap": {
      "version": "0.22.9",
      "resolved": "https://registry.npmjs.org/@esri/solution-storymap/-/solution-storymap-0.22.9.tgz",
      "integrity": "sha512-GyZAlnL+BLkintMGzoBNbHAwfD0dpO4S7Yha9bpQqFxQjcjNzTXi9/iIngClCnzJRNKGqtwN//+jXFAdUIbhNw==",
      "requires": {
        "@esri/solution-common": "^0.22.9",
        "tslib": "^1.13.0"
      }
    },
    "@esri/solution-viewer": {
      "version": "0.22.9",
      "resolved": "https://registry.npmjs.org/@esri/solution-viewer/-/solution-viewer-0.22.9.tgz",
      "integrity": "sha512-3HUtDnGSmnr1IsIN8vKyANCnWJms9vv9I7kj3dElBUCYFuju7xjV+6Wygjyx44htztJ2oVnz2154zDNXOQ4pzA==",
      "requires": {
        "@esri/solution-common": "^0.22.9",
        "tslib": "^1.13.0"
      }
    },
    "@esri/solution-web-experience": {
      "version": "0.22.9",
      "resolved": "https://registry.npmjs.org/@esri/solution-web-experience/-/solution-web-experience-0.22.9.tgz",
      "integrity": "sha512-JUInw9qVpsiUvAoU0vyV9XeLj4Fz1vvZ2jkCOQfV/UkIUGsUD2eOnnHOEHv8EllgVtcc1tgO682JrXuy2PGxWw==",
      "requires": {
        "@esri/solution-common": "^0.22.9",
        "@esri/solution-simple-types": "^0.22.9",
        "tslib": "^1.13.0"
      }
    },
    "@types/lodash": {
      "version": "4.14.168",
      "resolved": "https://registry.npmjs.org/@types/lodash/-/lodash-4.14.168.tgz",
      "integrity": "sha512-oVfRvqHV/V6D1yifJbVRU3TMp8OT6o6BG+U9MkwuJ3U8/CsDHvalRpsxBqivn71ztOFZBTfJMvETbqHiaNSj7Q=="
    },
    "@types/lodash.isplainobject": {
      "version": "4.0.6",
      "resolved": "https://registry.npmjs.org/@types/lodash.isplainobject/-/lodash.isplainobject-4.0.6.tgz",
      "integrity": "sha512-8G41YFhmOl8Ck6NrwLK5hhnbz6ADfuDJP+zusDnX3PoYhfC60+H/rQE6zmdO4yFzPCPJPY4oGZK2spbXm6gYEA==",
      "requires": {
        "@types/lodash": "*"
      }
    },
    "adlib": {
      "version": "3.0.7",
      "resolved": "https://registry.npmjs.org/adlib/-/adlib-3.0.7.tgz",
      "integrity": "sha512-74ylfcwB7+fu+jqN6e3mBJrAWhWHI5l8icUKh8IhNhmezetLRaMBrxQKJZ+GgyrNxyW+0M12eUirY1RJ5HhWKg==",
      "requires": {
        "esm": "^3.2.25"
      }
    },
    "commander": {
      "version": "2.20.3",
      "resolved": "https://registry.npmjs.org/commander/-/commander-2.20.3.tgz",
      "integrity": "sha512-GpVkmM8vF2vQUkj2LvZmD35JxeJOLCwJ9cUkugyk2nuhbv3+mJvpLYYt+0+USMxE+oj+ey/lJEnhZw75x/OMcQ=="
    },
    "core-util-is": {
      "version": "1.0.2",
      "resolved": "https://registry.npmjs.org/core-util-is/-/core-util-is-1.0.2.tgz",
      "integrity": "sha1-tf1UIgqivFq1eqtxQMlAdUUDwac="
    },
    "cssfilter": {
      "version": "0.0.10",
      "resolved": "https://registry.npmjs.org/cssfilter/-/cssfilter-0.0.10.tgz",
      "integrity": "sha1-xtJnJjKi5cg+AT5oZKQs6N79IK4="
    },
    "esm": {
      "version": "3.2.25",
      "resolved": "https://registry.npmjs.org/esm/-/esm-3.2.25.tgz",
      "integrity": "sha512-U1suiZ2oDVWv4zPO56S0NcR5QriEahGtdN2OR6FiOG4WJvcjBVFB0qI4+eKoWFH483PKGuLuu6V8Z4T5g63UVA=="
    },
    "fsevents": {
      "version": "2.1.3",
      "resolved": "https://registry.npmjs.org/fsevents/-/fsevents-2.1.3.tgz",
      "integrity": "sha512-Auw9a4AxqWpa9GUfj370BMPzzyncfBABW8Mab7BGWBYDj4Isgq+cDKtx0i6u9jcX9pQDnswsaaOTgTmA5pEjuQ==",
      "dev": true,
      "optional": true
    },
    "immediate": {
      "version": "3.0.6",
      "resolved": "https://registry.npmjs.org/immediate/-/immediate-3.0.6.tgz",
      "integrity": "sha1-nbHb0Pr43m++D13V5Wu2BigN5ps="
    },
    "inherits": {
      "version": "2.0.4",
      "resolved": "https://registry.npmjs.org/inherits/-/inherits-2.0.4.tgz",
      "integrity": "sha512-k/vGaX4/Yla3WzyMCvTQOXYeIHvqOKtnqBduzTHpzpQZzAskKMhZ2K+EnBiSM9zGSoIFeMpXKxa4dYeZIQqewQ=="
    },
    "isarray": {
      "version": "1.0.0",
      "resolved": "https://registry.npmjs.org/isarray/-/isarray-1.0.0.tgz",
      "integrity": "sha1-u5NdSFgsuhaMBoNJV6VKPgcSTxE="
    },
    "jszip": {
      "version": "3.6.0",
      "resolved": "https://registry.npmjs.org/jszip/-/jszip-3.6.0.tgz",
      "integrity": "sha512-jgnQoG9LKnWO3mnVNBnfhkh0QknICd1FGSrXcgrl67zioyJ4wgx25o9ZqwNtrROSflGBCGYnJfjrIyRIby1OoQ==",
      "requires": {
        "lie": "~3.3.0",
        "pako": "~1.0.2",
        "readable-stream": "~2.3.6",
        "set-immediate-shim": "~1.0.1"
      }
    },
    "lie": {
      "version": "3.3.0",
      "resolved": "https://registry.npmjs.org/lie/-/lie-3.3.0.tgz",
      "integrity": "sha512-UaiMJzeWRlEujzAuw5LokY1L5ecNQYZKfmyZ9L7wDHb/p5etKaxXhohBcrw0EYby+G/NA52vRSN4N39dxHAIwQ==",
      "requires": {
        "immediate": "~3.0.5"
      }
    },
    "lodash.isplainobject": {
      "version": "4.0.6",
      "resolved": "https://registry.npmjs.org/lodash.isplainobject/-/lodash.isplainobject-4.0.6.tgz",
      "integrity": "sha1-fFJqUtibRcRcxpC4gWO+BJf1UMs="
    },
    "pako": {
      "version": "1.0.11",
      "resolved": "https://registry.npmjs.org/pako/-/pako-1.0.11.tgz",
      "integrity": "sha512-4hLB8Py4zZce5s4yd9XzopqwVv/yGNhV1Bl8NTmCq1763HeK2+EwVTv+leGeL13Dnh2wfbqowVPXCIO0z4taYw=="
    },
    "process-nextick-args": {
      "version": "2.0.1",
      "resolved": "https://registry.npmjs.org/process-nextick-args/-/process-nextick-args-2.0.1.tgz",
      "integrity": "sha512-3ouUOpQhtgrbOa17J7+uxOTpITYWaGP7/AhoR3+A+/1e9skrzelGi/dXzEYyvbxubEF6Wn2ypscTKiKJFFn1ag=="
    },
    "readable-stream": {
      "version": "2.3.7",
      "resolved": "https://registry.npmjs.org/readable-stream/-/readable-stream-2.3.7.tgz",
      "integrity": "sha512-Ebho8K4jIbHAxnuxi7o42OrZgF/ZTNcsZj6nRKyUmkhLFq8CHItp/fy6hQZuZmP/n3yZ9VBUbp4zz/mX8hmYPw==",
      "requires": {
        "core-util-is": "~1.0.0",
        "inherits": "~2.0.3",
        "isarray": "~1.0.0",
        "process-nextick-args": "~2.0.0",
        "safe-buffer": "~5.1.1",
        "string_decoder": "~1.1.1",
        "util-deprecate": "~1.0.1"
      }
    },
    "rollup": {
      "version": "2.33.3",
      "resolved": "https://registry.npmjs.org/rollup/-/rollup-2.33.3.tgz",
      "integrity": "sha512-RpayhPTe4Gu/uFGCmk7Gp5Z9Qic2VsqZ040G+KZZvsZYdcuWaJg678JeDJJvJeEQXminu24a2au+y92CUWVd+w==",
      "dev": true,
      "requires": {
        "fsevents": "~2.1.2"
      }
    },
    "safe-buffer": {
      "version": "5.1.2",
      "resolved": "https://registry.npmjs.org/safe-buffer/-/safe-buffer-5.1.2.tgz",
      "integrity": "sha512-Gd2UZBJDkXlY7GbJxfsE8/nvKkUEU1G38c1siN6QP6a9PT9MmHB8GnpscSmMJSoF8LOIrt8ud/wPtojys4G6+g=="
    },
    "set-immediate-shim": {
      "version": "1.0.1",
      "resolved": "https://registry.npmjs.org/set-immediate-shim/-/set-immediate-shim-1.0.1.tgz",
      "integrity": "sha1-SysbJ+uAip+NzEgaWOXlb1mfP2E="
    },
    "string_decoder": {
      "version": "1.1.1",
      "resolved": "https://registry.npmjs.org/string_decoder/-/string_decoder-1.1.1.tgz",
      "integrity": "sha512-n/ShnvDi6FHbbVfviro+WojiFzv+s8MPMHBczVePfUpDJLwoLT0ht1l4YwBCbi8pJAveEEdnkHyPyTP/mzRfwg==",
      "requires": {
        "safe-buffer": "~5.1.0"
      }
    },
    "tslib": {
      "version": "1.14.1",
      "resolved": "https://registry.npmjs.org/tslib/-/tslib-1.14.1.tgz",
      "integrity": "sha512-Xni35NKzjgMrwevysHTCArtLDpPvye8zV/0E4EyYn43P7/7qvQwPh9BGkHewbMulVntbigmcT7rdX3BNo9wRJg=="
    },
    "typescript": {
      "version": "4.2.3",
      "resolved": "https://registry.npmjs.org/typescript/-/typescript-4.2.3.tgz",
      "integrity": "sha512-qOcYwxaByStAWrBf4x0fibwZvMRG+r4cQoTjbPtUlrWjBHbmCAww1i448U0GJ+3cNNEtebDteo/cHOR3xJ4wEw==",
      "dev": true
    },
    "util-deprecate": {
      "version": "1.0.2",
      "resolved": "https://registry.npmjs.org/util-deprecate/-/util-deprecate-1.0.2.tgz",
      "integrity": "sha1-RQ1Nyfpw3nMnYvvS1KKJgUGaDM8="
    },
    "xss": {
      "version": "1.0.8",
      "resolved": "https://registry.npmjs.org/xss/-/xss-1.0.8.tgz",
      "integrity": "sha512-3MgPdaXV8rfQ/pNn16Eio6VXYPTkqwa0vc7GkiymmY/DqR1SE/7VPAAVZz1GJsJFrllMYO3RHfEaiUGjab6TNw==",
      "requires": {
        "commander": "^2.20.3",
        "cssfilter": "0.0.10"
      }
    }
  }
}
