{
  "name": "demos",
  "version": "0.22.14",
  "lockfileVersion": 1,
  "requires": true,
  "dependencies": {
    "@esri/arcgis-html-sanitizer": {
      "version": "2.5.0",
      "resolved": "https://registry.npmjs.org/@esri/arcgis-html-sanitizer/-/arcgis-html-sanitizer-2.5.0.tgz",
      "integrity": "sha512-axq4dGwm3bjY/iR1DoPxrnJOt2SKXD0Cy1QYihK4yZx25CEDpfdSUBE71oz77BSYFz+KQZvh6A3xxOgLnVEoWA==",
      "requires": {
        "lodash.isplainobject": "^4.0.6",
        "xss": "^1.0.8"
      }
    },
    "@esri/arcgis-rest-auth": {
      "version": "3.0.2",
      "resolved": "https://registry.npmjs.org/@esri/arcgis-rest-auth/-/arcgis-rest-auth-3.0.2.tgz",
      "integrity": "sha512-q4rpNewTCL1rV2fXx+xGglb5CMKUGSqYQibGQv3mWFHoZR9J74YChqttMRrbOQxPodRWly2njVC/I8z1zc89Pg==",
      "requires": {
        "@esri/arcgis-rest-types": "^3.0.2",
        "tslib": "^1.13.0"
      }
    },
    "@esri/arcgis-rest-feature-layer": {
      "version": "3.0.2",
      "resolved": "https://registry.npmjs.org/@esri/arcgis-rest-feature-layer/-/arcgis-rest-feature-layer-3.0.2.tgz",
      "integrity": "sha512-cqUTyIiWyW6LFZWL8cUQcyhleNE2RMASYpRADTTPCFXDwQDz5aSFjVA/qNIFqCCmCfaTzB9gNgQOdE1i7bJEUQ==",
      "requires": {
        "@esri/arcgis-rest-types": "^3.0.2",
        "tslib": "^1.13.0"
      }
    },
    "@esri/arcgis-rest-portal": {
      "version": "3.0.2",
      "resolved": "https://registry.npmjs.org/@esri/arcgis-rest-portal/-/arcgis-rest-portal-3.0.2.tgz",
      "integrity": "sha512-JQT0IpBi2qUlbLLXK6Ym5yxzg+SmgqzX3U3XAA4iW/JZFVuygo/Ojm/2+NPTj3N+uLJwB4V0wjfylebvDDT7lg==",
      "requires": {
        "@esri/arcgis-rest-types": "^3.0.2",
        "tslib": "^1.13.0"
      }
    },
    "@esri/arcgis-rest-request": {
      "version": "3.0.2",
      "resolved": "https://registry.npmjs.org/@esri/arcgis-rest-request/-/arcgis-rest-request-3.0.2.tgz",
      "integrity": "sha512-Y/Zj3gqrGE5BRI0TyheMg8h5v6TqSLZZRCGTEcDS/2p6qxE606W6Qz3SgVD9985CYb+DfZHClz/A3W+Dh7huug==",
      "requires": {
        "tslib": "^1.10.0"
      }
    },
    "@esri/arcgis-rest-service-admin": {
      "version": "3.0.2",
      "resolved": "https://registry.npmjs.org/@esri/arcgis-rest-service-admin/-/arcgis-rest-service-admin-3.0.2.tgz",
      "integrity": "sha512-3YcRgpN/P8tnKg//5UeavEFb+t3WYo4FuefKdg/p5bbX7M9HqeUqV20J/V3xYwbrllYFWS+Vkj0z39U6QSXeuw==",
      "requires": {
        "@esri/arcgis-rest-types": "^3.0.2",
        "tslib": "^1.13.0"
      }
    },
    "@esri/arcgis-rest-types": {
      "version": "3.0.2",
      "resolved": "https://registry.npmjs.org/@esri/arcgis-rest-types/-/arcgis-rest-types-3.0.2.tgz",
      "integrity": "sha512-fBR03uitOVssOACk/OlSglAZv0ububh3yg0bIYgkM0BJvds+NONgxBregYxvX8uznldTjPl66cv+NN9VxNivzw=="
    },
    "@esri/hub-common": {
      "version": "7.0.8",
      "resolved": "https://registry.npmjs.org/@esri/hub-common/-/hub-common-7.0.8.tgz",
      "integrity": "sha512-2SyEZZSz9dQj0Fp/2awVvPjByhxih6pzR3hPVlb+h6HIkjB+Emo10R4C8iClv1WuLdbzl5ZSIkk5IDZk+jgnmQ==",
      "requires": {
        "adlib": "^3.0.7",
        "tslib": "^1.13.0"
      }
    },
    "@esri/hub-initiatives": {
      "version": "7.0.8",
      "resolved": "https://registry.npmjs.org/@esri/hub-initiatives/-/hub-initiatives-7.0.8.tgz",
      "integrity": "sha512-TZ4K4eHTJE/Do5yxeOcWK9A/9FELQewErGJWWJJzbOgH+g7eZQnpOaJkTa4xkxqXACjNyUfFPJ7ZgDmkltwuAQ==",
      "requires": {
        "tslib": "^1.13.0"
      }
    },
    "@esri/hub-sites": {
      "version": "7.0.8",
      "resolved": "https://registry.npmjs.org/@esri/hub-sites/-/hub-sites-7.0.8.tgz",
      "integrity": "sha512-w/GDT4Ulsi0CdNppe4KPkyy26yjtwmINJCDsP+SJYu2Xl97eofPzfhlcZ9KtIBIySIYwj8GRW05B3KfWokLv/A==",
      "requires": {
        "tslib": "^1.13.0"
      }
    },
    "@esri/hub-teams": {
      "version": "7.0.8",
      "resolved": "https://registry.npmjs.org/@esri/hub-teams/-/hub-teams-7.0.8.tgz",
      "integrity": "sha512-ddTEqu7ndj5HL0uQ+H1hV8GkMfmGsFq8FNt7vc+LTNAmEPN5+c1lXrOXAvJGxLXCQCds1P9scufjgdODUp1gPw==",
      "requires": {
        "tslib": "^1.13.0"
      }
    },
    "@esri/solution-common": {
      "version": "0.22.13",
      "resolved": "https://registry.npmjs.org/@esri/solution-common/-/solution-common-0.22.13.tgz",
      "integrity": "sha512-qUPbfXWQ0k8cjrr34VEMM3xwwXSt6P08U+0LWVXNJVoNs00FSgpAc/5c9h6iRtSllsGEEvKU9KsDTpUEKNpK3A==",
      "requires": {
        "@esri/arcgis-html-sanitizer": "~2.1.0",
        "@types/lodash.isplainobject": "^4.0.6",
        "adlib": "3.0.7",
        "jszip": "3.6.0",
        "lodash.isplainobject": "^4.0.6",
        "tslib": "^1.13.0",
        "xss": "^1.0.6"
      },
      "dependencies": {
        "@esri/arcgis-html-sanitizer": {
          "version": "2.1.1",
          "resolved": "https://registry.npmjs.org/@esri/arcgis-html-sanitizer/-/arcgis-html-sanitizer-2.1.1.tgz",
          "integrity": "sha512-289SCEEBCNZ5Y2D6KHaNoNjIERXlXGsoEZqppQheS8oNUKnNc8NVGH6rWWqfSjLljDyK6kagERuxFsuCfV3esA==",
          "requires": {
            "lodash.isplainobject": "^4.0.6",
            "xss": "^1.0.6"
          }
        }
      }
    },
    "@esri/solution-creator": {
      "version": "0.22.13",
      "resolved": "https://registry.npmjs.org/@esri/solution-creator/-/solution-creator-0.22.13.tgz",
      "integrity": "sha512-DB/K27qGGkv8WFkTLw0kDAbWRAcOPNMyqnsDjVSbwbSlJ6CNWv0sL0T9dpi8p8P+WnAq6Kc/XziBN4uZzBuhgg==",
      "requires": {
        "@esri/solution-common": "^0.22.13",
        "@esri/solution-feature-layer": "^0.22.13",
        "@esri/solution-file": "^0.22.13",
        "@esri/solution-form": "^0.22.13",
        "@esri/solution-group": "^0.22.13",
        "@esri/solution-hub-types": "^0.22.13",
        "@esri/solution-simple-types": "^0.22.13",
        "@esri/solution-storymap": "^0.22.13",
        "@esri/solution-web-experience": "^0.22.13",
        "tslib": "^1.13.0"
      }
    },
    "@esri/solution-deployer": {
      "version": "0.22.13",
      "resolved": "https://registry.npmjs.org/@esri/solution-deployer/-/solution-deployer-0.22.13.tgz",
      "integrity": "sha512-QkpodvLt+BzqsPVe3CoJNyXpdSxAsWBsoAtcySHV87Wzxh7E61zQcJCDBMybPHkluaNyFaZL1oEdvl2Ecr1JDQ==",
      "requires": {
        "@esri/solution-common": "^0.22.13",
        "@esri/solution-feature-layer": "^0.22.13",
        "@esri/solution-file": "^0.22.13",
        "@esri/solution-form": "^0.22.13",
        "@esri/solution-group": "^0.22.13",
        "@esri/solution-hub-types": "^0.22.13",
        "@esri/solution-simple-types": "^0.22.13",
        "@esri/solution-storymap": "^0.22.13",
        "@esri/solution-web-experience": "^0.22.13",
        "tslib": "^1.13.0"
      }
    },
    "@esri/solution-feature-layer": {
      "version": "0.22.13",
      "resolved": "https://registry.npmjs.org/@esri/solution-feature-layer/-/solution-feature-layer-0.22.13.tgz",
      "integrity": "sha512-sYqKxMf6wmURl4Z/ThPuQmqnUkedOWuYPEdr0PsvXkYrVRTXafggnVp6SJgTqjdkh9q7Q93R382mI8jOC/oSZA==",
      "requires": {
        "@esri/solution-common": "^0.22.13",
        "tslib": "^1.13.0"
      }
    },
    "@esri/solution-file": {
      "version": "0.22.13",
      "resolved": "https://registry.npmjs.org/@esri/solution-file/-/solution-file-0.22.13.tgz",
      "integrity": "sha512-NGmH3xvS9HxCpEnGtf2Fhm1AiS4zl7sEn+Myfv0IPeZ86veoJH5ipgH1XleNep4iqWi8EkZrFNda7jUQSIWi5Q==",
      "requires": {
        "@esri/solution-common": "^0.22.13",
        "tslib": "^1.13.0"
      }
    },
    "@esri/solution-form": {
      "version": "0.22.13",
      "resolved": "https://registry.npmjs.org/@esri/solution-form/-/solution-form-0.22.13.tgz",
      "integrity": "sha512-MofaSuit7wiw+W2mYdYi1phRD4vRbMMaWNNZrcgmKt49M3BiSczl//gq3RT0EusuKJux/13rrr0piiHmC3R5kw==",
      "requires": {
        "@esri/solution-common": "^0.22.13",
        "@esri/solution-feature-layer": "^0.22.13",
        "@esri/solution-file": "^0.22.13",
        "@esri/solution-group": "^0.22.13",
        "@esri/solution-simple-types": "^0.22.13",
        "@esri/solution-storymap": "^0.22.13",
        "tslib": "^1.13.0"
      }
    },
    "@esri/solution-group": {
      "version": "0.22.13",
      "resolved": "https://registry.npmjs.org/@esri/solution-group/-/solution-group-0.22.13.tgz",
      "integrity": "sha512-3VGGNXPIH+cZqrb4RpRpnlRJ0mCkS/Afj5H9pSsoWO6ZSOfSRZwezHZ2J6YAg4+nClGc1qvOsm20/5VKeysJKw==",
      "requires": {
        "@esri/solution-common": "^0.22.13",
        "tslib": "^1.13.0"
      }
    },
    "@esri/solution-hub-types": {
      "version": "0.22.13",
      "resolved": "https://registry.npmjs.org/@esri/solution-hub-types/-/solution-hub-types-0.22.13.tgz",
      "integrity": "sha512-2VrcbwVrZT/KBxHPgaz8ituqFqJWSEdM5Jedue8ak1aSqXPP5ESz5wonsG+7IeDWnRnIyfqk3sQAUf+GnE6Khg==",
      "requires": {
        "@esri/solution-common": "^0.22.13",
        "tslib": "^1.13.0"
      }
    },
    "@esri/solution-simple-types": {
      "version": "0.22.13",
      "resolved": "https://registry.npmjs.org/@esri/solution-simple-types/-/solution-simple-types-0.22.13.tgz",
      "integrity": "sha512-922BsHHD5I5d3NM9P7dFMxbyzmJ21P/+lKiH5dZGKcNGo86HuHgCFnszTQp0Ry+o5C1Q/S9lSM0v8d7quMcpNw==",
      "requires": {
        "@esri/solution-common": "^0.22.13",
        "@esri/solution-feature-layer": "^0.22.13",
        "@esri/solution-file": "^0.22.13",
        "@esri/solution-group": "^0.22.13",
        "tslib": "^1.13.0"
      }
    },
    "@esri/solution-storymap": {
      "version": "0.22.13",
      "resolved": "https://registry.npmjs.org/@esri/solution-storymap/-/solution-storymap-0.22.13.tgz",
      "integrity": "sha512-EjQESekUawpDE8Umly1R8x+TOEjcR3j5iKkEXy007aGsiFwf5r0gYpB82mIh/IcXjCQIf3wpS3owHHoX9ov+WA==",
      "requires": {
        "@esri/solution-common": "^0.22.13",
        "tslib": "^1.13.0"
      }
    },
    "@esri/solution-web-experience": {
      "version": "0.22.13",
      "resolved": "https://registry.npmjs.org/@esri/solution-web-experience/-/solution-web-experience-0.22.13.tgz",
      "integrity": "sha512-UwbhWnHx4weRJWwi6Mnze8U0YgJvsrCDQ+AbCpw9A9n24ZrRPvtGASpuqAnOzdhBJKFcDapEJGd4PLd3fK4CSA==",
      "requires": {
        "@esri/solution-common": "^0.22.13",
        "@esri/solution-simple-types": "^0.22.13",
        "tslib": "^1.13.0"
      }
    },
    "@types/lodash": {
      "version": "4.14.170",
      "resolved": "https://registry.npmjs.org/@types/lodash/-/lodash-4.14.170.tgz",
      "integrity": "sha512-bpcvu/MKHHeYX+qeEN8GE7DIravODWdACVA1ctevD8CN24RhPZIKMn9ntfAsrvLfSX3cR5RrBKAbYm9bGs0A+Q=="
    },
    "@types/lodash.isplainobject": {
      "version": "4.0.6",
      "resolved": "https://registry.npmjs.org/@types/lodash.isplainobject/-/lodash.isplainobject-4.0.6.tgz",
      "integrity": "sha512-8G41YFhmOl8Ck6NrwLK5hhnbz6ADfuDJP+zusDnX3PoYhfC60+H/rQE6zmdO4yFzPCPJPY4oGZK2spbXm6gYEA==",
      "requires": {
        "@types/lodash": "*"
      }
    },
    "adlib": {
      "version": "3.0.7",
      "resolved": "https://registry.npmjs.org/adlib/-/adlib-3.0.7.tgz",
      "integrity": "sha512-74ylfcwB7+fu+jqN6e3mBJrAWhWHI5l8icUKh8IhNhmezetLRaMBrxQKJZ+GgyrNxyW+0M12eUirY1RJ5HhWKg==",
      "requires": {
        "esm": "^3.2.25"
      }
    },
    "commander": {
      "version": "2.20.3",
      "resolved": "https://registry.npmjs.org/commander/-/commander-2.20.3.tgz",
      "integrity": "sha512-GpVkmM8vF2vQUkj2LvZmD35JxeJOLCwJ9cUkugyk2nuhbv3+mJvpLYYt+0+USMxE+oj+ey/lJEnhZw75x/OMcQ=="
    },
    "core-util-is": {
      "version": "1.0.2",
      "resolved": "https://registry.npmjs.org/core-util-is/-/core-util-is-1.0.2.tgz",
      "integrity": "sha1-tf1UIgqivFq1eqtxQMlAdUUDwac="
    },
    "cssfilter": {
      "version": "0.0.10",
      "resolved": "https://registry.npmjs.org/cssfilter/-/cssfilter-0.0.10.tgz",
      "integrity": "sha1-xtJnJjKi5cg+AT5oZKQs6N79IK4="
    },
    "esm": {
      "version": "3.2.25",
      "resolved": "https://registry.npmjs.org/esm/-/esm-3.2.25.tgz",
      "integrity": "sha512-U1suiZ2oDVWv4zPO56S0NcR5QriEahGtdN2OR6FiOG4WJvcjBVFB0qI4+eKoWFH483PKGuLuu6V8Z4T5g63UVA=="
    },
    "fsevents": {
      "version": "2.1.3",
      "resolved": "https://registry.npmjs.org/fsevents/-/fsevents-2.1.3.tgz",
      "integrity": "sha512-Auw9a4AxqWpa9GUfj370BMPzzyncfBABW8Mab7BGWBYDj4Isgq+cDKtx0i6u9jcX9pQDnswsaaOTgTmA5pEjuQ==",
      "dev": true,
      "optional": true
    },
    "immediate": {
      "version": "3.0.6",
      "resolved": "https://registry.npmjs.org/immediate/-/immediate-3.0.6.tgz",
      "integrity": "sha1-nbHb0Pr43m++D13V5Wu2BigN5ps="
    },
    "inherits": {
      "version": "2.0.4",
      "resolved": "https://registry.npmjs.org/inherits/-/inherits-2.0.4.tgz",
      "integrity": "sha512-k/vGaX4/Yla3WzyMCvTQOXYeIHvqOKtnqBduzTHpzpQZzAskKMhZ2K+EnBiSM9zGSoIFeMpXKxa4dYeZIQqewQ=="
    },
    "isarray": {
      "version": "1.0.0",
      "resolved": "https://registry.npmjs.org/isarray/-/isarray-1.0.0.tgz",
      "integrity": "sha1-u5NdSFgsuhaMBoNJV6VKPgcSTxE="
    },
    "jszip": {
      "version": "3.6.0",
      "resolved": "https://registry.npmjs.org/jszip/-/jszip-3.6.0.tgz",
      "integrity": "sha512-jgnQoG9LKnWO3mnVNBnfhkh0QknICd1FGSrXcgrl67zioyJ4wgx25o9ZqwNtrROSflGBCGYnJfjrIyRIby1OoQ==",
      "requires": {
        "lie": "~3.3.0",
        "pako": "~1.0.2",
        "readable-stream": "~2.3.6",
        "set-immediate-shim": "~1.0.1"
      }
    },
    "lie": {
      "version": "3.3.0",
      "resolved": "https://registry.npmjs.org/lie/-/lie-3.3.0.tgz",
      "integrity": "sha512-UaiMJzeWRlEujzAuw5LokY1L5ecNQYZKfmyZ9L7wDHb/p5etKaxXhohBcrw0EYby+G/NA52vRSN4N39dxHAIwQ==",
      "requires": {
        "immediate": "~3.0.5"
      }
    },
    "lodash.isplainobject": {
      "version": "4.0.6",
      "resolved": "https://registry.npmjs.org/lodash.isplainobject/-/lodash.isplainobject-4.0.6.tgz",
      "integrity": "sha1-fFJqUtibRcRcxpC4gWO+BJf1UMs="
    },
    "pako": {
      "version": "1.0.11",
      "resolved": "https://registry.npmjs.org/pako/-/pako-1.0.11.tgz",
      "integrity": "sha512-4hLB8Py4zZce5s4yd9XzopqwVv/yGNhV1Bl8NTmCq1763HeK2+EwVTv+leGeL13Dnh2wfbqowVPXCIO0z4taYw=="
    },
    "process-nextick-args": {
      "version": "2.0.1",
      "resolved": "https://registry.npmjs.org/process-nextick-args/-/process-nextick-args-2.0.1.tgz",
      "integrity": "sha512-3ouUOpQhtgrbOa17J7+uxOTpITYWaGP7/AhoR3+A+/1e9skrzelGi/dXzEYyvbxubEF6Wn2ypscTKiKJFFn1ag=="
    },
    "readable-stream": {
      "version": "2.3.7",
      "resolved": "https://registry.npmjs.org/readable-stream/-/readable-stream-2.3.7.tgz",
      "integrity": "sha512-Ebho8K4jIbHAxnuxi7o42OrZgF/ZTNcsZj6nRKyUmkhLFq8CHItp/fy6hQZuZmP/n3yZ9VBUbp4zz/mX8hmYPw==",
      "requires": {
        "core-util-is": "~1.0.0",
        "inherits": "~2.0.3",
        "isarray": "~1.0.0",
        "process-nextick-args": "~2.0.0",
        "safe-buffer": "~5.1.1",
        "string_decoder": "~1.1.1",
        "util-deprecate": "~1.0.1"
      }
    },
    "rollup": {
      "version": "2.33.3",
      "resolved": "https://registry.npmjs.org/rollup/-/rollup-2.33.3.tgz",
      "integrity": "sha512-RpayhPTe4Gu/uFGCmk7Gp5Z9Qic2VsqZ040G+KZZvsZYdcuWaJg678JeDJJvJeEQXminu24a2au+y92CUWVd+w==",
      "dev": true,
      "requires": {
        "fsevents": "~2.1.2"
      }
    },
    "safe-buffer": {
      "version": "5.1.2",
      "resolved": "https://registry.npmjs.org/safe-buffer/-/safe-buffer-5.1.2.tgz",
      "integrity": "sha512-Gd2UZBJDkXlY7GbJxfsE8/nvKkUEU1G38c1siN6QP6a9PT9MmHB8GnpscSmMJSoF8LOIrt8ud/wPtojys4G6+g=="
    },
    "set-immediate-shim": {
      "version": "1.0.1",
      "resolved": "https://registry.npmjs.org/set-immediate-shim/-/set-immediate-shim-1.0.1.tgz",
      "integrity": "sha1-SysbJ+uAip+NzEgaWOXlb1mfP2E="
    },
    "string_decoder": {
      "version": "1.1.1",
      "resolved": "https://registry.npmjs.org/string_decoder/-/string_decoder-1.1.1.tgz",
      "integrity": "sha512-n/ShnvDi6FHbbVfviro+WojiFzv+s8MPMHBczVePfUpDJLwoLT0ht1l4YwBCbi8pJAveEEdnkHyPyTP/mzRfwg==",
      "requires": {
        "safe-buffer": "~5.1.0"
      }
    },
    "tslib": {
      "version": "1.14.1",
      "resolved": "https://registry.npmjs.org/tslib/-/tslib-1.14.1.tgz",
      "integrity": "sha512-Xni35NKzjgMrwevysHTCArtLDpPvye8zV/0E4EyYn43P7/7qvQwPh9BGkHewbMulVntbigmcT7rdX3BNo9wRJg=="
    },
    "typescript": {
      "version": "4.1.3",
      "resolved": "https://registry.npmjs.org/typescript/-/typescript-4.1.3.tgz",
      "integrity": "sha512-B3ZIOf1IKeH2ixgHhj6la6xdwR9QrLC5d1VKeCSY4tvkqhF2eqd9O7txNlS0PO3GrBAFIdr3L1ndNwteUbZLYg==",
      "dev": true
    },
    "util-deprecate": {
      "version": "1.0.2",
      "resolved": "https://registry.npmjs.org/util-deprecate/-/util-deprecate-1.0.2.tgz",
      "integrity": "sha1-RQ1Nyfpw3nMnYvvS1KKJgUGaDM8="
    },
    "xss": {
      "version": "1.0.8",
      "resolved": "https://registry.npmjs.org/xss/-/xss-1.0.8.tgz",
      "integrity": "sha512-3MgPdaXV8rfQ/pNn16Eio6VXYPTkqwa0vc7GkiymmY/DqR1SE/7VPAAVZz1GJsJFrllMYO3RHfEaiUGjab6TNw==",
      "requires": {
        "commander": "^2.20.3",
        "cssfilter": "0.0.10"
      }
    }
  }
}
