{
	"name": "demos",
	"version": "1.3.15",
	"lockfileVersion": 2,
	"requires": true,
	"packages": {
		"": {
			"name": "demos",
			"version": "1.3.15",
			"license": "Apache-2.0",
			"dependencies": {
				"@esri/arcgis-html-sanitizer": "2.10.0",
				"@esri/arcgis-rest-auth": "3.4.3",
				"@esri/arcgis-rest-feature-layer": "3.4.3",
				"@esri/arcgis-rest-portal": "3.4.3",
				"@esri/arcgis-rest-request": "3.4.3",
				"@esri/arcgis-rest-service-admin": "3.4.3",
				"@esri/hub-common": "9.29.0",
				"@esri/hub-initiatives": "9.29.0",
				"@esri/hub-sites": "9.29.0",
				"@esri/hub-teams": "9.29.0",
				"adlib": "3.0.7",
				"tslib": "1.14.1"
			},
			"devDependencies": {
				"http-server": "*",
				"rollup": "2.66.1",
				"typescript": "^4.6.3"
			}
		},
		"../packages/common": {
			"name": "@esri/solution-common",
			"version": "1.3.15",
			"extraneous": true,
			"license": "Apache-2.0",
			"dependencies": {
				"@esri/arcgis-html-sanitizer": "2.10.0",
				"@types/lodash.isplainobject": "^4.0.7",
				"adlib": "3.0.7",
				"jszip": "3.9.1",
				"lodash.isplainobject": "^4.0.6",
				"tslib": "1.14.1",
				"xss": "^1.0.11"
			},
			"devDependencies": {
				"@esri/arcgis-rest-auth": "3.4.3",
				"@esri/arcgis-rest-feature-layer": "3.4.3",
				"@esri/arcgis-rest-portal": "3.4.3",
				"@esri/arcgis-rest-request": "3.4.3",
				"@esri/arcgis-rest-service-admin": "3.4.3",
				"@esri/hub-common": "9.29.0",
				"@esri/hub-initiatives": "9.29.0",
				"@esri/hub-sites": "9.29.0",
				"@esri/hub-teams": "9.29.0",
				"@types/adlib": "^3.0.1",
				"rollup": "2.66.1"
			},
			"peerDependencies": {
				"@esri/arcgis-rest-auth": "3.4.3",
				"@esri/arcgis-rest-feature-layer": "3.4.3",
				"@esri/arcgis-rest-portal": "3.4.3",
				"@esri/arcgis-rest-request": "3.4.3",
				"@esri/arcgis-rest-service-admin": "3.4.3",
				"@esri/hub-common": "9.29.0",
				"@esri/hub-initiatives": "9.29.0",
				"@esri/hub-sites": "9.29.0",
				"@esri/hub-teams": "9.29.0"
			}
		},
		"../packages/creator": {
			"name": "@esri/solution-creator",
			"version": "1.3.15",
			"extraneous": true,
			"license": "Apache-2.0",
			"dependencies": {
				"tslib": "1.14.1"
			},
			"devDependencies": {
				"@esri/arcgis-rest-auth": "3.4.3",
				"@esri/arcgis-rest-feature-layer": "3.4.3",
				"@esri/arcgis-rest-portal": "3.4.3",
				"@esri/arcgis-rest-request": "3.4.3",
				"@esri/arcgis-rest-service-admin": "3.4.3",
				"@esri/hub-common": "9.29.0",
				"@esri/hub-initiatives": "9.29.0",
				"@esri/hub-sites": "9.29.0",
				"@esri/hub-teams": "9.29.0",
				"rollup": "2.66.1"
			},
			"peerDependencies": {
				"@esri/arcgis-rest-auth": "3.4.3",
				"@esri/arcgis-rest-feature-layer": "3.4.3",
				"@esri/arcgis-rest-portal": "3.4.3",
				"@esri/arcgis-rest-request": "3.4.3",
				"@esri/arcgis-rest-service-admin": "3.4.3",
				"@esri/hub-common": "9.29.0",
				"@esri/hub-initiatives": "9.29.0",
				"@esri/hub-sites": "9.29.0",
				"@esri/hub-teams": "9.29.0"
			}
		},
		"../packages/deployer": {
			"name": "@esri/solution-deployer",
			"version": "1.3.15",
			"extraneous": true,
			"license": "Apache-2.0",
			"dependencies": {
				"tslib": "1.14.1"
			},
			"devDependencies": {
				"@esri/arcgis-rest-auth": "3.4.3",
				"@esri/arcgis-rest-feature-layer": "3.4.3",
				"@esri/arcgis-rest-portal": "3.4.3",
				"@esri/arcgis-rest-request": "3.4.3",
				"@esri/arcgis-rest-service-admin": "3.4.3",
				"@esri/hub-common": "9.29.0",
				"@esri/hub-initiatives": "9.29.0",
				"@esri/hub-sites": "9.29.0",
				"@esri/hub-teams": "9.29.0",
				"rollup": "2.66.1"
			},
			"peerDependencies": {
				"@esri/arcgis-rest-auth": "3.4.3",
				"@esri/arcgis-rest-feature-layer": "3.4.3",
				"@esri/arcgis-rest-portal": "3.4.3",
				"@esri/arcgis-rest-request": "3.4.3",
				"@esri/arcgis-rest-service-admin": "3.4.3",
				"@esri/hub-common": "9.29.0",
				"@esri/hub-initiatives": "9.29.0",
				"@esri/hub-sites": "9.29.0",
				"@esri/hub-teams": "9.29.0"
			}
		},
		"../packages/feature-layer": {
			"name": "@esri/solution-feature-layer",
			"version": "1.3.15",
			"extraneous": true,
			"license": "Apache-2.0",
			"dependencies": {
				"tslib": "1.14.1"
			},
			"devDependencies": {
				"@esri/arcgis-rest-auth": "3.4.3",
				"@esri/arcgis-rest-feature-layer": "3.4.3",
				"@esri/arcgis-rest-portal": "3.4.3",
				"@esri/arcgis-rest-request": "3.4.3",
				"@esri/arcgis-rest-service-admin": "3.4.3",
				"@esri/hub-common": "9.29.0",
				"@esri/hub-initiatives": "9.29.0",
				"@esri/hub-sites": "9.29.0",
				"@esri/hub-teams": "9.29.0",
				"rollup": "2.66.1"
			},
			"peerDependencies": {
				"@esri/arcgis-rest-auth": "3.4.3",
				"@esri/arcgis-rest-feature-layer": "3.4.3",
				"@esri/arcgis-rest-portal": "3.4.3",
				"@esri/arcgis-rest-request": "3.4.3",
				"@esri/arcgis-rest-service-admin": "3.4.3",
				"@esri/hub-common": "9.29.0",
				"@esri/hub-initiatives": "9.29.0",
				"@esri/hub-sites": "9.29.0",
				"@esri/hub-teams": "9.29.0"
			}
		},
		"../packages/file": {
			"name": "@esri/solution-file",
			"version": "1.3.15",
			"extraneous": true,
			"license": "Apache-2.0",
			"dependencies": {
				"tslib": "1.14.1"
			},
			"devDependencies": {
				"@esri/arcgis-rest-auth": "3.4.3",
				"@esri/arcgis-rest-feature-layer": "3.4.3",
				"@esri/arcgis-rest-portal": "3.4.3",
				"@esri/arcgis-rest-request": "3.4.3",
				"@esri/arcgis-rest-service-admin": "3.4.3",
				"@esri/hub-common": "9.29.0",
				"@esri/hub-initiatives": "9.29.0",
				"@esri/hub-sites": "9.29.0",
				"@esri/hub-teams": "9.29.0",
				"rollup": "2.66.1"
			},
			"peerDependencies": {
				"@esri/arcgis-rest-auth": "3.4.3",
				"@esri/arcgis-rest-feature-layer": "3.4.3",
				"@esri/arcgis-rest-portal": "3.4.3",
				"@esri/arcgis-rest-request": "3.4.3",
				"@esri/arcgis-rest-service-admin": "3.4.3",
				"@esri/hub-common": "9.29.0",
				"@esri/hub-initiatives": "9.29.0",
				"@esri/hub-sites": "9.29.0",
				"@esri/hub-teams": "9.29.0"
			}
		},
		"../packages/form": {
			"name": "@esri/solution-form",
			"version": "1.3.15",
			"extraneous": true,
			"license": "Apache-2.0",
			"dependencies": {
				"tslib": "1.14.1"
			},
			"devDependencies": {
				"@esri/arcgis-rest-auth": "3.4.3",
				"@esri/arcgis-rest-feature-layer": "3.4.3",
				"@esri/arcgis-rest-portal": "3.4.3",
				"@esri/arcgis-rest-request": "3.4.3",
				"@esri/arcgis-rest-service-admin": "3.4.3",
				"@esri/hub-common": "9.29.0",
				"@esri/hub-initiatives": "9.29.0",
				"@esri/hub-sites": "9.29.0",
				"@esri/hub-teams": "9.29.0",
				"rollup": "2.66.1"
			},
			"peerDependencies": {
				"@esri/arcgis-rest-auth": "3.4.3",
				"@esri/arcgis-rest-feature-layer": "3.4.3",
				"@esri/arcgis-rest-portal": "3.4.3",
				"@esri/arcgis-rest-request": "3.4.3",
				"@esri/arcgis-rest-service-admin": "3.4.3",
				"@esri/hub-common": "9.29.0",
				"@esri/hub-initiatives": "9.29.0",
				"@esri/hub-sites": "9.29.0",
				"@esri/hub-teams": "9.29.0"
			}
		},
		"../packages/group": {
			"name": "@esri/solution-group",
			"version": "1.3.15",
			"extraneous": true,
			"license": "Apache-2.0",
			"dependencies": {
				"tslib": "1.14.1"
			},
			"devDependencies": {
				"@esri/arcgis-rest-auth": "3.4.3",
				"@esri/arcgis-rest-feature-layer": "3.4.3",
				"@esri/arcgis-rest-portal": "3.4.3",
				"@esri/arcgis-rest-request": "3.4.3",
				"@esri/arcgis-rest-service-admin": "3.4.3",
				"@esri/hub-common": "9.29.0",
				"@esri/hub-initiatives": "9.29.0",
				"@esri/hub-sites": "9.29.0",
				"@esri/hub-teams": "9.29.0",
				"rollup": "2.66.1"
			},
			"peerDependencies": {
				"@esri/arcgis-rest-auth": "3.4.3",
				"@esri/arcgis-rest-feature-layer": "3.4.3",
				"@esri/arcgis-rest-portal": "3.4.3",
				"@esri/arcgis-rest-request": "3.4.3",
				"@esri/arcgis-rest-service-admin": "3.4.3",
				"@esri/hub-common": "9.29.0",
				"@esri/hub-initiatives": "9.29.0",
				"@esri/hub-sites": "9.29.0",
				"@esri/hub-teams": "9.29.0"
			}
		},
		"../packages/hub-types": {
			"name": "@esri/solution-hub-types",
			"version": "1.3.15",
			"extraneous": true,
			"license": "Apache-2.0",
			"dependencies": {
				"tslib": "1.14.1"
			},
			"devDependencies": {
				"@esri/arcgis-rest-auth": "3.4.3",
				"@esri/arcgis-rest-feature-layer": "3.4.3",
				"@esri/arcgis-rest-portal": "3.4.3",
				"@esri/arcgis-rest-request": "3.4.3",
				"@esri/arcgis-rest-service-admin": "3.4.3",
				"@esri/hub-common": "9.29.0",
				"@esri/hub-initiatives": "9.29.0",
				"@esri/hub-sites": "9.29.0",
				"@esri/hub-teams": "9.29.0",
				"rollup": "2.66.1"
			},
			"peerDependencies": {
				"@esri/arcgis-rest-auth": "3.4.3",
				"@esri/arcgis-rest-feature-layer": "3.4.3",
				"@esri/arcgis-rest-portal": "3.4.3",
				"@esri/arcgis-rest-request": "3.4.3",
				"@esri/arcgis-rest-service-admin": "3.4.3",
				"@esri/hub-common": "9.29.0",
				"@esri/hub-initiatives": "9.29.0",
				"@esri/hub-sites": "9.29.0",
				"@esri/hub-teams": "9.29.0"
			}
		},
		"../packages/simple-types": {
			"name": "@esri/solution-simple-types",
			"version": "1.3.15",
			"extraneous": true,
			"license": "Apache-2.0",
			"dependencies": {
				"tslib": "1.14.1"
			},
			"devDependencies": {
				"@esri/arcgis-rest-auth": "3.4.3",
				"@esri/arcgis-rest-feature-layer": "3.4.3",
				"@esri/arcgis-rest-portal": "3.4.3",
				"@esri/arcgis-rest-request": "3.4.3",
				"@esri/arcgis-rest-service-admin": "3.4.3",
				"@esri/hub-common": "9.29.0",
				"@esri/hub-teams": "9.29.0",
				"rollup": "2.66.1"
			},
			"peerDependencies": {
				"@esri/arcgis-rest-auth": "3.4.3",
				"@esri/arcgis-rest-feature-layer": "3.4.3",
				"@esri/arcgis-rest-portal": "3.4.3",
				"@esri/arcgis-rest-request": "3.4.3",
				"@esri/arcgis-rest-service-admin": "3.4.3",
				"@esri/hub-common": "9.29.0",
				"@esri/hub-teams": "9.29.0"
			}
		},
		"../packages/storymap": {
			"name": "@esri/solution-storymap",
			"version": "1.3.15",
			"extraneous": true,
			"license": "Apache-2.0",
			"dependencies": {
				"tslib": "1.14.1"
			},
			"devDependencies": {
				"@esri/arcgis-rest-auth": "3.4.3",
				"@esri/arcgis-rest-portal": "3.4.3",
				"@esri/arcgis-rest-request": "3.4.3",
				"@esri/hub-common": "9.29.0",
				"rollup": "2.66.1"
			},
			"peerDependencies": {
				"@esri/arcgis-rest-auth": "3.4.3",
				"@esri/arcgis-rest-portal": "3.4.3",
				"@esri/arcgis-rest-request": "3.4.3",
				"@esri/hub-common": "9.29.0"
			}
		},
		"../packages/velocity": {
			"name": "@esri/solution-velocity",
			"version": "1.3.15",
			"extraneous": true,
			"license": "Apache-2.0",
			"dependencies": {
				"tslib": "1.14.1"
			},
			"devDependencies": {
				"@esri/arcgis-rest-auth": "3.4.3",
				"@esri/arcgis-rest-feature-layer": "3.4.3",
				"@esri/arcgis-rest-portal": "3.4.3",
				"@esri/arcgis-rest-request": "3.4.3",
				"@esri/arcgis-rest-service-admin": "3.4.3",
				"rollup": "2.66.1"
			},
			"peerDependencies": {
				"@esri/arcgis-rest-auth": "3.4.3",
				"@esri/arcgis-rest-feature-layer": "3.4.3",
				"@esri/arcgis-rest-portal": "3.4.3",
				"@esri/arcgis-rest-request": "3.4.3",
				"@esri/arcgis-rest-service-admin": "3.4.3"
			}
		},
		"../packages/viewer": {
			"name": "@esri/solution-viewer",
			"version": "1.3.15",
			"extraneous": true,
			"license": "Apache-2.0",
			"dependencies": {
				"tslib": "1.14.1"
			},
			"devDependencies": {
				"@esri/arcgis-rest-auth": "3.4.3",
				"@esri/arcgis-rest-feature-layer": "3.4.3",
				"@esri/arcgis-rest-portal": "3.4.3",
				"@esri/arcgis-rest-request": "3.4.3",
				"@esri/arcgis-rest-service-admin": "3.4.3",
				"@esri/hub-common": "9.29.0",
				"@esri/hub-initiatives": "9.29.0",
				"@esri/hub-sites": "9.29.0",
				"@esri/hub-teams": "9.29.0",
				"rollup": "2.66.1"
			},
			"peerDependencies": {
				"@esri/arcgis-rest-auth": "3.4.3",
				"@esri/arcgis-rest-feature-layer": "3.4.3",
				"@esri/arcgis-rest-portal": "3.4.3",
				"@esri/arcgis-rest-request": "3.4.3",
				"@esri/arcgis-rest-service-admin": "3.4.3",
				"@esri/hub-common": "9.29.0",
				"@esri/hub-initiatives": "9.29.0",
				"@esri/hub-sites": "9.29.0",
				"@esri/hub-teams": "9.29.0"
			}
		},
		"../packages/web-experience": {
			"name": "@esri/solution-web-experience",
			"version": "1.3.15",
			"extraneous": true,
			"license": "Apache-2.0",
			"dependencies": {
				"tslib": "1.14.1"
			},
			"devDependencies": {
				"@esri/arcgis-rest-auth": "3.4.3",
				"@esri/arcgis-rest-feature-layer": "3.4.3",
				"@esri/arcgis-rest-portal": "3.4.3",
				"@esri/arcgis-rest-request": "3.4.3",
				"@esri/arcgis-rest-service-admin": "3.4.3",
				"@esri/hub-common": "9.29.0",
				"@esri/hub-initiatives": "9.29.0",
				"rollup": "2.66.1"
			},
			"peerDependencies": {
				"@esri/arcgis-rest-auth": "3.4.3",
				"@esri/arcgis-rest-feature-layer": "3.4.3",
				"@esri/arcgis-rest-portal": "3.4.3",
				"@esri/arcgis-rest-request": "3.4.3",
				"@esri/arcgis-rest-service-admin": "3.4.3",
				"@esri/hub-common": "9.29.0",
				"@esri/hub-initiatives": "9.29.0"
			}
		},
		"node_modules/@esri/arcgis-html-sanitizer": {
			"version": "2.10.0",
			"license": "Apache-2.0",
			"dependencies": {
				"lodash.isplainobject": "^4.0.6",
				"xss": "^1.0.11"
			}
		},
		"node_modules/@esri/arcgis-rest-auth": {
			"version": "3.4.3",
			"license": "Apache-2.0",
			"dependencies": {
				"@esri/arcgis-rest-types": "^3.4.3",
				"tslib": "^1.13.0"
			},
			"peerDependencies": {
				"@esri/arcgis-rest-request": "^3.0.0"
			}
		},
		"node_modules/@esri/arcgis-rest-feature-layer": {
			"version": "3.4.3",
			"license": "Apache-2.0",
			"dependencies": {
				"@esri/arcgis-rest-types": "^3.4.3",
				"tslib": "^1.13.0"
			},
			"peerDependencies": {
				"@esri/arcgis-rest-auth": "^3.0.0",
				"@esri/arcgis-rest-request": "^3.0.0"
			}
		},
		"node_modules/@esri/arcgis-rest-portal": {
			"version": "3.4.3",
			"license": "Apache-2.0",
			"dependencies": {
				"@esri/arcgis-rest-types": "^3.4.3",
				"tslib": "^1.13.0"
			},
			"peerDependencies": {
				"@esri/arcgis-rest-auth": "^3.0.0",
				"@esri/arcgis-rest-request": "^3.0.0"
			}
		},
		"node_modules/@esri/arcgis-rest-request": {
			"version": "3.4.3",
			"license": "Apache-2.0",
			"dependencies": {
				"tslib": "^1.10.0"
			}
		},
		"node_modules/@esri/arcgis-rest-service-admin": {
			"version": "3.4.3",
			"license": "Apache-2.0",
			"dependencies": {
				"@esri/arcgis-rest-types": "^3.4.3",
				"tslib": "^1.13.0"
			},
			"peerDependencies": {
				"@esri/arcgis-rest-auth": "^3.0.0",
				"@esri/arcgis-rest-portal": "^3.0.0",
				"@esri/arcgis-rest-request": "^3.0.0"
			}
		},
		"node_modules/@esri/arcgis-rest-types": {
			"version": "3.4.3",
			"license": "Apache-2.0"
		},
		"node_modules/@esri/hub-common": {
			"version": "9.29.0",
			"license": "Apache-2.0",
			"dependencies": {
				"abab": "^2.0.5",
				"adlib": "^3.0.7",
				"fast-xml-parser": "~3.2.4",
				"jsonapi-typescript": "^0.1.3",
				"tslib": "^1.13.0"
			},
			"peerDependencies": {
				"@esri/arcgis-rest-auth": "^2.14.0 || 3",
				"@esri/arcgis-rest-feature-layer": "^3.2.0",
				"@esri/arcgis-rest-portal": "^2.18.0 || 3",
				"@esri/arcgis-rest-request": "^2.14.0 || 3",
				"@esri/arcgis-rest-types": "^2.15.0 || 3"
			}
		},
		"node_modules/@esri/hub-initiatives": {
			"version": "9.29.0",
			"license": "Apache-2.0",
			"dependencies": {
				"tslib": "^1.13.0"
			},
			"peerDependencies": {
				"@esri/arcgis-rest-auth": "^2.13.0 || 3",
				"@esri/arcgis-rest-portal": "^2.13.0 || 3",
				"@esri/arcgis-rest-request": "^2.13.0 || 3",
				"@esri/hub-common": "9.29.0"
			}
		},
		"node_modules/@esri/hub-sites": {
			"version": "9.29.0",
			"license": "Apache-2.0",
			"dependencies": {
				"tslib": "^1.13.0"
			},
			"peerDependencies": {
				"@esri/arcgis-rest-auth": "^2.13.0 || 3",
				"@esri/arcgis-rest-portal": "^2.19.0 || 3",
				"@esri/arcgis-rest-request": "^2.13.0 || 3",
				"@esri/hub-common": "9.29.0",
				"@esri/hub-initiatives": "9.29.0",
				"@esri/hub-teams": "9.29.0"
			}
		},
		"node_modules/@esri/hub-teams": {
			"version": "9.29.0",
			"license": "Apache-2.0",
			"dependencies": {
				"tslib": "^1.13.0"
			},
			"peerDependencies": {
				"@esri/arcgis-rest-auth": "^2.13.0 || 3",
				"@esri/arcgis-rest-portal": "^2.15.0 || 3",
				"@esri/arcgis-rest-request": "^2.13.0 || 3",
				"@esri/arcgis-rest-types": "^2.13.0 || 3",
				"@esri/hub-common": "9.29.0"
			}
		},
		"node_modules/abab": {
			"version": "2.0.6",
			"license": "BSD-3-Clause"
		},
		"node_modules/adlib": {
			"version": "3.0.7",
			"license": "Apache-2.0",
			"dependencies": {
				"esm": "^3.2.25"
			}
		},
		"node_modules/ansi-escapes": {
			"version": "1.4.0",
			"license": "MIT",
			"engines": {
				"node": ">=0.10.0"
			}
		},
		"node_modules/ansi-regex": {
			"version": "2.1.1",
			"license": "MIT",
			"engines": {
				"node": ">=0.10.0"
			}
		},
		"node_modules/ansi-styles": {
			"version": "4.3.0",
			"dev": true,
			"license": "MIT",
			"dependencies": {
				"color-convert": "^2.0.1"
			},
			"engines": {
				"node": ">=8"
			},
			"funding": {
				"url": "https://github.com/chalk/ansi-styles?sponsor=1"
			}
		},
		"node_modules/async": {
			"version": "2.6.4",
			"dev": true,
			"license": "MIT",
			"dependencies": {
				"lodash": "^4.17.14"
			}
		},
		"node_modules/babel-polyfill": {
			"version": "6.23.0",
			"license": "MIT",
			"dependencies": {
				"babel-runtime": "^6.22.0",
				"core-js": "^2.4.0",
				"regenerator-runtime": "^0.10.0"
			}
		},
		"node_modules/babel-runtime": {
			"version": "6.26.0",
			"license": "MIT",
			"dependencies": {
				"core-js": "^2.4.0",
				"regenerator-runtime": "^0.11.0"
			}
		},
		"node_modules/babel-runtime/node_modules/regenerator-runtime": {
			"version": "0.11.1",
			"license": "MIT"
		},
		"node_modules/basic-auth": {
			"version": "2.0.1",
			"dev": true,
			"license": "MIT",
			"dependencies": {
				"safe-buffer": "5.1.2"
			},
			"engines": {
				"node": ">= 0.8"
			}
		},
		"node_modules/call-bind": {
			"version": "1.0.2",
			"dev": true,
			"license": "MIT",
			"dependencies": {
				"function-bind": "^1.1.1",
				"get-intrinsic": "^1.0.2"
			},
			"funding": {
				"url": "https://github.com/sponsors/ljharb"
			}
		},
		"node_modules/chalk": {
			"version": "4.1.2",
			"dev": true,
			"license": "MIT",
			"dependencies": {
				"ansi-styles": "^4.1.0",
				"supports-color": "^7.1.0"
			},
			"engines": {
				"node": ">=10"
			},
			"funding": {
				"url": "https://github.com/chalk/chalk?sponsor=1"
			}
		},
		"node_modules/chardet": {
			"version": "0.4.2",
			"license": "MIT"
		},
		"node_modules/cli-cursor": {
			"version": "2.1.0",
			"license": "MIT",
			"dependencies": {
				"restore-cursor": "^2.0.0"
			},
			"engines": {
				"node": ">=4"
			}
		},
		"node_modules/cli-width": {
			"version": "2.2.1",
			"license": "ISC"
		},
		"node_modules/color-convert": {
			"version": "2.0.1",
			"dev": true,
			"license": "MIT",
			"dependencies": {
				"color-name": "~1.1.4"
			},
			"engines": {
				"node": ">=7.0.0"
			}
		},
		"node_modules/color-name": {
			"version": "1.1.4",
			"dev": true,
			"license": "MIT"
		},
		"node_modules/commander": {
			"version": "2.20.3",
			"license": "MIT"
		},
		"node_modules/core-js": {
			"version": "2.6.12",
			"hasInstallScript": true,
			"license": "MIT"
		},
		"node_modules/corser": {
			"version": "2.0.1",
			"dev": true,
			"license": "MIT",
			"engines": {
				"node": ">= 0.4.0"
			}
		},
		"node_modules/cssfilter": {
			"version": "0.0.10",
			"license": "MIT"
		},
		"node_modules/debug": {
			"version": "3.2.7",
			"dev": true,
			"license": "MIT",
			"dependencies": {
				"ms": "^2.1.1"
			}
		},
		"node_modules/encoding": {
			"version": "0.1.13",
			"license": "MIT",
			"dependencies": {
				"iconv-lite": "^0.6.2"
			}
		},
		"node_modules/encoding/node_modules/iconv-lite": {
			"version": "0.6.3",
			"license": "MIT",
			"dependencies": {
				"safer-buffer": ">= 2.1.2 < 3.0.0"
			},
			"engines": {
				"node": ">=0.10.0"
			}
		},
		"node_modules/escape-string-regexp": {
			"version": "1.0.5",
			"license": "MIT",
			"engines": {
				"node": ">=0.8.0"
			}
		},
		"node_modules/esm": {
			"version": "3.2.25",
			"license": "MIT",
			"engines": {
				"node": ">=6"
			}
		},
		"node_modules/eventemitter3": {
			"version": "4.0.7",
			"dev": true,
			"license": "MIT"
		},
		"node_modules/external-editor": {
			"version": "2.2.0",
			"license": "MIT",
			"dependencies": {
				"chardet": "^0.4.0",
				"iconv-lite": "^0.4.17",
				"tmp": "^0.0.33"
			},
			"engines": {
				"node": ">=0.12"
			}
		},
		"node_modules/fast-xml-parser": {
			"version": "3.2.4",
			"hasInstallScript": true,
			"license": "MIT",
			"dependencies": {
				"he": "~1.1.1",
				"nimnjs": "^1.1.0",
				"opencollective": "^1.0.3"
			},
			"bin": {
				"xml2js": "cli.js"
			}
		},
		"node_modules/figures": {
			"version": "2.0.0",
			"license": "MIT",
			"dependencies": {
				"escape-string-regexp": "^1.0.5"
			},
			"engines": {
				"node": ">=4"
			}
		},
		"node_modules/follow-redirects": {
			"version": "1.14.9",
			"dev": true,
			"funding": [
				{
					"type": "individual",
					"url": "https://github.com/sponsors/RubenVerborgh"
				}
			],
			"license": "MIT",
			"engines": {
				"node": ">=4.0"
			},
			"peerDependenciesMeta": {
				"debug": {
					"optional": true
				}
			}
		},
		"node_modules/fsevents": {
			"version": "2.3.2",
			"resolved": "https://registry.npmjs.org/fsevents/-/fsevents-2.3.2.tgz",
			"integrity": "sha512-xiqMQR4xAeHTuB9uWm+fFRcIOgKBMiOBP+eXiyT7jsgVCq1bkVygt00oASowB7EdtpOHaaPgKt812P9ab+DDKA==",
			"dev": true,
			"hasInstallScript": true,
			"optional": true,
			"os": [
				"darwin"
			],
			"engines": {
				"node": "^8.16.0 || ^10.6.0 || >=11.0.0"
			}
		},
		"node_modules/function-bind": {
			"version": "1.1.1",
			"dev": true,
			"license": "MIT"
		},
		"node_modules/get-intrinsic": {
			"version": "1.1.1",
			"dev": true,
			"license": "MIT",
			"dependencies": {
				"function-bind": "^1.1.1",
				"has": "^1.0.3",
				"has-symbols": "^1.0.1"
			},
			"funding": {
				"url": "https://github.com/sponsors/ljharb"
			}
		},
		"node_modules/has": {
			"version": "1.0.3",
			"dev": true,
			"license": "MIT",
			"dependencies": {
				"function-bind": "^1.1.1"
			},
			"engines": {
				"node": ">= 0.4.0"
			}
		},
		"node_modules/has-ansi": {
			"version": "2.0.0",
			"license": "MIT",
			"dependencies": {
				"ansi-regex": "^2.0.0"
			},
			"engines": {
				"node": ">=0.10.0"
			}
		},
		"node_modules/has-flag": {
			"version": "4.0.0",
			"dev": true,
			"license": "MIT",
			"engines": {
				"node": ">=8"
			}
		},
		"node_modules/has-symbols": {
			"version": "1.0.3",
			"dev": true,
			"license": "MIT",
			"engines": {
				"node": ">= 0.4"
			},
			"funding": {
				"url": "https://github.com/sponsors/ljharb"
			}
		},
		"node_modules/he": {
			"version": "1.1.1",
			"license": "MIT",
			"bin": {
				"he": "bin/he"
			}
		},
		"node_modules/html-encoding-sniffer": {
			"version": "3.0.0",
			"dev": true,
			"license": "MIT",
			"dependencies": {
				"whatwg-encoding": "^2.0.0"
			},
			"engines": {
				"node": ">=12"
			}
		},
		"node_modules/http-proxy": {
			"version": "1.18.1",
			"dev": true,
			"license": "MIT",
			"dependencies": {
				"eventemitter3": "^4.0.0",
				"follow-redirects": "^1.0.0",
				"requires-port": "^1.0.0"
			},
			"engines": {
				"node": ">=8.0.0"
			}
		},
		"node_modules/http-server": {
			"version": "14.1.0",
			"dev": true,
			"license": "MIT",
			"dependencies": {
				"basic-auth": "^2.0.1",
				"chalk": "^4.1.2",
				"corser": "^2.0.1",
				"he": "^1.2.0",
				"html-encoding-sniffer": "^3.0.0",
				"http-proxy": "^1.18.1",
				"mime": "^1.6.0",
				"minimist": "^1.2.5",
				"opener": "^1.5.1",
				"portfinder": "^1.0.28",
				"secure-compare": "3.0.1",
				"union": "~0.5.0",
				"url-join": "^4.0.1"
			},
			"bin": {
				"http-server": "bin/http-server"
			},
			"engines": {
				"node": ">=12"
			}
		},
		"node_modules/http-server/node_modules/he": {
			"version": "1.2.0",
			"dev": true,
			"license": "MIT",
			"bin": {
				"he": "bin/he"
			}
		},
		"node_modules/iconv-lite": {
			"version": "0.4.24",
			"license": "MIT",
			"dependencies": {
				"safer-buffer": ">= 2.1.2 < 3"
			},
			"engines": {
				"node": ">=0.10.0"
			}
		},
		"node_modules/inquirer": {
			"version": "3.0.6",
			"license": "MIT",
			"dependencies": {
				"ansi-escapes": "^1.1.0",
				"chalk": "^1.0.0",
				"cli-cursor": "^2.1.0",
				"cli-width": "^2.0.0",
				"external-editor": "^2.0.1",
				"figures": "^2.0.0",
				"lodash": "^4.3.0",
				"mute-stream": "0.0.7",
				"run-async": "^2.2.0",
				"rx": "^4.1.0",
				"string-width": "^2.0.0",
				"strip-ansi": "^3.0.0",
				"through": "^2.3.6"
			}
		},
		"node_modules/inquirer/node_modules/ansi-styles": {
			"version": "2.2.1",
			"license": "MIT",
			"engines": {
				"node": ">=0.10.0"
			}
		},
		"node_modules/inquirer/node_modules/chalk": {
			"version": "1.1.3",
			"license": "MIT",
			"dependencies": {
				"ansi-styles": "^2.2.1",
				"escape-string-regexp": "^1.0.2",
				"has-ansi": "^2.0.0",
				"strip-ansi": "^3.0.0",
				"supports-color": "^2.0.0"
			},
			"engines": {
				"node": ">=0.10.0"
			}
		},
		"node_modules/inquirer/node_modules/supports-color": {
			"version": "2.0.0",
			"license": "MIT",
			"engines": {
				"node": ">=0.8.0"
			}
		},
		"node_modules/is-fullwidth-code-point": {
			"version": "2.0.0",
			"license": "MIT",
			"engines": {
				"node": ">=4"
			}
		},
		"node_modules/is-stream": {
			"version": "1.1.0",
			"license": "MIT",
			"engines": {
				"node": ">=0.10.0"
			}
		},
		"node_modules/json-typescript": {
			"version": "1.1.2",
			"license": "MIT"
		},
		"node_modules/jsonapi-typescript": {
			"version": "0.1.3",
			"license": "MIT",
			"dependencies": {
				"json-typescript": "^1.0.0"
			}
		},
		"node_modules/lodash": {
			"version": "4.17.21",
			"license": "MIT"
		},
		"node_modules/lodash.isplainobject": {
			"version": "4.0.6",
			"license": "MIT"
		},
		"node_modules/mime": {
			"version": "1.6.0",
			"dev": true,
			"license": "MIT",
			"bin": {
				"mime": "cli.js"
			},
			"engines": {
				"node": ">=4"
			}
		},
		"node_modules/mimic-fn": {
			"version": "1.2.0",
			"license": "MIT",
			"engines": {
				"node": ">=4"
			}
		},
		"node_modules/minimist": {
			"version": "1.2.6",
			"dev": true,
			"license": "MIT"
		},
		"node_modules/mkdirp": {
			"version": "0.5.6",
			"dev": true,
			"license": "MIT",
			"dependencies": {
				"minimist": "^1.2.6"
			},
			"bin": {
				"mkdirp": "bin/cmd.js"
			}
		},
		"node_modules/ms": {
			"version": "2.1.3",
			"dev": true,
			"license": "MIT"
		},
		"node_modules/mute-stream": {
			"version": "0.0.7",
			"license": "ISC"
		},
		"node_modules/nimn_schema_builder": {
			"version": "1.1.0",
			"license": "MIT"
		},
		"node_modules/nimn-date-parser": {
			"version": "1.0.0",
			"license": "MIT"
		},
		"node_modules/nimnjs": {
			"version": "1.3.2",
			"license": "MIT",
			"dependencies": {
				"nimn_schema_builder": "^1.0.0",
				"nimn-date-parser": "^1.0.0"
			}
		},
		"node_modules/node-fetch": {
			"version": "1.6.3",
			"license": "MIT",
			"dependencies": {
				"encoding": "^0.1.11",
				"is-stream": "^1.0.1"
			}
		},
		"node_modules/object-assign": {
			"version": "4.1.1",
			"license": "MIT",
			"engines": {
				"node": ">=0.10.0"
			}
		},
		"node_modules/object-inspect": {
			"version": "1.12.0",
			"dev": true,
			"license": "MIT",
			"funding": {
				"url": "https://github.com/sponsors/ljharb"
			}
		},
		"node_modules/onetime": {
			"version": "2.0.1",
			"license": "MIT",
			"dependencies": {
				"mimic-fn": "^1.0.0"
			},
			"engines": {
				"node": ">=4"
			}
		},
		"node_modules/opencollective": {
			"version": "1.0.3",
			"license": "MIT",
			"dependencies": {
				"babel-polyfill": "6.23.0",
				"chalk": "1.1.3",
				"inquirer": "3.0.6",
				"minimist": "1.2.0",
				"node-fetch": "1.6.3",
				"opn": "4.0.2"
			},
			"bin": {
				"oc": "dist/bin/opencollective.js",
				"opencollective": "dist/bin/opencollective.js"
			}
		},
		"node_modules/opencollective/node_modules/ansi-styles": {
			"version": "2.2.1",
			"license": "MIT",
			"engines": {
				"node": ">=0.10.0"
			}
		},
		"node_modules/opencollective/node_modules/chalk": {
			"version": "1.1.3",
			"license": "MIT",
			"dependencies": {
				"ansi-styles": "^2.2.1",
				"escape-string-regexp": "^1.0.2",
				"has-ansi": "^2.0.0",
				"strip-ansi": "^3.0.0",
				"supports-color": "^2.0.0"
			},
			"engines": {
				"node": ">=0.10.0"
			}
		},
		"node_modules/opencollective/node_modules/minimist": {
			"version": "1.2.0",
			"license": "MIT"
		},
		"node_modules/opencollective/node_modules/supports-color": {
			"version": "2.0.0",
			"license": "MIT",
			"engines": {
				"node": ">=0.8.0"
			}
		},
		"node_modules/opener": {
			"version": "1.5.2",
			"dev": true,
			"license": "(WTFPL OR MIT)",
			"bin": {
				"opener": "bin/opener-bin.js"
			}
		},
		"node_modules/opn": {
			"version": "4.0.2",
			"license": "MIT",
			"dependencies": {
				"object-assign": "^4.0.1",
				"pinkie-promise": "^2.0.0"
			},
			"engines": {
				"node": ">=0.10.0"
			}
		},
		"node_modules/os-tmpdir": {
			"version": "1.0.2",
			"license": "MIT",
			"engines": {
				"node": ">=0.10.0"
			}
		},
		"node_modules/pinkie": {
			"version": "2.0.4",
			"license": "MIT",
			"engines": {
				"node": ">=0.10.0"
			}
		},
		"node_modules/pinkie-promise": {
			"version": "2.0.1",
			"license": "MIT",
			"dependencies": {
				"pinkie": "^2.0.0"
			},
			"engines": {
				"node": ">=0.10.0"
			}
		},
		"node_modules/portfinder": {
			"version": "1.0.28",
			"dev": true,
			"license": "MIT",
			"dependencies": {
				"async": "^2.6.2",
				"debug": "^3.1.1",
				"mkdirp": "^0.5.5"
			},
			"engines": {
				"node": ">= 0.12.0"
			}
		},
		"node_modules/qs": {
			"version": "6.10.3",
			"dev": true,
			"license": "BSD-3-Clause",
			"dependencies": {
				"side-channel": "^1.0.4"
			},
			"engines": {
				"node": ">=0.6"
			},
			"funding": {
				"url": "https://github.com/sponsors/ljharb"
			}
		},
		"node_modules/regenerator-runtime": {
			"version": "0.10.5",
			"license": "MIT"
		},
		"node_modules/requires-port": {
			"version": "1.0.0",
			"dev": true,
			"license": "MIT"
		},
		"node_modules/restore-cursor": {
			"version": "2.0.0",
			"license": "MIT",
			"dependencies": {
				"onetime": "^2.0.0",
				"signal-exit": "^3.0.2"
			},
			"engines": {
				"node": ">=4"
			}
		},
		"node_modules/rollup": {
			"version": "2.66.1",
			"resolved": "https://registry.npmjs.org/rollup/-/rollup-2.66.1.tgz",
			"integrity": "sha512-crSgLhSkLMnKr4s9iZ/1qJCplgAgrRY+igWv8KhG/AjKOJ0YX/WpmANyn8oxrw+zenF3BXWDLa7Xl/QZISH+7w==",
			"dev": true,
			"bin": {
				"rollup": "dist/bin/rollup"
			},
			"engines": {
				"node": ">=10.0.0"
			},
			"optionalDependencies": {
				"fsevents": "~2.3.2"
			}
		},
		"node_modules/run-async": {
			"version": "2.4.1",
			"license": "MIT",
			"engines": {
				"node": ">=0.12.0"
			}
		},
		"node_modules/rx": {
			"version": "4.1.0",
			"license": "Apache-2.0"
		},
		"node_modules/safe-buffer": {
			"version": "5.1.2",
			"dev": true,
			"license": "MIT"
		},
		"node_modules/safer-buffer": {
			"version": "2.1.2",
			"license": "MIT"
		},
		"node_modules/secure-compare": {
			"version": "3.0.1",
			"dev": true,
			"license": "MIT"
		},
		"node_modules/side-channel": {
			"version": "1.0.4",
			"dev": true,
			"license": "MIT",
			"dependencies": {
				"call-bind": "^1.0.0",
				"get-intrinsic": "^1.0.2",
				"object-inspect": "^1.9.0"
			},
			"funding": {
				"url": "https://github.com/sponsors/ljharb"
			}
		},
		"node_modules/signal-exit": {
			"version": "3.0.7",
			"license": "ISC"
		},
		"node_modules/string-width": {
			"version": "2.1.1",
			"license": "MIT",
			"dependencies": {
				"is-fullwidth-code-point": "^2.0.0",
				"strip-ansi": "^4.0.0"
			},
			"engines": {
				"node": ">=4"
			}
		},
		"node_modules/string-width/node_modules/ansi-regex": {
			"version": "3.0.1",
			"license": "MIT",
			"engines": {
				"node": ">=4"
			}
		},
		"node_modules/string-width/node_modules/strip-ansi": {
			"version": "4.0.0",
			"license": "MIT",
			"dependencies": {
				"ansi-regex": "^3.0.0"
			},
			"engines": {
				"node": ">=4"
			}
		},
		"node_modules/strip-ansi": {
			"version": "3.0.1",
			"license": "MIT",
			"dependencies": {
				"ansi-regex": "^2.0.0"
			},
			"engines": {
				"node": ">=0.10.0"
			}
		},
		"node_modules/supports-color": {
			"version": "7.2.0",
			"dev": true,
			"license": "MIT",
			"dependencies": {
				"has-flag": "^4.0.0"
			},
			"engines": {
				"node": ">=8"
			}
		},
		"node_modules/through": {
			"version": "2.3.8",
			"license": "MIT"
		},
		"node_modules/tmp": {
			"version": "0.0.33",
			"license": "MIT",
			"dependencies": {
				"os-tmpdir": "~1.0.2"
			},
			"engines": {
				"node": ">=0.6.0"
			}
		},
		"node_modules/tslib": {
			"version": "1.14.1",
			"license": "0BSD"
		},
		"node_modules/typescript": {
			"version": "4.6.3",
			"dev": true,
			"license": "Apache-2.0",
			"bin": {
				"tsc": "bin/tsc",
				"tsserver": "bin/tsserver"
			},
			"engines": {
				"node": ">=4.2.0"
			}
		},
		"node_modules/union": {
			"version": "0.5.0",
			"dev": true,
			"dependencies": {
				"qs": "^6.4.0"
			},
			"engines": {
				"node": ">= 0.8.0"
			}
		},
		"node_modules/url-join": {
			"version": "4.0.1",
			"dev": true,
			"license": "MIT"
		},
		"node_modules/whatwg-encoding": {
			"version": "2.0.0",
			"dev": true,
			"license": "MIT",
			"dependencies": {
				"iconv-lite": "0.6.3"
			},
			"engines": {
				"node": ">=12"
			}
		},
		"node_modules/whatwg-encoding/node_modules/iconv-lite": {
			"version": "0.6.3",
			"dev": true,
			"license": "MIT",
			"dependencies": {
				"safer-buffer": ">= 2.1.2 < 3.0.0"
			},
			"engines": {
				"node": ">=0.10.0"
			}
		},
		"node_modules/xss": {
			"version": "1.0.11",
			"license": "MIT",
			"dependencies": {
				"commander": "^2.20.3",
				"cssfilter": "0.0.10"
			},
			"bin": {
				"xss": "bin/xss"
			},
			"engines": {
				"node": ">= 0.10.0"
			}
		}
	},
	"dependencies": {
		"@esri/arcgis-html-sanitizer": {
			"version": "2.10.0",
			"requires": {
				"lodash.isplainobject": "^4.0.6",
				"xss": "^1.0.11"
			}
		},
		"@esri/arcgis-rest-auth": {
			"version": "3.4.3",
			"requires": {
				"@esri/arcgis-rest-types": "^3.4.3",
				"tslib": "^1.13.0"
			}
		},
		"@esri/arcgis-rest-feature-layer": {
			"version": "3.4.3",
			"requires": {
				"@esri/arcgis-rest-types": "^3.4.3",
				"tslib": "^1.13.0"
			}
		},
		"@esri/arcgis-rest-portal": {
			"version": "3.4.3",
			"requires": {
				"@esri/arcgis-rest-types": "^3.4.3",
				"tslib": "^1.13.0"
			}
		},
		"@esri/arcgis-rest-request": {
			"version": "3.4.3",
			"requires": {
				"tslib": "^1.10.0"
			}
		},
		"@esri/arcgis-rest-service-admin": {
			"version": "3.4.3",
			"requires": {
				"@esri/arcgis-rest-types": "^3.4.3",
				"tslib": "^1.13.0"
			}
		},
		"@esri/arcgis-rest-types": {
			"version": "3.4.3"
		},
		"@esri/hub-common": {
			"version": "9.29.0",
			"requires": {
				"abab": "^2.0.5",
				"adlib": "^3.0.7",
				"fast-xml-parser": "~3.2.4",
				"jsonapi-typescript": "^0.1.3",
				"tslib": "^1.13.0"
			}
		},
		"@esri/hub-initiatives": {
			"version": "9.29.0",
			"requires": {
				"tslib": "^1.13.0"
			}
		},
		"@esri/hub-sites": {
			"version": "9.29.0",
			"requires": {
				"tslib": "^1.13.0"
			}
		},
		"@esri/hub-teams": {
			"version": "9.29.0",
			"requires": {
				"tslib": "^1.13.0"
			}
		},
		"abab": {
			"version": "2.0.6"
		},
		"adlib": {
			"version": "3.0.7",
			"requires": {
				"esm": "^3.2.25"
			}
		},
		"ansi-escapes": {
			"version": "1.4.0"
		},
		"ansi-regex": {
			"version": "2.1.1"
		},
		"ansi-styles": {
			"version": "4.3.0",
			"dev": true,
			"requires": {
				"color-convert": "^2.0.1"
			}
		},
		"async": {
			"version": "2.6.4",
			"dev": true,
			"requires": {
				"lodash": "^4.17.14"
			}
		},
		"babel-polyfill": {
			"version": "6.23.0",
			"requires": {
				"babel-runtime": "^6.22.0",
				"core-js": "^2.4.0",
				"regenerator-runtime": "^0.10.0"
			}
		},
		"babel-runtime": {
			"version": "6.26.0",
			"requires": {
				"core-js": "^2.4.0",
				"regenerator-runtime": "^0.11.0"
			},
			"dependencies": {
				"regenerator-runtime": {
					"version": "0.11.1"
				}
			}
		},
		"basic-auth": {
			"version": "2.0.1",
			"dev": true,
			"requires": {
				"safe-buffer": "5.1.2"
			}
		},
		"call-bind": {
			"version": "1.0.2",
			"dev": true,
			"requires": {
				"function-bind": "^1.1.1",
				"get-intrinsic": "^1.0.2"
			}
		},
		"chalk": {
			"version": "4.1.2",
			"dev": true,
			"requires": {
				"ansi-styles": "^4.1.0",
				"supports-color": "^7.1.0"
			}
		},
		"chardet": {
			"version": "0.4.2"
		},
		"cli-cursor": {
			"version": "2.1.0",
			"requires": {
				"restore-cursor": "^2.0.0"
			}
		},
		"cli-width": {
			"version": "2.2.1"
		},
		"color-convert": {
			"version": "2.0.1",
			"dev": true,
			"requires": {
				"color-name": "~1.1.4"
			}
		},
		"color-name": {
			"version": "1.1.4",
			"dev": true
		},
		"commander": {
			"version": "2.20.3"
		},
		"core-js": {
			"version": "2.6.12"
		},
		"corser": {
			"version": "2.0.1",
			"dev": true
		},
		"cssfilter": {
			"version": "0.0.10"
		},
		"debug": {
			"version": "3.2.7",
			"dev": true,
			"requires": {
				"ms": "^2.1.1"
			}
		},
		"encoding": {
			"version": "0.1.13",
			"requires": {
				"iconv-lite": "^0.6.2"
			},
			"dependencies": {
				"iconv-lite": {
					"version": "0.6.3",
					"requires": {
						"safer-buffer": ">= 2.1.2 < 3.0.0"
					}
				}
			}
		},
		"escape-string-regexp": {
			"version": "1.0.5"
		},
		"esm": {
			"version": "3.2.25"
		},
		"eventemitter3": {
			"version": "4.0.7",
			"dev": true
		},
		"external-editor": {
			"version": "2.2.0",
			"requires": {
				"chardet": "^0.4.0",
				"iconv-lite": "^0.4.17",
				"tmp": "^0.0.33"
			}
		},
		"fast-xml-parser": {
			"version": "3.2.4",
			"requires": {
				"he": "~1.1.1",
				"nimnjs": "^1.1.0",
				"opencollective": "^1.0.3"
			}
		},
		"figures": {
			"version": "2.0.0",
			"requires": {
				"escape-string-regexp": "^1.0.5"
			}
		},
		"follow-redirects": {
			"version": "1.14.9",
			"dev": true
		},
		"fsevents": {
			"version": "2.3.2",
			"resolved": "https://registry.npmjs.org/fsevents/-/fsevents-2.3.2.tgz",
			"integrity": "sha512-xiqMQR4xAeHTuB9uWm+fFRcIOgKBMiOBP+eXiyT7jsgVCq1bkVygt00oASowB7EdtpOHaaPgKt812P9ab+DDKA==",
			"dev": true,
			"optional": true
		},
		"function-bind": {
			"version": "1.1.1",
			"dev": true
		},
		"get-intrinsic": {
			"version": "1.1.1",
			"dev": true,
			"requires": {
				"function-bind": "^1.1.1",
				"has": "^1.0.3",
				"has-symbols": "^1.0.1"
			}
		},
		"has": {
			"version": "1.0.3",
			"dev": true,
			"requires": {
				"function-bind": "^1.1.1"
			}
		},
		"has-ansi": {
			"version": "2.0.0",
			"requires": {
				"ansi-regex": "^2.0.0"
			}
		},
		"has-flag": {
			"version": "4.0.0",
			"dev": true
		},
		"has-symbols": {
			"version": "1.0.3",
			"dev": true
		},
		"he": {
			"version": "1.1.1"
		},
		"html-encoding-sniffer": {
			"version": "3.0.0",
			"dev": true,
			"requires": {
				"whatwg-encoding": "^2.0.0"
			}
		},
		"http-proxy": {
			"version": "1.18.1",
			"dev": true,
			"requires": {
				"eventemitter3": "^4.0.0",
				"follow-redirects": "^1.0.0",
				"requires-port": "^1.0.0"
			}
		},
		"http-server": {
			"version": "14.1.0",
			"dev": true,
			"requires": {
				"basic-auth": "^2.0.1",
				"chalk": "^4.1.2",
				"corser": "^2.0.1",
				"he": "^1.2.0",
				"html-encoding-sniffer": "^3.0.0",
				"http-proxy": "^1.18.1",
				"mime": "^1.6.0",
				"minimist": "^1.2.5",
				"opener": "^1.5.1",
				"portfinder": "^1.0.28",
				"secure-compare": "3.0.1",
				"union": "~0.5.0",
				"url-join": "^4.0.1"
			},
			"dependencies": {
				"he": {
					"version": "1.2.0",
					"dev": true
				}
			}
		},
		"iconv-lite": {
			"version": "0.4.24",
			"requires": {
				"safer-buffer": ">= 2.1.2 < 3"
			}
		},
		"inquirer": {
			"version": "3.0.6",
			"requires": {
				"ansi-escapes": "^1.1.0",
				"chalk": "^1.0.0",
				"cli-cursor": "^2.1.0",
				"cli-width": "^2.0.0",
				"external-editor": "^2.0.1",
				"figures": "^2.0.0",
				"lodash": "^4.3.0",
				"mute-stream": "0.0.7",
				"run-async": "^2.2.0",
				"rx": "^4.1.0",
				"string-width": "^2.0.0",
				"strip-ansi": "^3.0.0",
				"through": "^2.3.6"
			},
			"dependencies": {
				"ansi-styles": {
					"version": "2.2.1"
				},
				"chalk": {
					"version": "1.1.3",
					"requires": {
						"ansi-styles": "^2.2.1",
						"escape-string-regexp": "^1.0.2",
						"has-ansi": "^2.0.0",
						"strip-ansi": "^3.0.0",
						"supports-color": "^2.0.0"
					}
				},
				"supports-color": {
					"version": "2.0.0"
				}
			}
		},
		"is-fullwidth-code-point": {
			"version": "2.0.0"
		},
		"is-stream": {
			"version": "1.1.0"
		},
		"json-typescript": {
			"version": "1.1.2"
		},
		"jsonapi-typescript": {
			"version": "0.1.3",
			"requires": {
				"json-typescript": "^1.0.0"
			}
		},
		"lodash": {
			"version": "4.17.21"
		},
		"lodash.isplainobject": {
			"version": "4.0.6"
		},
		"mime": {
			"version": "1.6.0",
			"dev": true
		},
		"mimic-fn": {
			"version": "1.2.0"
		},
		"minimist": {
			"version": "1.2.6",
			"dev": true
		},
		"mkdirp": {
			"version": "0.5.6",
			"dev": true,
			"requires": {
				"minimist": "^1.2.6"
			}
		},
		"ms": {
			"version": "2.1.3",
			"dev": true
		},
		"mute-stream": {
			"version": "0.0.7"
		},
		"nimn_schema_builder": {
			"version": "1.1.0"
		},
		"nimn-date-parser": {
			"version": "1.0.0"
		},
		"nimnjs": {
			"version": "1.3.2",
			"requires": {
				"nimn_schema_builder": "^1.0.0",
				"nimn-date-parser": "^1.0.0"
			}
		},
		"node-fetch": {
			"version": "1.6.3",
			"requires": {
				"encoding": "^0.1.11",
				"is-stream": "^1.0.1"
			}
		},
		"object-assign": {
			"version": "4.1.1"
		},
		"object-inspect": {
			"version": "1.12.0",
			"dev": true
		},
		"onetime": {
			"version": "2.0.1",
			"requires": {
				"mimic-fn": "^1.0.0"
			}
		},
		"opencollective": {
			"version": "1.0.3",
			"requires": {
				"babel-polyfill": "6.23.0",
				"chalk": "1.1.3",
				"inquirer": "3.0.6",
				"minimist": "1.2.0",
				"node-fetch": "1.6.3",
				"opn": "4.0.2"
			},
			"dependencies": {
				"ansi-styles": {
					"version": "2.2.1"
				},
				"chalk": {
					"version": "1.1.3",
					"requires": {
						"ansi-styles": "^2.2.1",
						"escape-string-regexp": "^1.0.2",
						"has-ansi": "^2.0.0",
						"strip-ansi": "^3.0.0",
						"supports-color": "^2.0.0"
					}
				},
				"minimist": {
					"version": "1.2.0"
				},
				"supports-color": {
					"version": "2.0.0"
				}
			}
		},
		"opener": {
			"version": "1.5.2",
			"dev": true
		},
		"opn": {
			"version": "4.0.2",
			"requires": {
				"object-assign": "^4.0.1",
				"pinkie-promise": "^2.0.0"
			}
		},
		"os-tmpdir": {
			"version": "1.0.2"
		},
		"pinkie": {
			"version": "2.0.4"
		},
		"pinkie-promise": {
			"version": "2.0.1",
			"requires": {
				"pinkie": "^2.0.0"
			}
		},
		"portfinder": {
			"version": "1.0.28",
			"dev": true,
			"requires": {
				"async": "^2.6.2",
				"debug": "^3.1.1",
				"mkdirp": "^0.5.5"
			}
		},
		"qs": {
			"version": "6.10.3",
			"dev": true,
			"requires": {
				"side-channel": "^1.0.4"
			}
		},
		"regenerator-runtime": {
			"version": "0.10.5"
		},
		"requires-port": {
			"version": "1.0.0",
			"dev": true
		},
		"restore-cursor": {
			"version": "2.0.0",
			"requires": {
				"onetime": "^2.0.0",
				"signal-exit": "^3.0.2"
			}
		},
		"rollup": {
			"version": "2.66.1",
			"resolved": "https://registry.npmjs.org/rollup/-/rollup-2.66.1.tgz",
			"integrity": "sha512-crSgLhSkLMnKr4s9iZ/1qJCplgAgrRY+igWv8KhG/AjKOJ0YX/WpmANyn8oxrw+zenF3BXWDLa7Xl/QZISH+7w==",
			"dev": true,
			"requires": {
				"fsevents": "~2.3.2"
			}
		},
		"run-async": {
			"version": "2.4.1"
		},
		"rx": {
			"version": "4.1.0"
		},
		"safe-buffer": {
			"version": "5.1.2",
			"dev": true
		},
		"safer-buffer": {
			"version": "2.1.2"
		},
		"secure-compare": {
			"version": "3.0.1",
			"dev": true
		},
		"side-channel": {
			"version": "1.0.4",
			"dev": true,
			"requires": {
				"call-bind": "^1.0.0",
				"get-intrinsic": "^1.0.2",
				"object-inspect": "^1.9.0"
			}
		},
		"signal-exit": {
			"version": "3.0.7"
		},
		"string-width": {
			"version": "2.1.1",
			"requires": {
				"is-fullwidth-code-point": "^2.0.0",
				"strip-ansi": "^4.0.0"
			},
			"dependencies": {
				"ansi-regex": {
					"version": "3.0.1"
				},
				"strip-ansi": {
					"version": "4.0.0",
					"requires": {
						"ansi-regex": "^3.0.0"
					}
				}
			}
		},
		"strip-ansi": {
			"version": "3.0.1",
			"requires": {
				"ansi-regex": "^2.0.0"
			}
		},
		"supports-color": {
			"version": "7.2.0",
			"dev": true,
			"requires": {
				"has-flag": "^4.0.0"
			}
		},
		"through": {
			"version": "2.3.8"
		},
		"tmp": {
			"version": "0.0.33",
			"requires": {
				"os-tmpdir": "~1.0.2"
			}
		},
		"tslib": {
			"version": "1.14.1"
		},
		"typescript": {
			"version": "4.6.3",
			"dev": true
		},
		"union": {
			"version": "0.5.0",
			"dev": true,
			"requires": {
				"qs": "^6.4.0"
			}
		},
		"url-join": {
			"version": "4.0.1",
			"dev": true
		},
		"whatwg-encoding": {
			"version": "2.0.0",
			"dev": true,
			"requires": {
				"iconv-lite": "0.6.3"
			},
			"dependencies": {
				"iconv-lite": {
					"version": "0.6.3",
					"dev": true,
					"requires": {
						"safer-buffer": ">= 2.1.2 < 3.0.0"
					}
				}
			}
		},
		"xss": {
			"version": "1.0.11",
			"requires": {
				"commander": "^2.20.3",
				"cssfilter": "0.0.10"
			}
		}
	}
}
